Microsoft Visual Studio Solution File, Format Version 8.00
Project("{8BC9CEB8-8B4A-11D0-8D11-00A0C91BC942}") = "Lgi", "Lgi.vcproj", "{6B0BD923-6274-4EBD-97CD-D4A1B923BD93}"
	ProjectSection(ProjectDependencies) = postProject
	EndProjectSection
EndProject
Global
	GlobalSection(SolutionConfiguration) = preSolution
		Debug = Debug
		Release = Release
	EndGlobalSection
	GlobalSection(ProjectConfiguration) = postSolution
		{6B0BD923-6274-4EBD-97CD-D4A1B923BD93}.Debug.ActiveCfg = Debug|Win32
		{6B0BD923-6274-4EBD-97CD-D4A1B923BD93}.Debug.Build.0 = Debug|Win32
		{6B0BD923-6274-4EBD-97CD-D4A1B923BD93}.Release.ActiveCfg = Release|Win32
		{6B0BD923-6274-4EBD-97CD-D4A1B923BD93}.Release.Build.0 = Release|Win32
	EndGlobalSection
	GlobalSection(ExtensibilityGlobals) = postSolution
	EndGlobalSection
	GlobalSection(ExtensibilityAddIns) = postSolution
	EndGlobalSection
EndGlobal
