<?xml version="1.0" encoding="utf-8"?>
<Project ToolsVersion="4.0" xmlns="http://schemas.microsoft.com/developer/msbuild/2003">
  <ItemGroup>
    <Filter Include="Source Files">
      <UniqueIdentifier>{c9d2e164-478f-40bb-a544-44bcc4db2238}</UniqueIdentifier>
      <Extensions>cpp;c;cxx;rc;def;r;odl;idl;hpj;bat</Extensions>
    </Filter>
    <Filter Include="Source Files\Core">
      <UniqueIdentifier>{56dcc582-73b4-44ba-a5ee-671a1029d0c3}</UniqueIdentifier>
    </Filter>
    <Filter Include="Source Files\Core\Libraries">
      <UniqueIdentifier>{5e03c9da-7d6c-4427-800b-97001448896b}</UniqueIdentifier>
    </Filter>
    <Filter Include="Source Files\Core\Semaphores">
      <UniqueIdentifier>{574bc4f8-7d07-4ca4-9e14-e830fcdb97f2}</UniqueIdentifier>
    </Filter>
    <Filter Include="Source Files\Core\Drag and Drop">
      <UniqueIdentifier>{72d6f8de-df33-4d11-880f-a7d3b66a9bf2}</UniqueIdentifier>
    </Filter>
    <Filter Include="Source Files\Core\Menus">
      <UniqueIdentifier>{5320ee28-93ef-4df8-96b9-958adb45fc95}</UniqueIdentifier>
    </Filter>
    <Filter Include="Source Files\Core\Resources">
      <UniqueIdentifier>{f8d49fe7-0b93-4254-8be7-bb2697067fea}</UniqueIdentifier>
    </Filter>
    <Filter Include="Source Files\Core\Threads">
      <UniqueIdentifier>{7de1d659-4e7e-411d-a458-c32eed68ab51}</UniqueIdentifier>
    </Filter>
    <Filter Include="Source Files\Core\Variant">
      <UniqueIdentifier>{1f86c096-cde2-40fd-b16a-9cea83cad2bd}</UniqueIdentifier>
    </Filter>
    <Filter Include="Source Files\Core\Stream">
      <UniqueIdentifier>{e994ca93-83ae-4d35-bf1a-1c677ce9a45a}</UniqueIdentifier>
    </Filter>
    <Filter Include="Source Files\Core\DateTime">
      <UniqueIdentifier>{8a7fcb27-517d-4825-946a-e5d251133c14}</UniqueIdentifier>
    </Filter>
    <Filter Include="Source Files\Core\Memory Subsystem">
      <UniqueIdentifier>{91f97a04-de62-4e2a-ac7f-24a55ec59708}</UniqueIdentifier>
    </Filter>
    <Filter Include="Source Files\Core\Memory Subsystem\Property List">
      <UniqueIdentifier>{8275c591-6c40-4a67-ae3a-56920f239153}</UniqueIdentifier>
    </Filter>
    <Filter Include="Source Files\Core\File">
      <UniqueIdentifier>{d7cf404b-6e2d-4cb1-b89c-ebeb4ede6aa9}</UniqueIdentifier>
    </Filter>
    <Filter Include="Source Files\Core\Process">
      <UniqueIdentifier>{451e72bd-dff6-4bdc-82c5-2b58cf176e83}</UniqueIdentifier>
    </Filter>
    <Filter Include="Source Files\Widgets">
      <UniqueIdentifier>{50ad4596-aafc-4216-b9d4-cba2d5c8c784}</UniqueIdentifier>
    </Filter>
    <Filter Include="Source Files\Widgets\Gtk Widget">
      <UniqueIdentifier>{501239f6-de2f-4191-a61c-8b74f603d462}</UniqueIdentifier>
    </Filter>
    <Filter Include="Source Files\General">
      <UniqueIdentifier>{11373c3c-b491-44d9-8464-cfa3a6c1eb85}</UniqueIdentifier>
    </Filter>
    <Filter Include="Source Files\General\Mru">
      <UniqueIdentifier>{b5716ce2-92b0-4b47-872a-387aaaa92062}</UniqueIdentifier>
    </Filter>
    <Filter Include="Source Files\General\Clipboard">
      <UniqueIdentifier>{b8730d72-dc32-44dc-9ee7-b6179244f30d}</UniqueIdentifier>
    </Filter>
    <Filter Include="Source Files\General\Data Dlg">
      <UniqueIdentifier>{640aeec1-48a9-4bda-97cc-e3e300c68fad}</UniqueIdentifier>
    </Filter>
    <Filter Include="Source Files\Text">
      <UniqueIdentifier>{9a937cce-d0d0-49e2-b969-d6cfbf0d9240}</UniqueIdentifier>
    </Filter>
    <Filter Include="Source Files\Graphics">
      <UniqueIdentifier>{763200e1-8841-4b45-9281-412f429753d9}</UniqueIdentifier>
    </Filter>
    <Filter Include="Source Files\Graphics\_Core">
      <UniqueIdentifier>{98b1c9af-36c3-40d0-a3d9-ea54be2d2df6}</UniqueIdentifier>
    </Filter>
    <Filter Include="Source Files\Graphics\Font">
      <UniqueIdentifier>{2e9dfefc-a315-4fd2-8bdd-fc1bdb98419e}</UniqueIdentifier>
    </Filter>
    <Filter Include="Source Files\Graphics\Applicators">
      <UniqueIdentifier>{339bb88b-43fe-4bb0-9305-4dd5e9bdbbc3}</UniqueIdentifier>
    </Filter>
    <Filter Include="Source Files\Graphics\Filters">
      <UniqueIdentifier>{cfc0d7c5-6201-4c08-87a9-7b3ac8f2fbf8}</UniqueIdentifier>
    </Filter>
    <Filter Include="Source Files\Graphics\Rect/Region">
      <UniqueIdentifier>{35763234-01f6-4940-b514-b7d13d0d0559}</UniqueIdentifier>
    </Filter>
    <Filter Include="Source Files\Graphics\Surfaces">
      <UniqueIdentifier>{c191f754-06cf-4091-9e14-dd75a2514fbc}</UniqueIdentifier>
    </Filter>
    <Filter Include="Source Files\Graphics\Gdi Leak">
      <UniqueIdentifier>{62597d6c-c719-4d06-b11d-b295411ed468}</UniqueIdentifier>
    </Filter>
    <Filter Include="Source Files\Dialogs">
      <UniqueIdentifier>{a35019ea-a9fd-407e-8cb1-4e055c04eb33}</UniqueIdentifier>
    </Filter>
    <Filter Include="Source Files\Network">
      <UniqueIdentifier>{9274f1d9-ba10-44ba-8a9e-6da14ab59564}</UniqueIdentifier>
    </Filter>
    <Filter Include="Header Files">
      <UniqueIdentifier>{19a91668-8729-4857-815d-eb1b5ba692f7}</UniqueIdentifier>
      <Extensions>h;hpp;hxx;hm;inl</Extensions>
    </Filter>
    <Filter Include="Source Files\Widgets\Css">
      <UniqueIdentifier>{86f8be86-775b-4647-ad0f-ccf20928b1fa}</UniqueIdentifier>
    </Filter>
    <Filter Include="Source Files\Core\Hashing">
      <UniqueIdentifier>{088c4a6e-df59-430b-9e0f-933e8fb363af}</UniqueIdentifier>
    </Filter>
    <Filter Include="Source Files\Core\Hashing\Md5">
      <UniqueIdentifier>{8841e7ba-d196-4ae5-b362-93592ef209a3}</UniqueIdentifier>
    </Filter>
    <Filter Include="Source Files\Core\Hashing\Sha1">
      <UniqueIdentifier>{581cbf86-93a9-472d-b142-21478f5a1259}</UniqueIdentifier>
    </Filter>
  </ItemGroup>
  <ItemGroup>
    <ClCompile Include="src\linux\Lgi\GApp.cpp">
      <Filter>Source Files\Core</Filter>
    </ClCompile>
    <ClCompile Include="src\win32\Lgi\GGeneral.cpp">
      <Filter>Source Files\Core</Filter>
    </ClCompile>
    <ClCompile Include="src\common\Lgi\GGuiUtils.cpp">
      <Filter>Source Files\Core</Filter>
    </ClCompile>
    <ClCompile Include="src\common\Lgi\GObject.cpp">
      <Filter>Source Files\Core</Filter>
    </ClCompile>
    <ClCompile Include="src\linux\Lgi\GPrinter.cpp">
      <Filter>Source Files\Core</Filter>
    </ClCompile>
    <ClCompile Include="src\common\Lgi\GToolTip.cpp">
      <Filter>Source Files\Core</Filter>
    </ClCompile>
    <ClCompile Include="src\common\Lgi\GTrayIcon.cpp">
      <Filter>Source Files\Core</Filter>
    </ClCompile>
    <ClCompile Include="src\linux\Lgi\GView.cpp">
      <Filter>Source Files\Core</Filter>
    </ClCompile>
    <ClCompile Include="src\common\Lgi\GViewCommon.cpp">
      <Filter>Source Files\Core</Filter>
    </ClCompile>
    <ClCompile Include="src\linux\Lgi\GWindow.cpp">
      <Filter>Source Files\Core</Filter>
    </ClCompile>
    <ClCompile Include="src\common\Lgi\Lgi.cpp">
      <Filter>Source Files\Core</Filter>
    </ClCompile>
    <ClCompile Include="src\win32\Lgi\LgiException.cpp">
      <Filter>Source Files\Core</Filter>
    </ClCompile>
    <ClCompile Include="src\common\Lgi\LgiMsg.cpp">
      <Filter>Source Files\Core</Filter>
    </ClCompile>
    <ClCompile Include="src\common\Lgi\GLibrary.cpp">
      <Filter>Source Files\Core\Libraries</Filter>
    </ClCompile>
    <ClCompile Include="src\common\Lgi\GSemaphore.cpp">
      <Filter>Source Files\Core\Semaphores</Filter>
    </ClCompile>
    <ClCompile Include="src\common\Lgi\GDragAndDrop.cpp">
      <Filter>Source Files\Core\Drag and Drop</Filter>
    </ClCompile>
    <ClCompile Include="src\linux\Lgi\GMenu.cpp">
      <Filter>Source Files\Core\Menus</Filter>
    </ClCompile>
    <ClCompile Include="src\common\Lgi\GMenuImpl.cpp">
      <Filter>Source Files\Core\Menus</Filter>
    </ClCompile>
    <ClCompile Include="src\common\Resource\LgiRes.cpp">
      <Filter>Source Files\Core\Resources</Filter>
    </ClCompile>
    <ClCompile Include="src\common\Resource\Res.cpp">
      <Filter>Source Files\Core\Resources</Filter>
    </ClCompile>
    <ClCompile Include="src\win32\Lgi\GThread.cpp">
      <Filter>Source Files\Core\Threads</Filter>
    </ClCompile>
    <ClCompile Include="src\common\General\GThreadCommon.cpp">
      <Filter>Source Files\Core\Threads</Filter>
    </ClCompile>
    <ClCompile Include="src\common\Lgi\GVariant.cpp">
      <Filter>Source Files\Core\Variant</Filter>
    </ClCompile>
    <ClCompile Include="src\common\Lgi\GStream.cpp">
      <Filter>Source Files\Core\Stream</Filter>
    </ClCompile>
    <ClCompile Include="src\common\General\GDateTime.cpp">
      <Filter>Source Files\Core\DateTime</Filter>
    </ClCompile>
    <ClCompile Include="src\common\General\GContainers.cpp">
      <Filter>Source Files\Core\Memory Subsystem</Filter>
    </ClCompile>
    <ClCompile Include="src\win32\General\GMem.cpp">
      <Filter>Source Files\Core\Memory Subsystem</Filter>
    </ClCompile>
    <ClCompile Include="src\common\Lgi\GMemStream.cpp">
      <Filter>Source Files\Core\Memory Subsystem</Filter>
    </ClCompile>
    <ClCompile Include="src\common\General\GProperties.cpp">
      <Filter>Source Files\Core\Memory Subsystem\Property List</Filter>
    </ClCompile>
    <ClCompile Include="src\common\General\GExeCheck.cpp">
      <Filter>Source Files\Core\File</Filter>
    </ClCompile>
    <ClCompile Include="src\win32\General\GFile.cpp">
      <Filter>Source Files\Core\File</Filter>
    </ClCompile>
    <ClCompile Include="src\common\Lgi\GProcess.cpp">
      <Filter>Source Files\Core\Process</Filter>
    </ClCompile>
    <ClCompile Include="src\common\Widgets\GButton.cpp">
      <Filter>Source Files\Widgets</Filter>
    </ClCompile>
    <ClCompile Include="src\common\Widgets\GCheckBox.cpp">
      <Filter>Source Files\Widgets</Filter>
    </ClCompile>
    <ClCompile Include="src\common\Widgets\GCombo.cpp">
      <Filter>Source Files\Widgets</Filter>
    </ClCompile>
    <ClCompile Include="src\common\Text\GDocView.cpp">
      <Filter>Source Files\Widgets</Filter>
    </ClCompile>
    <ClCompile Include="src\common\Widgets\GEdit.cpp">
      <Filter>Source Files\Widgets</Filter>
    </ClCompile>
    <ClCompile Include="src\win32\Lgi\GLayout.cpp">
      <Filter>Source Files\Widgets</Filter>
    </ClCompile>
    <ClCompile Include="src\common\Widgets\GList.cpp">
      <Filter>Source Files\Widgets</Filter>
    </ClCompile>
    <ClCompile Include="src\common\Widgets\GPanel.cpp">
      <Filter>Source Files\Widgets</Filter>
    </ClCompile>
    <ClCompile Include="src\common\Widgets\GPopup.cpp">
      <Filter>Source Files\Widgets</Filter>
    </ClCompile>
    <ClCompile Include="src\common\Widgets\GProgress.cpp">
      <Filter>Source Files\Widgets</Filter>
    </ClCompile>
    <ClCompile Include="src\common\Widgets\GProgressDlg.cpp">
      <Filter>Source Files\Widgets</Filter>
    </ClCompile>
    <ClCompile Include="src\common\Widgets\GRadioGroup.cpp">
      <Filter>Source Files\Widgets</Filter>
    </ClCompile>
    <ClCompile Include="src\common\Widgets\GScrollBar.cpp">
      <Filter>Source Files\Widgets</Filter>
    </ClCompile>
    <ClCompile Include="src\common\Widgets\GSplitter.cpp">
      <Filter>Source Files\Widgets</Filter>
    </ClCompile>
    <ClCompile Include="src\common\Widgets\GStatusBar.cpp">
      <Filter>Source Files\Widgets</Filter>
    </ClCompile>
    <ClCompile Include="src\common\Widgets\GTableLayout.cpp">
      <Filter>Source Files\Widgets</Filter>
    </ClCompile>
    <ClCompile Include="src\common\Widgets\GTabView.cpp">
      <Filter>Source Files\Widgets</Filter>
    </ClCompile>
    <ClCompile Include="src\common\Widgets\GTextLabel.cpp">
      <Filter>Source Files\Widgets</Filter>
    </ClCompile>
    <ClCompile Include="src\common\Text\GTextView3.cpp">
      <Filter>Source Files\Widgets</Filter>
    </ClCompile>
    <ClCompile Include="src\common\Widgets\GToolBar.cpp">
      <Filter>Source Files\Widgets</Filter>
    </ClCompile>
    <ClCompile Include="src\common\Widgets\GTree.cpp">
      <Filter>Source Files\Widgets</Filter>
    </ClCompile>
    <ClCompile Include="src\linux\Lgi\GWidgets.cpp">
      <Filter>Source Files\Widgets</Filter>
    </ClCompile>
    <ClCompile Include="src\linux\Gtk\LgiWidget.cpp">
      <Filter>Source Files\Widgets\Gtk Widget</Filter>
    </ClCompile>
    <ClCompile Include="src\common\INet\Base64.cpp">
      <Filter>Source Files\General</Filter>
    </ClCompile>
    <ClCompile Include="src\common\Lgi\LgiRand.cpp">
      <Filter>Source Files\General</Filter>
    </ClCompile>
    <ClCompile Include="src\common\Lgi\GMru.cpp">
      <Filter>Source Files\General\Mru</Filter>
    </ClCompile>
    <ClCompile Include="src\common\Lgi\GDataDlg.cpp">
      <Filter>Source Files\General\Data Dlg</Filter>
    </ClCompile>
    <ClCompile Include="src\common\General\GPassword.cpp">
      <Filter>Source Files\General\Data Dlg</Filter>
    </ClCompile>
    <ClCompile Include="src\common\Text\GString.cpp">
      <Filter>Source Files\Text</Filter>
    </ClCompile>
    <ClCompile Include="src\common\Text\GToken.cpp">
      <Filter>Source Files\Text</Filter>
    </ClCompile>
    <ClCompile Include="src\common\Text\GUtf8.cpp">
      <Filter>Source Files\Text</Filter>
    </ClCompile>
    <ClCompile Include="src\common\Text\GXmlTree.cpp">
      <Filter>Source Files\Text</Filter>
    </ClCompile>
    <ClCompile Include="src\common\Gdc2\GColourReduce.cpp">
      <Filter>Source Files\Graphics\_Core</Filter>
    </ClCompile>
    <ClCompile Include="src\linux\Gtk\Gdc2.cpp">
      <Filter>Source Files\Graphics\_Core</Filter>
    </ClCompile>
    <ClCompile Include="src\common\Gdc2\GFuncs.cpp">
      <Filter>Source Files\Graphics\_Core</Filter>
    </ClCompile>
    <ClCompile Include="src\common\Gdc2\Font\GDisplayString.cpp">
      <Filter>Source Files\Graphics\Font</Filter>
    </ClCompile>
    <ClCompile Include="src\common\Gdc2\Font\GFont.cpp">
      <Filter>Source Files\Graphics\Font</Filter>
    </ClCompile>
    <ClCompile Include="src\common\Gdc2\Font\GFont_A.cpp">
      <Filter>Source Files\Graphics\Font</Filter>
    </ClCompile>
    <ClCompile Include="src\common\Gdc2\Font\GFont_W.cpp">
      <Filter>Source Files\Graphics\Font</Filter>
    </ClCompile>
    <ClCompile Include="src\common\Gdc2\Font\GFontCodePages.cpp">
      <Filter>Source Files\Graphics\Font</Filter>
    </ClCompile>
    <ClCompile Include="src\common\Gdc2\Font\GFontSystem.cpp">
      <Filter>Source Files\Graphics\Font</Filter>
    </ClCompile>
    <ClCompile Include="src\common\Gdc2\15Bit.cpp">
      <Filter>Source Files\Graphics\Applicators</Filter>
    </ClCompile>
    <ClCompile Include="src\common\Gdc2\16Bit.cpp">
      <Filter>Source Files\Graphics\Applicators</Filter>
    </ClCompile>
    <ClCompile Include="src\common\Gdc2\24Bit.cpp">
      <Filter>Source Files\Graphics\Applicators</Filter>
    </ClCompile>
    <ClCompile Include="src\common\Gdc2\32Bit.cpp">
      <Filter>Source Files\Graphics\Applicators</Filter>
    </ClCompile>
    <ClCompile Include="src\common\Gdc2\8Bit.cpp">
      <Filter>Source Files\Graphics\Applicators</Filter>
    </ClCompile>
    <ClCompile Include="src\common\Gdc2\Alpha.cpp">
      <Filter>Source Files\Graphics\Applicators</Filter>
    </ClCompile>
    <ClCompile Include="src\common\Gdc2\Filters\GFilter.cpp">
      <Filter>Source Files\Graphics\Filters</Filter>
    </ClCompile>
    <ClCompile Include="src\common\Gdc2\GRect.cpp">
      <Filter>Source Files\Graphics\Rect/Region</Filter>
    </ClCompile>
    <ClCompile Include="src\linux\Gtk\GMemDC.cpp">
      <Filter>Source Files\Graphics\Surfaces</Filter>
    </ClCompile>
    <ClCompile Include="src\linux\Gtk\GPrintDC.cpp">
      <Filter>Source Files\Graphics\Surfaces</Filter>
    </ClCompile>
    <ClCompile Include="src\linux\Gtk\GScreenDC.cpp">
      <Filter>Source Files\Graphics\Surfaces</Filter>
    </ClCompile>
    <ClCompile Include="src\common\Gdc2\GSurface.cpp">
      <Filter>Source Files\Graphics\Surfaces</Filter>
    </ClCompile>
    <ClCompile Include="src\win32\Gdc2\GdiLeak.cpp">
      <Filter>Source Files\Graphics\Gdi Leak</Filter>
    </ClCompile>
    <ClCompile Include="src\common\Lgi\GAlert.cpp">
      <Filter>Source Files\Dialogs</Filter>
    </ClCompile>
    <ClCompile Include="src\common\Lgi\GFileSelect.cpp">
      <Filter>Source Files\Dialogs</Filter>
    </ClCompile>
    <ClCompile Include="src\common\Lgi\GFindReplace.cpp">
      <Filter>Source Files\Dialogs</Filter>
    </ClCompile>
    <ClCompile Include="src\common\Lgi\GFontSelect.cpp">
      <Filter>Source Files\Dialogs</Filter>
    </ClCompile>
    <ClCompile Include="src\common\Lgi\GInput.cpp">
      <Filter>Source Files\Dialogs</Filter>
    </ClCompile>
    <ClCompile Include="src\common\INet\INet.cpp">
      <Filter>Source Files\Network</Filter>
    </ClCompile>
    <ClCompile Include="src\common\INet\INetTools.cpp">
      <Filter>Source Files\Network</Filter>
    </ClCompile>
    <ClCompile Include="src\win32\INet\MibAccess.cpp">
      <Filter>Source Files\Network</Filter>
    </ClCompile>
    <ClCompile Include="src\common\Lgi\GCss.cpp">
      <Filter>Source Files\Widgets\Css</Filter>
    </ClCompile>
    <ClCompile Include="src\common\Lgi\GOptionsFile.cpp">
      <Filter>Source Files\General</Filter>
    </ClCompile>
    <ClCompile Include="src\linux\Lgi\GClipBoard.cpp">
      <Filter>Source Files\General\Clipboard</Filter>
    </ClCompile>
    <ClCompile Include="src\common\Hash\md5\md5.c">
      <Filter>Source Files\Core\Hashing\Md5</Filter>
    </ClCompile>
    <ClCompile Include="src\common\Hash\sha1\sha1.c">
      <Filter>Source Files\Core\Hashing\Sha1</Filter>
    </ClCompile>
  </ItemGroup>
  <ItemGroup>
    <ClInclude Include="include\common\GViewPriv.h">
      <Filter>Source Files\Core</Filter>
    </ClInclude>
    <ClInclude Include="include\common\GLibrary.h">
      <Filter>Source Files\Core\Libraries</Filter>
    </ClInclude>
    <ClInclude Include="include\common\GSemaphore.h">
      <Filter>Source Files\Core\Semaphores</Filter>
    </ClInclude>
    <ClInclude Include="include\win32\GCom.h">
      <Filter>Source Files\Core\Drag and Drop</Filter>
    </ClInclude>
    <ClInclude Include="include\common\GDragAndDrop.h">
      <Filter>Source Files\Core\Drag and Drop</Filter>
    </ClInclude>
    <ClInclude Include="include\common\GMenu.h">
      <Filter>Source Files\Core\Menus</Filter>
    </ClInclude>
    <ClInclude Include="include\common\LgiRes.h">
      <Filter>Source Files\Core\Resources</Filter>
    </ClInclude>
    <ClInclude Include="include\common\Res.h">
      <Filter>Source Files\Core\Resources</Filter>
    </ClInclude>
    <ClInclude Include="include\common\GThread.h">
      <Filter>Source Files\Core\Threads</Filter>
    </ClInclude>
    <ClInclude Include="include\common\GVariant.h">
      <Filter>Source Files\Core\Variant</Filter>
    </ClInclude>
    <ClInclude Include="include\common\GDom.h">
      <Filter>Source Files\Core\Stream</Filter>
    </ClInclude>
    <ClInclude Include="include\common\GStream.h">
      <Filter>Source Files\Core\Stream</Filter>
    </ClInclude>
    <ClInclude Include="include\common\GDateTime.h">
      <Filter>Source Files\Core\DateTime</Filter>
    </ClInclude>
    <ClInclude Include="include\common\GArray.h">
      <Filter>Source Files\Core\Memory Subsystem</Filter>
    </ClInclude>
    <ClInclude Include="include\common\GAutoPtr.h">
      <Filter>Source Files\Core\Memory Subsystem</Filter>
    </ClInclude>
    <ClInclude Include="include\common\GContainers.h">
      <Filter>Source Files\Core\Memory Subsystem</Filter>
    </ClInclude>
    <ClInclude Include="include\common\GMem.h">
      <Filter>Source Files\Core\Memory Subsystem</Filter>
    </ClInclude>
    <ClInclude Include="include\common\GProperties.h">
      <Filter>Source Files\Core\Memory Subsystem\Property List</Filter>
    </ClInclude>
    <ClInclude Include="include\common\GFile.h">
      <Filter>Source Files\Core\File</Filter>
    </ClInclude>
    <ClInclude Include="include\common\GProcess.h">
      <Filter>Source Files\Core\Process</Filter>
    </ClInclude>
    <ClInclude Include="include\common\GButton.h">
      <Filter>Source Files\Widgets</Filter>
    </ClInclude>
    <ClInclude Include="include\common\GCheckBox.h">
      <Filter>Source Files\Widgets</Filter>
    </ClInclude>
    <ClInclude Include="include\common\GCombo.h">
      <Filter>Source Files\Widgets</Filter>
    </ClInclude>
    <ClInclude Include="include\common\GEdit.h">
      <Filter>Source Files\Widgets</Filter>
    </ClInclude>
    <ClInclude Include="include\common\GList.h">
      <Filter>Source Files\Widgets</Filter>
    </ClInclude>
    <ClInclude Include="include\common\GListItemCheckBox.h">
      <Filter>Source Files\Widgets</Filter>
    </ClInclude>
    <ClInclude Include="include\common\GListItemRadioBtn.h">
      <Filter>Source Files\Widgets</Filter>
    </ClInclude>
    <ClInclude Include="include\common\GPopup.h">
      <Filter>Source Files\Widgets</Filter>
    </ClInclude>
    <ClInclude Include="include\common\GProgress.h">
      <Filter>Source Files\Widgets</Filter>
    </ClInclude>
    <ClInclude Include="include\common\GRadioGroup.h">
      <Filter>Source Files\Widgets</Filter>
    </ClInclude>
    <ClInclude Include="include\common\GScrollBar.h">
      <Filter>Source Files\Widgets</Filter>
    </ClInclude>
    <ClInclude Include="include\common\GTextLabel.h">
      <Filter>Source Files\Widgets</Filter>
    </ClInclude>
    <ClInclude Include="include\common\GToolBar.h">
      <Filter>Source Files\Widgets</Filter>
    </ClInclude>
    <ClInclude Include="include\common\GTree.h">
      <Filter>Source Files\Widgets</Filter>
    </ClInclude>
    <ClInclude Include="include\linux\Gtk\LgiWidget.h">
      <Filter>Source Files\Widgets\Gtk Widget</Filter>
    </ClInclude>
    <ClInclude Include="include\common\GMru.h">
      <Filter>Source Files\General\Mru</Filter>
    </ClInclude>
    <ClInclude Include="..\_Common\Include\GDataDlg.h">
      <Filter>Source Files\General\Data Dlg</Filter>
    </ClInclude>
    <ClInclude Include="..\_Common\Include\GPassword.h">
      <Filter>Source Files\General\Data Dlg</Filter>
    </ClInclude>
    <ClInclude Include="include\common\GString.h">
      <Filter>Source Files\Text</Filter>
    </ClInclude>
    <ClInclude Include="include\common\Gdc2.h">
      <Filter>Source Files\Graphics\_Core</Filter>
    </ClInclude>
    <ClInclude Include="include\common\GFont.h">
      <Filter>Source Files\Graphics\Font</Filter>
    </ClInclude>
    <ClInclude Include="include\common\GFilter.h">
      <Filter>Source Files\Graphics\Filters</Filter>
    </ClInclude>
    <ClInclude Include="include\common\GRect.h">
      <Filter>Source Files\Graphics\Rect/Region</Filter>
    </ClInclude>
    <ClInclude Include="include\common\GdiLeak.h">
      <Filter>Source Files\Graphics\Gdi Leak</Filter>
    </ClInclude>
    <ClInclude Include="include\common\GFileSelect.h">
      <Filter>Source Files\Dialogs</Filter>
    </ClInclude>
    <ClInclude Include="include\common\INet.h">
      <Filter>Source Files\Network</Filter>
    </ClInclude>
    <ClInclude Include="include\common\INetTools.h">
      <Filter>Source Files\Network</Filter>
    </ClInclude>
    <ClInclude Include="src\win32\INet\MibAccess.h">
      <Filter>Source Files\Network</Filter>
    </ClInclude>
    <ClInclude Include="include\common\LgiClasses.h">
      <Filter>Header Files</Filter>
    </ClInclude>
    <ClInclude Include="include\common\LgiCommon.h">
      <Filter>Header Files</Filter>
    </ClInclude>
    <ClInclude Include="include\linux\Gtk\LgiOsDefs.h">
      <Filter>Header Files</Filter>
    </ClInclude>
    <ClInclude Include="include\common\GCss.h">
      <Filter>Source Files\Widgets\Css</Filter>
    </ClInclude>
    <ClInclude Include="src\common\Hash\md5\md5.h">
      <Filter>Source Files\Core\Hashing\Md5</Filter>
    </ClInclude>
    <ClInclude Include="src\common\Hash\sha1\sha1.h">
      <Filter>Source Files\Core\Hashing\Sha1</Filter>
    </ClInclude>
  </ItemGroup>
</Project>