// !$*UTF8*$!
{
	archiveVersion = 1;
	classes = {
	};
	objectVersion = 50;
	objects = {

/* Begin PBXBuildFile section */
		343FB8952386621600797ABC /* Assets.xcassets in Resources */ = {isa = PBXBuildFile; fileRef = 343FB8942386621600797ABC /* Assets.xcassets */; };
		343FB8AB238662C500797ABC /* LgiMain.cpp in Sources */ = {isa = PBXBuildFile; fileRef = 343FB8AA238662C500797ABC /* LgiMain.cpp */; };
		343FB8C62386638C00797ABC /* LgiCocoa.framework in Frameworks */ = {isa = PBXBuildFile; fileRef = 343FB8A92386627A00797ABC /* LgiCocoa.framework */; };
		343FB8C82386639C00797ABC /* LgiCocoa.framework in CopyFiles */ = {isa = PBXBuildFile; fileRef = 343FB8A92386627A00797ABC /* LgiCocoa.framework */; settings = {ATTRIBUTES = (CodeSignOnCopy, RemoveHeadersOnCopy, ); }; };
		343FB8DC2386642A00797ABC /* GOptionsFile.cpp in Sources */ = {isa = PBXBuildFile; fileRef = 343FB8DB2386642A00797ABC /* GOptionsFile.cpp */; };
		34CC002823AAD2A100CCAAEA /* Search.cpp in Sources */ = {isa = PBXBuildFile; fileRef = 34CC001B23AAD2A100CCAAEA /* Search.cpp */; };
		34CC002923AAD2A100CCAAEA /* LgiRes_ControlTree.cpp in Sources */ = {isa = PBXBuildFile; fileRef = 34CC001C23AAD2A100CCAAEA /* LgiRes_ControlTree.cpp */; };
		34CC002A23AAD2A100CCAAEA /* LgiRes_TableLayout.cpp in Sources */ = {isa = PBXBuildFile; fileRef = 34CC001E23AAD2A100CCAAEA /* LgiRes_TableLayout.cpp */; };
		34CC002B23AAD2A100CCAAEA /* LgiRes_Menu.cpp in Sources */ = {isa = PBXBuildFile; fileRef = 34CC002023AAD2A100CCAAEA /* LgiRes_Menu.cpp */; };
		34CC002C23AAD2A100CCAAEA /* LgiRes_Css.cpp in Sources */ = {isa = PBXBuildFile; fileRef = 34CC002123AAD2A100CCAAEA /* LgiRes_Css.cpp */; };
		34CC002D23AAD2A100CCAAEA /* LgiResApp.cpp in Sources */ = {isa = PBXBuildFile; fileRef = 34CC002323AAD2A100CCAAEA /* LgiResApp.cpp */; };
		34CC002E23AAD2A100CCAAEA /* ShowLanguages.cpp in Sources */ = {isa = PBXBuildFile; fileRef = 34CC002423AAD2A100CCAAEA /* ShowLanguages.cpp */; };
		34CC002F23AAD2A100CCAAEA /* LgiRes_Dialog.cpp in Sources */ = {isa = PBXBuildFile; fileRef = 34CC002623AAD2A100CCAAEA /* LgiRes_Dialog.cpp */; };
		34CC003023AAD2A100CCAAEA /* LgiRes_String.cpp in Sources */ = {isa = PBXBuildFile; fileRef = 34CC002723AAD2A100CCAAEA /* LgiRes_String.cpp */; };
		34CC003223AAD2C100CCAAEA /* GStatusBar.cpp in Sources */ = {isa = PBXBuildFile; fileRef = 34CC003123AAD2C100CCAAEA /* GStatusBar.cpp */; };
		34CC003423AAD2E700CCAAEA /* GMru.cpp in Sources */ = {isa = PBXBuildFile; fileRef = 34CC003323AAD2E700CCAAEA /* GMru.cpp */; };
		34CC003723AAD2FE00CCAAEA /* GDocApp.cpp in Sources */ = {isa = PBXBuildFile; fileRef = 34CC003523AAD2FD00CCAAEA /* GDocApp.cpp */; };
		34CC003823AAD2FE00CCAAEA /* GAbout.cpp in Sources */ = {isa = PBXBuildFile; fileRef = 34CC003623AAD2FE00CCAAEA /* GAbout.cpp */; };
		34CC003C23AAD33500CCAAEA /* mac-icon.icns in Resources */ = {isa = PBXBuildFile; fileRef = 34CC003A23AAD33500CCAAEA /* mac-icon.icns */; };
		34CC003D23AAD33500CCAAEA /* lgires.lr8 in Resources */ = {isa = PBXBuildFile; fileRef = 34CC003B23AAD33500CCAAEA /* lgires.lr8 */; };
		34CC003F23AAD34600CCAAEA /* Cocoa.framework in Frameworks */ = {isa = PBXBuildFile; fileRef = 34CC003E23AAD34600CCAAEA /* Cocoa.framework */; };
		34CC004223AAD54200CCAAEA /* Png.cpp in Sources */ = {isa = PBXBuildFile; fileRef = 34CC004123AAD54200CCAAEA /* Png.cpp */; };
		34CC006123AAD5A200CCAAEA /* libpng15.15.4.0.dylib in CopyFiles */ = {isa = PBXBuildFile; fileRef = 34CC005423AAD57F00CCAAEA /* libpng15.15.4.0.dylib */; settings = {ATTRIBUTES = (CodeSignOnCopy, ); }; };
		34CC006623AAD5DB00CCAAEA /* _StringIcons.gif in Resources */ = {isa = PBXBuildFile; fileRef = 34CC006223AAD5DB00CCAAEA /* _StringIcons.gif */; };
		34CC006723AAD5DB00CCAAEA /* _DialogIcons.gif in Resources */ = {isa = PBXBuildFile; fileRef = 34CC006323AAD5DB00CCAAEA /* _DialogIcons.gif */; };
		34CC006823AAD5DB00CCAAEA /* _MenuIcons.gif in Resources */ = {isa = PBXBuildFile; fileRef = 34CC006423AAD5DB00CCAAEA /* _MenuIcons.gif */; };
		34CC006923AAD5DB00CCAAEA /* _Icons.gif in Resources */ = {isa = PBXBuildFile; fileRef = 34CC006523AAD5DB00CCAAEA /* _Icons.gif */; };
		34CC006C23AAD5FC00CCAAEA /* Gif.cpp in Sources */ = {isa = PBXBuildFile; fileRef = 34CC006A23AAD5FC00CCAAEA /* Gif.cpp */; };
		34CC006D23AAD5FC00CCAAEA /* Lzw.cpp in Sources */ = {isa = PBXBuildFile; fileRef = 34CC006B23AAD5FC00CCAAEA /* Lzw.cpp */; };
/* End PBXBuildFile section */

/* Begin PBXContainerItemProxy section */
		343FB8A82386627A00797ABC /* PBXContainerItemProxy */ = {
			isa = PBXContainerItemProxy;
			containerPortal = 343FB8A42386627A00797ABC /* LgiCocoa.xcodeproj */;
			proxyType = 2;
			remoteGlobalIDString = 3477C2681CBF020F0028B84B;
			remoteInfo = LgiCocoa;
		};
		343FB8C32386638800797ABC /* PBXContainerItemProxy */ = {
			isa = PBXContainerItemProxy;
			containerPortal = 343FB8A42386627A00797ABC /* LgiCocoa.xcodeproj */;
			proxyType = 1;
			remoteGlobalIDString = 3477C2671CBF020F0028B84B;
			remoteInfo = LgiCocoa;
		};
		34CC005123AAD57F00CCAAEA /* PBXContainerItemProxy */ = {
			isa = PBXContainerItemProxy;
			containerPortal = 34CC004323AAD57F00CCAAEA /* libpng.xcodeproj */;
			proxyType = 2;
			remoteGlobalIDString = E5FD78A808A24711B59ED1F2;
			remoteInfo = example;
		};
		34CC005323AAD57F00CCAAEA /* PBXContainerItemProxy */ = {
			isa = PBXContainerItemProxy;
			containerPortal = 34CC004323AAD57F00CCAAEA /* libpng.xcodeproj */;
			proxyType = 2;
			remoteGlobalIDString = 51A0D964221847638E674CCE;
			remoteInfo = libpng15;
		};
		34CC005523AAD57F00CCAAEA /* PBXContainerItemProxy */ = {
			isa = PBXContainerItemProxy;
			containerPortal = 34CC004323AAD57F00CCAAEA /* libpng.xcodeproj */;
			proxyType = 2;
			remoteGlobalIDString = 9D2D3C67E1D144698BBC9AC4;
			remoteInfo = libpng15_static;
		};
		34CC005723AAD57F00CCAAEA /* PBXContainerItemProxy */ = {
			isa = PBXContainerItemProxy;
			containerPortal = 34CC004323AAD57F00CCAAEA /* libpng.xcodeproj */;
			proxyType = 2;
			remoteGlobalIDString = 787EECA18CBC4D4FB4E389EA;
			remoteInfo = minigzip;
		};
		34CC005923AAD57F00CCAAEA /* PBXContainerItemProxy */ = {
			isa = PBXContainerItemProxy;
			containerPortal = 34CC004323AAD57F00CCAAEA /* libpng.xcodeproj */;
			proxyType = 2;
			remoteGlobalIDString = 480BA9D67D004C9FB7A41391;
			remoteInfo = pngtest;
		};
		34CC005B23AAD57F00CCAAEA /* PBXContainerItemProxy */ = {
			isa = PBXContainerItemProxy;
			containerPortal = 34CC004323AAD57F00CCAAEA /* libpng.xcodeproj */;
			proxyType = 2;
			remoteGlobalIDString = C246F8AB721C4E3383C137C4;
			remoteInfo = zlib;
		};
		34CC005D23AAD57F00CCAAEA /* PBXContainerItemProxy */ = {
			isa = PBXContainerItemProxy;
			containerPortal = 34CC004323AAD57F00CCAAEA /* libpng.xcodeproj */;
			proxyType = 2;
			remoteGlobalIDString = FE658531E3604B19A40B327E;
			remoteInfo = zlib_static;
		};
		34CC005F23AAD58F00CCAAEA /* PBXContainerItemProxy */ = {
			isa = PBXContainerItemProxy;
			containerPortal = 34CC004323AAD57F00CCAAEA /* libpng.xcodeproj */;
			proxyType = 1;
			remoteGlobalIDString = 73620A5B92B34DD3B0B12540;
			remoteInfo = libpng15;
		};
/* End PBXContainerItemProxy section */

/* Begin PBXCopyFilesBuildPhase section */
		343FB8C72386639100797ABC /* CopyFiles */ = {
			isa = PBXCopyFilesBuildPhase;
			buildActionMask = 2147483647;
			dstPath = "";
			dstSubfolderSpec = 10;
			files = (
				34CC006123AAD5A200CCAAEA /* libpng15.15.4.0.dylib in CopyFiles */,
				343FB8C82386639C00797ABC /* LgiCocoa.framework in CopyFiles */,
			);
			runOnlyForDeploymentPostprocessing = 0;
		};
/* End PBXCopyFilesBuildPhase section */

/* Begin PBXFileReference section */
		343FB88E2386621400797ABC /* LgiRes.app */ = {isa = PBXFileReference; explicitFileType = wrapper.application; includeInIndex = 0; path = LgiRes.app; sourceTree = BUILT_PRODUCTS_DIR; };
		343FB8942386621600797ABC /* Assets.xcassets */ = {isa = PBXFileReference; lastKnownFileType = folder.assetcatalog; path = Assets.xcassets; sourceTree = "<group>"; };
		343FB8992386621600797ABC /* Info.plist */ = {isa = PBXFileReference; lastKnownFileType = text.plist.xml; path = Info.plist; sourceTree = "<group>"; };
		343FB89C2386621600797ABC /* LgiRes.entitlements */ = {isa = PBXFileReference; lastKnownFileType = text.plist.entitlements; path = LgiRes.entitlements; sourceTree = "<group>"; };
		343FB8A42386627A00797ABC /* LgiCocoa.xcodeproj */ = {isa = PBXFileReference; lastKnownFileType = "wrapper.pb-project"; name = LgiCocoa.xcodeproj; path = ../../src/mac/cocoa/LgiCocoa.xcodeproj; sourceTree = "<group>"; };
		343FB8AA238662C500797ABC /* LgiMain.cpp */ = {isa = PBXFileReference; fileEncoding = 4; lastKnownFileType = sourcecode.cpp.cpp; name = LgiMain.cpp; path = ../../src/common/Lgi/LgiMain.cpp; sourceTree = "<group>"; };
		343FB8DB2386642A00797ABC /* GOptionsFile.cpp */ = {isa = PBXFileReference; fileEncoding = 4; lastKnownFileType = sourcecode.cpp.cpp; name = GOptionsFile.cpp; path = ../../src/common/Lgi/GOptionsFile.cpp; sourceTree = "<group>"; };
		34CC001B23AAD2A100CCAAEA /* Search.cpp */ = {isa = PBXFileReference; fileEncoding = 4; lastKnownFileType = sourcecode.cpp.cpp; name = Search.cpp; path = ../Code/Search.cpp; sourceTree = "<group>"; };
		34CC001C23AAD2A100CCAAEA /* LgiRes_ControlTree.cpp */ = {isa = PBXFileReference; fileEncoding = 4; lastKnownFileType = sourcecode.cpp.cpp; name = LgiRes_ControlTree.cpp; path = ../Code/LgiRes_ControlTree.cpp; sourceTree = "<group>"; };
		34CC001D23AAD2A100CCAAEA /* LgiRes_Dialog.h */ = {isa = PBXFileReference; fileEncoding = 4; lastKnownFileType = sourcecode.c.h; name = LgiRes_Dialog.h; path = ../Code/LgiRes_Dialog.h; sourceTree = "<group>"; };
		34CC001E23AAD2A100CCAAEA /* LgiRes_TableLayout.cpp */ = {isa = PBXFileReference; fileEncoding = 4; lastKnownFileType = sourcecode.cpp.cpp; name = LgiRes_TableLayout.cpp; path = ../Code/LgiRes_TableLayout.cpp; sourceTree = "<group>"; };
		34CC001F23AAD2A100CCAAEA /* LgiResEdit.h */ = {isa = PBXFileReference; fileEncoding = 4; lastKnownFileType = sourcecode.c.h; name = LgiResEdit.h; path = ../Code/LgiResEdit.h; sourceTree = "<group>"; };
		34CC002023AAD2A100CCAAEA /* LgiRes_Menu.cpp */ = {isa = PBXFileReference; fileEncoding = 4; lastKnownFileType = sourcecode.cpp.cpp; name = LgiRes_Menu.cpp; path = ../Code/LgiRes_Menu.cpp; sourceTree = "<group>"; };
		34CC002123AAD2A100CCAAEA /* LgiRes_Css.cpp */ = {isa = PBXFileReference; fileEncoding = 4; lastKnownFileType = sourcecode.cpp.cpp; name = LgiRes_Css.cpp; path = ../Code/LgiRes_Css.cpp; sourceTree = "<group>"; };
		34CC002223AAD2A100CCAAEA /* LgiRes_String.h */ = {isa = PBXFileReference; fileEncoding = 4; lastKnownFileType = sourcecode.c.h; name = LgiRes_String.h; path = ../Code/LgiRes_String.h; sourceTree = "<group>"; };
		34CC002323AAD2A100CCAAEA /* LgiResApp.cpp */ = {isa = PBXFileReference; fileEncoding = 4; lastKnownFileType = sourcecode.cpp.cpp; name = LgiResApp.cpp; path = ../Code/LgiResApp.cpp; sourceTree = "<group>"; };
		34CC002423AAD2A100CCAAEA /* ShowLanguages.cpp */ = {isa = PBXFileReference; fileEncoding = 4; lastKnownFileType = sourcecode.cpp.cpp; name = ShowLanguages.cpp; path = ../Code/ShowLanguages.cpp; sourceTree = "<group>"; };
		34CC002523AAD2A100CCAAEA /* LgiRes_Menu.h */ = {isa = PBXFileReference; fileEncoding = 4; lastKnownFileType = sourcecode.c.h; name = LgiRes_Menu.h; path = ../Code/LgiRes_Menu.h; sourceTree = "<group>"; };
		34CC002623AAD2A100CCAAEA /* LgiRes_Dialog.cpp */ = {isa = PBXFileReference; fileEncoding = 4; lastKnownFileType = sourcecode.cpp.cpp; name = LgiRes_Dialog.cpp; path = ../Code/LgiRes_Dialog.cpp; sourceTree = "<group>"; };
		34CC002723AAD2A100CCAAEA /* LgiRes_String.cpp */ = {isa = PBXFileReference; fileEncoding = 4; lastKnownFileType = sourcecode.cpp.cpp; name = LgiRes_String.cpp; path = ../Code/LgiRes_String.cpp; sourceTree = "<group>"; };
		34CC003123AAD2C100CCAAEA /* GStatusBar.cpp */ = {isa = PBXFileReference; fileEncoding = 4; lastKnownFileType = sourcecode.cpp.cpp; name = GStatusBar.cpp; path = ../../src/common/Widgets/GStatusBar.cpp; sourceTree = "<group>"; };
		34CC003323AAD2E700CCAAEA /* GMru.cpp */ = {isa = PBXFileReference; fileEncoding = 4; lastKnownFileType = sourcecode.cpp.cpp; name = GMru.cpp; path = ../../src/common/Lgi/GMru.cpp; sourceTree = "<group>"; };
		34CC003523AAD2FD00CCAAEA /* GDocApp.cpp */ = {isa = PBXFileReference; fileEncoding = 4; lastKnownFileType = sourcecode.cpp.cpp; name = GDocApp.cpp; path = ../../src/common/Lgi/GDocApp.cpp; sourceTree = "<group>"; };
		34CC003623AAD2FE00CCAAEA /* GAbout.cpp */ = {isa = PBXFileReference; fileEncoding = 4; lastKnownFileType = sourcecode.cpp.cpp; name = GAbout.cpp; path = ../../src/common/Lgi/GAbout.cpp; sourceTree = "<group>"; };
		34CC003A23AAD33500CCAAEA /* mac-icon.icns */ = {isa = PBXFileReference; lastKnownFileType = image.icns; name = "mac-icon.icns"; path = "../Resources/mac-icon.icns"; sourceTree = "<group>"; };
		34CC003B23AAD33500CCAAEA /* lgires.lr8 */ = {isa = PBXFileReference; fileEncoding = 4; lastKnownFileType = text.xml; name = lgires.lr8; path = ../Resources/lgires.lr8; sourceTree = "<group>"; };
		34CC003E23AAD34600CCAAEA /* Cocoa.framework */ = {isa = PBXFileReference; lastKnownFileType = wrapper.framework; name = Cocoa.framework; path = System/Library/Frameworks/Cocoa.framework; sourceTree = SDKROOT; };
		34CC004123AAD54200CCAAEA /* Png.cpp */ = {isa = PBXFileReference; fileEncoding = 4; lastKnownFileType = sourcecode.cpp.cpp; name = Png.cpp; path = ../../src/common/Gdc2/Filters/Png.cpp; sourceTree = "<group>"; };
		34CC004323AAD57F00CCAAEA /* libpng.xcodeproj */ = {isa = PBXFileReference; lastKnownFileType = "wrapper.pb-project"; name = libpng.xcodeproj; path = ../../../../../CodeLib/libpng/build/libpng.xcodeproj; sourceTree = "<group>"; };
		34CC006223AAD5DB00CCAAEA /* _StringIcons.gif */ = {isa = PBXFileReference; lastKnownFileType = image.gif; name = _StringIcons.gif; path = ../Code/_StringIcons.gif; sourceTree = "<group>"; };
		34CC006323AAD5DB00CCAAEA /* _DialogIcons.gif */ = {isa = PBXFileReference; lastKnownFileType = image.gif; name = _DialogIcons.gif; path = ../Code/_DialogIcons.gif; sourceTree = "<group>"; };
		34CC006423AAD5DB00CCAAEA /* _MenuIcons.gif */ = {isa = PBXFileReference; lastKnownFileType = image.gif; name = _MenuIcons.gif; path = ../Code/_MenuIcons.gif; sourceTree = "<group>"; };
		34CC006523AAD5DB00CCAAEA /* _Icons.gif */ = {isa = PBXFileReference; lastKnownFileType = image.gif; name = _Icons.gif; path = ../Code/_Icons.gif; sourceTree = "<group>"; };
		34CC006A23AAD5FC00CCAAEA /* Gif.cpp */ = {isa = PBXFileReference; fileEncoding = 4; lastKnownFileType = sourcecode.cpp.cpp; name = Gif.cpp; path = ../../src/common/Gdc2/Filters/Gif.cpp; sourceTree = "<group>"; };
		34CC006B23AAD5FC00CCAAEA /* Lzw.cpp */ = {isa = PBXFileReference; fileEncoding = 4; lastKnownFileType = sourcecode.cpp.cpp; name = Lzw.cpp; path = ../../src/common/Gdc2/Filters/Lzw.cpp; sourceTree = "<group>"; };
/* End PBXFileReference section */

/* Begin PBXFrameworksBuildPhase section */
		343FB88B2386621400797ABC /* Frameworks */ = {
			isa = PBXFrameworksBuildPhase;
			buildActionMask = 2147483647;
			files = (
				34CC003F23AAD34600CCAAEA /* Cocoa.framework in Frameworks */,
				343FB8C62386638C00797ABC /* LgiCocoa.framework in Frameworks */,
			);
			runOnlyForDeploymentPostprocessing = 0;
		};
/* End PBXFrameworksBuildPhase section */

/* Begin PBXGroup section */
		343FB8852386621400797ABC = {
			isa = PBXGroup;
			children = (
				343FB8A22386625100797ABC /* Cocoa */,
				343FB8B9238662DB00797ABC /* Code */,
				343FB8C52386638C00797ABC /* Frameworks */,
				343FB8A32386626700797ABC /* Lgi */,
				343FB88F2386621400797ABC /* Products */,
				34CC003923AAD32200CCAAEA /* Resources */,
			);
			sourceTree = "<group>";
		};
		343FB88F2386621400797ABC /* Products */ = {
			isa = PBXGroup;
			children = (
				343FB88E2386621400797ABC /* LgiRes.app */,
			);
			name = Products;
			sourceTree = "<group>";
		};
		343FB8A22386625100797ABC /* Cocoa */ = {
			isa = PBXGroup;
			children = (
				343FB8942386621600797ABC /* Assets.xcassets */,
				343FB8992386621600797ABC /* Info.plist */,
				343FB89C2386621600797ABC /* LgiRes.entitlements */,
			);
			name = Cocoa;
			sourceTree = "<group>";
		};
		343FB8A32386626700797ABC /* Lgi */ = {
			isa = PBXGroup;
			children = (
				34CC006A23AAD5FC00CCAAEA /* Gif.cpp */,
				34CC006B23AAD5FC00CCAAEA /* Lzw.cpp */,
				34CC003623AAD2FE00CCAAEA /* GAbout.cpp */,
				34CC003523AAD2FD00CCAAEA /* GDocApp.cpp */,
				34CC003323AAD2E700CCAAEA /* GMru.cpp */,
				343FB8DB2386642A00797ABC /* GOptionsFile.cpp */,
				34CC003123AAD2C100CCAAEA /* GStatusBar.cpp */,
				343FB8AA238662C500797ABC /* LgiMain.cpp */,
				34CC004123AAD54200CCAAEA /* Png.cpp */,
				343FB8A42386627A00797ABC /* LgiCocoa.xcodeproj */,
				34CC004323AAD57F00CCAAEA /* libpng.xcodeproj */,
			);
			name = Lgi;
			sourceTree = "<group>";
		};
		343FB8A52386627A00797ABC /* Products */ = {
			isa = PBXGroup;
			children = (
				343FB8A92386627A00797ABC /* LgiCocoa.framework */,
			);
			name = Products;
			sourceTree = "<group>";
		};
		343FB8B9238662DB00797ABC /* Code */ = {
			isa = PBXGroup;
			children = (
				34CC001C23AAD2A100CCAAEA /* LgiRes_ControlTree.cpp */,
				34CC002123AAD2A100CCAAEA /* LgiRes_Css.cpp */,
				34CC002623AAD2A100CCAAEA /* LgiRes_Dialog.cpp */,
				34CC001D23AAD2A100CCAAEA /* LgiRes_Dialog.h */,
				34CC002023AAD2A100CCAAEA /* LgiRes_Menu.cpp */,
				34CC002523AAD2A100CCAAEA /* LgiRes_Menu.h */,
				34CC002723AAD2A100CCAAEA /* LgiRes_String.cpp */,
				34CC002223AAD2A100CCAAEA /* LgiRes_String.h */,
				34CC001E23AAD2A100CCAAEA /* LgiRes_TableLayout.cpp */,
				34CC002323AAD2A100CCAAEA /* LgiResApp.cpp */,
				34CC001F23AAD2A100CCAAEA /* LgiResEdit.h */,
				34CC001B23AAD2A100CCAAEA /* Search.cpp */,
				34CC002423AAD2A100CCAAEA /* ShowLanguages.cpp */,
			);
			name = Code;
			sourceTree = "<group>";
		};
		343FB8C52386638C00797ABC /* Frameworks */ = {
			isa = PBXGroup;
			children = (
				34CC003E23AAD34600CCAAEA /* Cocoa.framework */,
			);
			name = Frameworks;
			sourceTree = "<group>";
		};
		34CC003923AAD32200CCAAEA /* Resources */ = {
			isa = PBXGroup;
			children = (
				34CC006323AAD5DB00CCAAEA /* _DialogIcons.gif */,
				34CC006523AAD5DB00CCAAEA /* _Icons.gif */,
				34CC006423AAD5DB00CCAAEA /* _MenuIcons.gif */,
				34CC006223AAD5DB00CCAAEA /* _StringIcons.gif */,
				34CC003B23AAD33500CCAAEA /* lgires.lr8 */,
				34CC003A23AAD33500CCAAEA /* mac-icon.icns */,
			);
			name = Resources;
			sourceTree = "<group>";
		};
		34CC004423AAD57F00CCAAEA /* Products */ = {
			isa = PBXGroup;
			children = (
				34CC005223AAD57F00CCAAEA /* example */,
				34CC005423AAD57F00CCAAEA /* libpng15.15.4.0.dylib */,
				34CC005623AAD57F00CCAAEA /* libpng15_static.a */,
				34CC005823AAD57F00CCAAEA /* minigzip */,
				34CC005A23AAD57F00CCAAEA /* pngtest */,
				34CC005C23AAD57F00CCAAEA /* libz_local.dylib */,
				34CC005E23AAD57F00CCAAEA /* libzlib_static.a */,
			);
			name = Products;
			sourceTree = "<group>";
		};
/* End PBXGroup section */

/* Begin PBXNativeTarget section */
		343FB88D2386621400797ABC /* LgiRes */ = {
			isa = PBXNativeTarget;
			buildConfigurationList = 343FB89F2386621600797ABC /* Build configuration list for PBXNativeTarget "LgiRes" */;
			buildPhases = (
				343FB88A2386621400797ABC /* Sources */,
				343FB88B2386621400797ABC /* Frameworks */,
				343FB88C2386621400797ABC /* Resources */,
				343FB8C72386639100797ABC /* CopyFiles */,
			);
			buildRules = (
			);
			dependencies = (
				34CC006023AAD58F00CCAAEA /* PBXTargetDependency */,
				343FB8C42386638800797ABC /* PBXTargetDependency */,
			);
			name = LgiRes;
			productName = LgiRes;
			productReference = 343FB88E2386621400797ABC /* LgiRes.app */;
			productType = "com.apple.product-type.application";
		};
/* End PBXNativeTarget section */

/* Begin PBXProject section */
		343FB8862386621400797ABC /* Project object */ = {
			isa = PBXProject;
			attributes = {
				LastUpgradeCheck = 1010;
				ORGANIZATIONNAME = Memecode;
				TargetAttributes = {
					343FB88D2386621400797ABC = {
						CreatedOnToolsVersion = 10.1;
					};
				};
			};
			buildConfigurationList = 343FB8892386621400797ABC /* Build configuration list for PBXProject "LgiRes" */;
			compatibilityVersion = "Xcode 9.3";
			developmentRegion = en;
			hasScannedForEncodings = 0;
			knownRegions = (
				en,
				Base,
			);
			mainGroup = 343FB8852386621400797ABC;
			productRefGroup = 343FB88F2386621400797ABC /* Products */;
			projectDirPath = "";
			projectReferences = (
				{
					ProductGroup = 343FB8A52386627A00797ABC /* Products */;
					ProjectRef = 343FB8A42386627A00797ABC /* LgiCocoa.xcodeproj */;
				},
				{
					ProductGroup = 34CC004423AAD57F00CCAAEA /* Products */;
					ProjectRef = 34CC004323AAD57F00CCAAEA /* libpng.xcodeproj */;
				},
			);
			projectRoot = "";
			targets = (
				343FB88D2386621400797ABC /* LgiRes */,
			);
		};
/* End PBXProject section */

/* Begin PBXReferenceProxy section */
		343FB8A92386627A00797ABC /* LgiCocoa.framework */ = {
			isa = PBXReferenceProxy;
			fileType = wrapper.framework;
			path = LgiCocoa.framework;
			remoteRef = 343FB8A82386627A00797ABC /* PBXContainerItemProxy */;
			sourceTree = BUILT_PRODUCTS_DIR;
		};
		34CC005223AAD57F00CCAAEA /* example */ = {
			isa = PBXReferenceProxy;
			fileType = "compiled.mach-o.executable";
			path = example;
			remoteRef = 34CC005123AAD57F00CCAAEA /* PBXContainerItemProxy */;
			sourceTree = BUILT_PRODUCTS_DIR;
		};
		34CC005423AAD57F00CCAAEA /* libpng15.15.4.0.dylib */ = {
			isa = PBXReferenceProxy;
			fileType = "compiled.mach-o.dylib";
			path = libpng15.15.4.0.dylib;
			remoteRef = 34CC005323AAD57F00CCAAEA /* PBXContainerItemProxy */;
			sourceTree = BUILT_PRODUCTS_DIR;
		};
		34CC005623AAD57F00CCAAEA /* libpng15_static.a */ = {
			isa = PBXReferenceProxy;
			fileType = archive.ar;
			path = libpng15_static.a;
			remoteRef = 34CC005523AAD57F00CCAAEA /* PBXContainerItemProxy */;
			sourceTree = BUILT_PRODUCTS_DIR;
		};
		34CC005823AAD57F00CCAAEA /* minigzip */ = {
			isa = PBXReferenceProxy;
			fileType = "compiled.mach-o.executable";
			path = minigzip;
			remoteRef = 34CC005723AAD57F00CCAAEA /* PBXContainerItemProxy */;
			sourceTree = BUILT_PRODUCTS_DIR;
		};
		34CC005A23AAD57F00CCAAEA /* pngtest */ = {
			isa = PBXReferenceProxy;
			fileType = "compiled.mach-o.executable";
			path = pngtest;
			remoteRef = 34CC005923AAD57F00CCAAEA /* PBXContainerItemProxy */;
			sourceTree = BUILT_PRODUCTS_DIR;
		};
		34CC005C23AAD57F00CCAAEA /* libz_local.dylib */ = {
			isa = PBXReferenceProxy;
			fileType = "compiled.mach-o.dylib";
			name = libz_local.dylib;
			path = libz_local.1.2.5.dylib;
			remoteRef = 34CC005B23AAD57F00CCAAEA /* PBXContainerItemProxy */;
			sourceTree = BUILT_PRODUCTS_DIR;
		};
		34CC005E23AAD57F00CCAAEA /* libzlib_static.a */ = {
			isa = PBXReferenceProxy;
			fileType = archive.ar;
			path = libzlib_static.a;
			remoteRef = 34CC005D23AAD57F00CCAAEA /* PBXContainerItemProxy */;
			sourceTree = BUILT_PRODUCTS_DIR;
		};
/* End PBXReferenceProxy section */

/* Begin PBXResourcesBuildPhase section */
		343FB88C2386621400797ABC /* Resources */ = {
			isa = PBXResourcesBuildPhase;
			buildActionMask = 2147483647;
			files = (
				343FB8952386621600797ABC /* Assets.xcassets in Resources */,
				34CC003C23AAD33500CCAAEA /* mac-icon.icns in Resources */,
				34CC006623AAD5DB00CCAAEA /* _StringIcons.gif in Resources */,
				34CC006723AAD5DB00CCAAEA /* _DialogIcons.gif in Resources */,
				34CC006823AAD5DB00CCAAEA /* _MenuIcons.gif in Resources */,
				34CC006923AAD5DB00CCAAEA /* _Icons.gif in Resources */,
				34CC003D23AAD33500CCAAEA /* lgires.lr8 in Resources */,
			);
			runOnlyForDeploymentPostprocessing = 0;
		};
/* End PBXResourcesBuildPhase section */

/* Begin PBXSourcesBuildPhase section */
		343FB88A2386621400797ABC /* Sources */ = {
			isa = PBXSourcesBuildPhase;
			buildActionMask = 2147483647;
			files = (
				34CC002B23AAD2A100CCAAEA /* LgiRes_Menu.cpp in Sources */,
				34CC002C23AAD2A100CCAAEA /* LgiRes_Css.cpp in Sources */,
				343FB8DC2386642A00797ABC /* GOptionsFile.cpp in Sources */,
				34CC002F23AAD2A100CCAAEA /* LgiRes_Dialog.cpp in Sources */,
				34CC003723AAD2FE00CCAAEA /* GDocApp.cpp in Sources */,
				34CC003823AAD2FE00CCAAEA /* GAbout.cpp in Sources */,
				34CC002E23AAD2A100CCAAEA /* ShowLanguages.cpp in Sources */,
				34CC002923AAD2A100CCAAEA /* LgiRes_ControlTree.cpp in Sources */,
				34CC003023AAD2A100CCAAEA /* LgiRes_String.cpp in Sources */,
				34CC006D23AAD5FC00CCAAEA /* Lzw.cpp in Sources */,
				34CC002823AAD2A100CCAAEA /* Search.cpp in Sources */,
				34CC006C23AAD5FC00CCAAEA /* Gif.cpp in Sources */,
				34CC002D23AAD2A100CCAAEA /* LgiResApp.cpp in Sources */,
				34CC003423AAD2E700CCAAEA /* GMru.cpp in Sources */,
				34CC002A23AAD2A100CCAAEA /* LgiRes_TableLayout.cpp in Sources */,
				34CC004223AAD54200CCAAEA /* Png.cpp in Sources */,
				343FB8AB238662C500797ABC /* LgiMain.cpp in Sources */,
				34CC003223AAD2C100CCAAEA /* GStatusBar.cpp in Sources */,
			);
			runOnlyForDeploymentPostprocessing = 0;
		};
/* End PBXSourcesBuildPhase section */

/* Begin PBXTargetDependency section */
		343FB8C42386638800797ABC /* PBXTargetDependency */ = {
			isa = PBXTargetDependency;
			name = LgiCocoa;
			targetProxy = 343FB8C32386638800797ABC /* PBXContainerItemProxy */;
		};
		34CC006023AAD58F00CCAAEA /* PBXTargetDependency */ = {
			isa = PBXTargetDependency;
			name = libpng15;
			targetProxy = 34CC005F23AAD58F00CCAAEA /* PBXContainerItemProxy */;
		};
/* End PBXTargetDependency section */

/* Begin XCBuildConfiguration section */
		343FB89D2386621600797ABC /* Debug */ = {
			isa = XCBuildConfiguration;
			buildSettings = {
				ALWAYS_SEARCH_USER_PATHS = NO;
				CLANG_ANALYZER_NONNULL = YES;
				CLANG_ANALYZER_NUMBER_OBJECT_CONVERSION = YES_AGGRESSIVE;
				CLANG_CXX_LANGUAGE_STANDARD = "gnu++14";
				CLANG_CXX_LIBRARY = "libc++";
				CLANG_ENABLE_MODULES = YES;
				CLANG_ENABLE_OBJC_ARC = YES;
				CLANG_ENABLE_OBJC_WEAK = YES;
				CLANG_WARN_BLOCK_CAPTURE_AUTORELEASING = YES;
				CLANG_WARN_BOOL_CONVERSION = YES;
				CLANG_WARN_COMMA = YES;
				CLANG_WARN_CONSTANT_CONVERSION = YES;
				CLANG_WARN_DEPRECATED_OBJC_IMPLEMENTATIONS = YES;
				CLANG_WARN_DIRECT_OBJC_ISA_USAGE = YES_ERROR;
				CLANG_WARN_DOCUMENTATION_COMMENTS = YES;
				CLANG_WARN_EMPTY_BODY = YES;
				CLANG_WARN_ENUM_CONVERSION = YES;
				CLANG_WARN_INFINITE_RECURSION = YES;
				CLANG_WARN_INT_CONVERSION = YES;
				CLANG_WARN_NON_LITERAL_NULL_CONVERSION = YES;
				CLANG_WARN_OBJC_IMPLICIT_RETAIN_SELF = YES;
				CLANG_WARN_OBJC_LITERAL_CONVERSION = YES;
				CLANG_WARN_OBJC_ROOT_CLASS = YES_ERROR;
				CLANG_WARN_RANGE_LOOP_ANALYSIS = YES;
				CLANG_WARN_STRICT_PROTOTYPES = YES;
				CLANG_WARN_SUSPICIOUS_MOVE = YES;
				CLANG_WARN_UNGUARDED_AVAILABILITY = YES_AGGRESSIVE;
				CLANG_WARN_UNREACHABLE_CODE = YES;
				CLANG_WARN__DUPLICATE_METHOD_MATCH = YES;
				CODE_SIGN_IDENTITY = "-";
				COPY_PHASE_STRIP = NO;
				DEBUG_INFORMATION_FORMAT = dwarf;
				ENABLE_STRICT_OBJC_MSGSEND = YES;
				ENABLE_TESTABILITY = YES;
				GCC_C_LANGUAGE_STANDARD = gnu11;
				GCC_DYNAMIC_NO_PIC = NO;
				GCC_NO_COMMON_BLOCKS = YES;
				GCC_OPTIMIZATION_LEVEL = 0;
				GCC_PREPROCESSOR_DEFINITIONS = (
					"DEBUG=1",
					"$(inherited)",
				);
				GCC_WARN_64_TO_32_BIT_CONVERSION = YES;
				GCC_WARN_ABOUT_RETURN_TYPE = YES_ERROR;
				GCC_WARN_UNDECLARED_SELECTOR = YES;
				GCC_WARN_UNINITIALIZED_AUTOS = YES_AGGRESSIVE;
				GCC_WARN_UNUSED_FUNCTION = YES;
				GCC_WARN_UNUSED_VARIABLE = YES;
				MACOSX_DEPLOYMENT_TARGET = 10.13;
				MTL_ENABLE_DEBUG_INFO = INCLUDE_SOURCE;
				MTL_FAST_MATH = YES;
				ONLY_ACTIVE_ARCH = YES;
				SDKROOT = macosx;
			};
			name = Debug;
		};
		343FB89E2386621600797ABC /* Release */ = {
			isa = XCBuildConfiguration;
			buildSettings = {
				ALWAYS_SEARCH_USER_PATHS = NO;
				CLANG_ANALYZER_NONNULL = YES;
				CLANG_ANALYZER_NUMBER_OBJECT_CONVERSION = YES_AGGRESSIVE;
				CLANG_CXX_LANGUAGE_STANDARD = "gnu++14";
				CLANG_CXX_LIBRARY = "libc++";
				CLANG_ENABLE_MODULES = YES;
				CLANG_ENABLE_OBJC_ARC = YES;
				CLANG_ENABLE_OBJC_WEAK = YES;
				CLANG_WARN_BLOCK_CAPTURE_AUTORELEASING = YES;
				CLANG_WARN_BOOL_CONVERSION = YES;
				CLANG_WARN_COMMA = YES;
				CLANG_WARN_CONSTANT_CONVERSION = YES;
				CLANG_WARN_DEPRECATED_OBJC_IMPLEMENTATIONS = YES;
				CLANG_WARN_DIRECT_OBJC_ISA_USAGE = YES_ERROR;
				CLANG_WARN_DOCUMENTATION_COMMENTS = YES;
				CLANG_WARN_EMPTY_BODY = YES;
				CLANG_WARN_ENUM_CONVERSION = YES;
				CLANG_WARN_INFINITE_RECURSION = YES;
				CLANG_WARN_INT_CONVERSION = YES;
				CLANG_WARN_NON_LITERAL_NULL_CONVERSION = YES;
				CLANG_WARN_OBJC_IMPLICIT_RETAIN_SELF = YES;
				CLANG_WARN_OBJC_LITERAL_CONVERSION = YES;
				CLANG_WARN_OBJC_ROOT_CLASS = YES_ERROR;
				CLANG_WARN_RANGE_LOOP_ANALYSIS = YES;
				CLANG_WARN_STRICT_PROTOTYPES = YES;
				CLANG_WARN_SUSPICIOUS_MOVE = YES;
				CLANG_WARN_UNGUARDED_AVAILABILITY = YES_AGGRESSIVE;
				CLANG_WARN_UNREACHABLE_CODE = YES;
				CLANG_WARN__DUPLICATE_METHOD_MATCH = YES;
				CODE_SIGN_IDENTITY = "-";
				COPY_PHASE_STRIP = NO;
				DEBUG_INFORMATION_FORMAT = "dwarf-with-dsym";
				ENABLE_NS_ASSERTIONS = NO;
				ENABLE_STRICT_OBJC_MSGSEND = YES;
				GCC_C_LANGUAGE_STANDARD = gnu11;
				GCC_NO_COMMON_BLOCKS = YES;
				GCC_WARN_64_TO_32_BIT_CONVERSION = YES;
				GCC_WARN_ABOUT_RETURN_TYPE = YES_ERROR;
				GCC_WARN_UNDECLARED_SELECTOR = YES;
				GCC_WARN_UNINITIALIZED_AUTOS = YES_AGGRESSIVE;
				GCC_WARN_UNUSED_FUNCTION = YES;
				GCC_WARN_UNUSED_VARIABLE = YES;
				MACOSX_DEPLOYMENT_TARGET = 10.13;
				MTL_ENABLE_DEBUG_INFO = NO;
				MTL_FAST_MATH = YES;
				SDKROOT = macosx;
			};
			name = Release;
		};
		343FB8A02386621600797ABC /* Debug */ = {
			isa = XCBuildConfiguration;
			buildSettings = {
				ASSETCATALOG_COMPILER_APPICON_NAME = AppIcon;
				CODE_SIGN_IDENTITY = "-";
				CODE_SIGN_STYLE = Manual;
				COMBINE_HIDPI_IMAGES = YES;
				DEVELOPMENT_TEAM = 2AV9WN2LD8;
				HEADER_SEARCH_PATHS = (
					../../include/common,
					../../include/mac/cocoa,
					../Code,
					../Resources,
					../../../../../CodeLib/libpng/build,
					../../../../../CodeLib/libpng,
				);
				INFOPLIST_FILE = Info.plist;
				LD_RUNPATH_SEARCH_PATHS = (
					"$(inherited)",
					"@executable_path/../Frameworks",
				);
				OTHER_CFLAGS = (
					"-DMAC",
					"-DLGI_COCOA",
					"-D_DEBUG",
				);
				PRODUCT_BUNDLE_IDENTIFIER = com.memecode.LgiRes;
				PRODUCT_NAME = "$(TARGET_NAME)";
				PROVISIONING_PROFILE_SPECIFIER = "";
			};
			name = Debug;
		};
		343FB8A12386621600797ABC /* Release */ = {
			isa = XCBuildConfiguration;
			buildSettings = {
				ASSETCATALOG_COMPILER_APPICON_NAME = AppIcon;
				CODE_SIGN_IDENTITY = "-";
				CODE_SIGN_STYLE = Manual;
				COMBINE_HIDPI_IMAGES = YES;
				DEVELOPMENT_TEAM = 2AV9WN2LD8;
				HEADER_SEARCH_PATHS = (
					../../include/common,
					../../include/mac/cocoa,
					../Code,
					../Resources,
					../../../../../CodeLib/libpng/build,
					../../../../../CodeLib/libpng,
				);
				INFOPLIST_FILE = Info.plist;
				LD_RUNPATH_SEARCH_PATHS = (
					"$(inherited)",
					"@executable_path/../Frameworks",
				);
				OTHER_CFLAGS = (
					"-DMAC",
					"-DLGI_COCOA",
				);
				PRODUCT_BUNDLE_IDENTIFIER = com.memecode.LgiRes;
				PRODUCT_NAME = "$(TARGET_NAME)";
				PROVISIONING_PROFILE_SPECIFIER = "";
			};
			name = Release;
		};
/* End XCBuildConfiguration section */

/* Begin XCConfigurationList section */
		343FB8892386621400797ABC /* Build configuration list for PBXProject "LgiRes" */ = {
			isa = XCConfigurationList;
			buildConfigurations = (
				343FB89D2386621600797ABC /* Debug */,
				343FB89E2386621600797ABC /* Release */,
			);
			defaultConfigurationIsVisible = 0;
			defaultConfigurationName = Release;
		};
		343FB89F2386621600797ABC /* Build configuration list for PBXNativeTarget "LgiRes" */ = {
			isa = XCConfigurationList;
			buildConfigurations = (
				343FB8A02386621600797ABC /* Debug */,
				343FB8A12386621600797ABC /* Release */,
			);
			defaultConfigurationIsVisible = 0;
			defaultConfigurationName = Release;
		};
/* End XCConfigurationList section */
	};
	rootObject = 343FB8862386621400797ABC /* Project object */;
}
