// !$*UTF8*$!
{
	archiveVersion = 1;
	classes = {
	};
	objectVersion = 48;
	objects = {

/* Begin PBXBuildFile section */
		342D52A50F0CBA2F002A1C7C /* LgiMain.cpp in Sources */ = {isa = PBXBuildFile; fileRef = 342D52A40F0CBA2F002A1C7C /* LgiMain.cpp */; };
		343B7EE22D14B846006C250F /* RemoveAnsi.cpp in Sources */ = {isa = PBXBuildFile; fileRef = 343B7EE12D14B846006C250F /* RemoveAnsi.cpp */; };
		3448F8C62081D2500038AE76 /* mac-icon.icns in Resources */ = {isa = PBXBuildFile; fileRef = 3448F8C52081D2500038AE76 /* mac-icon.icns */; };
		3449AB5828B96C8A00F8AAD4 /* SshConnection.cpp in Sources */ = {isa = PBXBuildFile; fileRef = 3449AB5728B96C8A00F8AAD4 /* SshConnection.cpp */; };
		3457FE492081CB3D00014BE4 /* BrowseUi.cpp in Sources */ = {isa = PBXBuildFile; fileRef = 3457FE3E2081CB3D00014BE4 /* BrowseUi.cpp */; };
		3457FE4A2081CB3D00014BE4 /* DropDownBtn.cpp in Sources */ = {isa = PBXBuildFile; fileRef = 3457FE3F2081CB3D00014BE4 /* DropDownBtn.cpp */; };
		3457FE4B2081CB3D00014BE4 /* Main.cpp in Sources */ = {isa = PBXBuildFile; fileRef = 3457FE412081CB3D00014BE4 /* Main.cpp */; };
		3457FE4C2081CB3D00014BE4 /* VcCommit.cpp in Sources */ = {isa = PBXBuildFile; fileRef = 3457FE432081CB3D00014BE4 /* VcCommit.cpp */; };
		3457FE4D2081CB3D00014BE4 /* VcFile.cpp in Sources */ = {isa = PBXBuildFile; fileRef = 3457FE452081CB3D00014BE4 /* VcFile.cpp */; };
		3457FE4E2081CB3D00014BE4 /* VcFolder.cpp in Sources */ = {isa = PBXBuildFile; fileRef = 3457FE472081CB3D00014BE4 /* VcFolder.cpp */; };
		3457FE502081CBE500014BE4 /* SubProcess.cpp in Sources */ = {isa = PBXBuildFile; fileRef = 3457FE4F2081CBE500014BE4 /* SubProcess.cpp */; };
		3457FE522081CC4800014BE4 /* Lvc.lr8 in Resources */ = {isa = PBXBuildFile; fileRef = 3457FE512081CC4800014BE4 /* Lvc.lr8 */; };
		3465A7E32B2AB1BF00084F66 /* PostBuildStep.py in Resources */ = {isa = PBXBuildFile; fileRef = 3465A7E22B2AB1BF00084F66 /* PostBuildStep.py */; };
		346F5AC72BA507C000D64829 /* libssh.4.9.6.dylib in Frameworks */ = {isa = PBXBuildFile; fileRef = 34DB96442BA5060A0058A51D /* libssh.4.9.6.dylib */; };
		347D1489252D453300422DA9 /* DeEscape.cpp in Sources */ = {isa = PBXBuildFile; fileRef = 347D1488252D453300422DA9 /* DeEscape.cpp */; };
		3485E7F5294F13F70020C14D /* PatchViewer.cpp in Sources */ = {isa = PBXBuildFile; fileRef = 3485E7F4294F13F70020C14D /* PatchViewer.cpp */; };
		3492DE852D1CC7340003BE0F /* libpng16d.16.45.git.dylib in CopyFiles */ = {isa = PBXBuildFile; fileRef = 3492DE832D1CC7260003BE0F /* libpng16d.16.45.git.dylib */; settings = {ATTRIBUTES = (CodeSignOnCopy, ); }; };
		34BD35B120C5484A0001838A /* ControlTree.cpp in Sources */ = {isa = PBXBuildFile; fileRef = 34BD35B020C5484A0001838A /* ControlTree.cpp */; };
		34BD35B320C548710001838A /* XmlTreeUi.cpp in Sources */ = {isa = PBXBuildFile; fileRef = 34BD35B220C548710001838A /* XmlTreeUi.cpp */; };
		34C032B32319CDE900470DF2 /* Cocoa.framework in Frameworks */ = {isa = PBXBuildFile; fileRef = 34C032B22319CDE900470DF2 /* Cocoa.framework */; };
		34C032BB2319CE8C00470DF2 /* LgiCocoa.framework in Frameworks */ = {isa = PBXBuildFile; fileRef = 34C032B92319CDFE00470DF2 /* LgiCocoa.framework */; };
		34C032BD2319CEC100470DF2 /* OptionsFile.cpp in Sources */ = {isa = PBXBuildFile; fileRef = 34C032BC2319CEC100470DF2 /* OptionsFile.cpp */; };
		34C032BE2319CEF200470DF2 /* LgiCocoa.framework in CopyFiles */ = {isa = PBXBuildFile; fileRef = 34C032B92319CDFE00470DF2 /* LgiCocoa.framework */; settings = {ATTRIBUTES = (CodeSignOnCopy, RemoveHeadersOnCopy, ); }; };
		34DB96462BA5061E0058A51D /* libssh.4.9.6.dylib in CopyFiles */ = {isa = PBXBuildFile; fileRef = 34DB96442BA5060A0058A51D /* libssh.4.9.6.dylib */; settings = {ATTRIBUTES = (CodeSignOnCopy, ); }; };
		34E1910C20B1898E00005243 /* image-list.png in Resources */ = {isa = PBXBuildFile; fileRef = 34E1910B20B1898E00005243 /* image-list.png */; };
		8D0C4E8D0486CD37000505A6 /* InfoPlist.strings in Resources */ = {isa = PBXBuildFile; fileRef = 0867D6AAFE840B52C02AAC07 /* InfoPlist.strings */; };
/* End PBXBuildFile section */

/* Begin PBXContainerItemProxy section */
		34C032B82319CDFE00470DF2 /* PBXContainerItemProxy */ = {
			isa = PBXContainerItemProxy;
			containerPortal = 34C032B42319CDFE00470DF2 /* LgiCocoa.xcodeproj */;
			proxyType = 2;
			remoteGlobalIDString = 3477C2681CBF020F0028B84B;
			remoteInfo = LgiCocoa;
		};
		34C032BF2319CF1A00470DF2 /* PBXContainerItemProxy */ = {
			isa = PBXContainerItemProxy;
			containerPortal = 34C032B42319CDFE00470DF2 /* LgiCocoa.xcodeproj */;
			proxyType = 1;
			remoteGlobalIDString = 3477C2671CBF020F0028B84B;
			remoteInfo = LgiCocoa;
		};
/* End PBXContainerItemProxy section */

/* Begin PBXCopyFilesBuildPhase section */
		34640D3212D5D8AB00B207F4 /* CopyFiles */ = {
			isa = PBXCopyFilesBuildPhase;
			buildActionMask = 2147483647;
			dstPath = "";
			dstSubfolderSpec = 10;
			files = (
				3492DE852D1CC7340003BE0F /* libpng16d.16.45.git.dylib in CopyFiles */,
				34DB96462BA5061E0058A51D /* libssh.4.9.6.dylib in CopyFiles */,
				34C032BE2319CEF200470DF2 /* LgiCocoa.framework in CopyFiles */,
			);
			runOnlyForDeploymentPostprocessing = 0;
		};
/* End PBXCopyFilesBuildPhase section */

/* Begin PBXFileReference section */
		342D52A40F0CBA2F002A1C7C /* LgiMain.cpp */ = {isa = PBXFileReference; fileEncoding = 4; lastKnownFileType = sourcecode.cpp.cpp; name = LgiMain.cpp; path = ../../src/common/Lgi/LgiMain.cpp; sourceTree = SOURCE_ROOT; };
		343B7EE12D14B846006C250F /* RemoveAnsi.cpp */ = {isa = PBXFileReference; fileEncoding = 4; lastKnownFileType = sourcecode.cpp.cpp; name = RemoveAnsi.cpp; path = ../../src/common/Text/RemoveAnsi.cpp; sourceTree = "<group>"; };
		3448F8C52081D2500038AE76 /* mac-icon.icns */ = {isa = PBXFileReference; lastKnownFileType = image.icns; name = "mac-icon.icns"; path = "../Resources/mac-icon.icns"; sourceTree = "<group>"; };
		3449AB5628B96C8A00F8AAD4 /* SshConnection.h */ = {isa = PBXFileReference; fileEncoding = 4; lastKnownFileType = sourcecode.c.h; name = SshConnection.h; path = ../Src/SshConnection.h; sourceTree = "<group>"; };
		3449AB5728B96C8A00F8AAD4 /* SshConnection.cpp */ = {isa = PBXFileReference; fileEncoding = 4; lastKnownFileType = sourcecode.cpp.cpp; name = SshConnection.cpp; path = ../Src/SshConnection.cpp; sourceTree = "<group>"; };
		3457FE3E2081CB3D00014BE4 /* BrowseUi.cpp */ = {isa = PBXFileReference; fileEncoding = 4; lastKnownFileType = sourcecode.cpp.cpp; name = BrowseUi.cpp; path = ../src/BrowseUi.cpp; sourceTree = "<group>"; };
		3457FE3F2081CB3D00014BE4 /* DropDownBtn.cpp */ = {isa = PBXFileReference; fileEncoding = 4; lastKnownFileType = sourcecode.cpp.cpp; name = DropDownBtn.cpp; path = ../Src/DropDownBtn.cpp; sourceTree = "<group>"; };
		3457FE402081CB3D00014BE4 /* Lvc.h */ = {isa = PBXFileReference; fileEncoding = 4; lastKnownFileType = sourcecode.c.h; name = Lvc.h; path = ../Src/Lvc.h; sourceTree = "<group>"; };
		3457FE412081CB3D00014BE4 /* Main.cpp */ = {isa = PBXFileReference; fileEncoding = 4; lastKnownFileType = sourcecode.cpp.cpp; name = Main.cpp; path = ../Src/Main.cpp; sourceTree = "<group>"; };
		3457FE422081CB3D00014BE4 /* resdefs.h */ = {isa = PBXFileReference; fileEncoding = 4; lastKnownFileType = sourcecode.c.h; name = resdefs.h; path = ../Resources/resdefs.h; sourceTree = "<group>"; };
		3457FE432081CB3D00014BE4 /* VcCommit.cpp */ = {isa = PBXFileReference; fileEncoding = 4; lastKnownFileType = sourcecode.cpp.cpp; name = VcCommit.cpp; path = ../Src/VcCommit.cpp; sourceTree = "<group>"; };
		3457FE442081CB3D00014BE4 /* VcCommit.h */ = {isa = PBXFileReference; fileEncoding = 4; lastKnownFileType = sourcecode.c.h; name = VcCommit.h; path = ../Src/VcCommit.h; sourceTree = "<group>"; };
		3457FE452081CB3D00014BE4 /* VcFile.cpp */ = {isa = PBXFileReference; fileEncoding = 4; lastKnownFileType = sourcecode.cpp.cpp; name = VcFile.cpp; path = ../Src/VcFile.cpp; sourceTree = "<group>"; };
		3457FE462081CB3D00014BE4 /* VcFile.h */ = {isa = PBXFileReference; fileEncoding = 4; lastKnownFileType = sourcecode.c.h; name = VcFile.h; path = ../Src/VcFile.h; sourceTree = "<group>"; };
		3457FE472081CB3D00014BE4 /* VcFolder.cpp */ = {isa = PBXFileReference; fileEncoding = 4; lastKnownFileType = sourcecode.cpp.cpp; name = VcFolder.cpp; path = ../Src/VcFolder.cpp; sourceTree = "<group>"; };
		3457FE482081CB3D00014BE4 /* VcFolder.h */ = {isa = PBXFileReference; fileEncoding = 4; lastKnownFileType = sourcecode.c.h; name = VcFolder.h; path = ../Src/VcFolder.h; sourceTree = "<group>"; };
		3457FE4F2081CBE500014BE4 /* SubProcess.cpp */ = {isa = PBXFileReference; explicitFileType = sourcecode.cpp.objcpp; fileEncoding = 4; name = SubProcess.cpp; path = ../../src/posix/SubProcess.cpp; sourceTree = "<group>"; };
		3457FE512081CC4800014BE4 /* Lvc.lr8 */ = {isa = PBXFileReference; explicitFileType = text; fileEncoding = 4; name = Lvc.lr8; path = ../Resources/Lvc.lr8; sourceTree = "<group>"; };
		3465A7E22B2AB1BF00084F66 /* PostBuildStep.py */ = {isa = PBXFileReference; fileEncoding = 4; lastKnownFileType = text.script.python; path = PostBuildStep.py; sourceTree = "<group>"; };
		347D1488252D453300422DA9 /* DeEscape.cpp */ = {isa = PBXFileReference; fileEncoding = 4; lastKnownFileType = sourcecode.cpp.cpp; name = DeEscape.cpp; path = ../../src/common/Text/DeEscape.cpp; sourceTree = "<group>"; };
		3485E7F4294F13F70020C14D /* PatchViewer.cpp */ = {isa = PBXFileReference; fileEncoding = 4; lastKnownFileType = sourcecode.cpp.cpp; name = PatchViewer.cpp; path = ../Src/PatchViewer.cpp; sourceTree = "<group>"; };
		3488EE99233C16AF00756838 /* en */ = {isa = PBXFileReference; fileEncoding = 10; lastKnownFileType = text.plist.strings; name = en; path = en.lproj/InfoPlist.strings; sourceTree = "<group>"; };
		3492DE832D1CC7260003BE0F /* libpng16d.16.45.git.dylib */ = {isa = PBXFileReference; lastKnownFileType = "compiled.mach-o.dylib"; name = libpng16d.16.45.git.dylib; path = "../../../deps/build-debug/lib/libpng16d.16.45.git.dylib"; sourceTree = "<group>"; };
		34BD35B020C5484A0001838A /* ControlTree.cpp */ = {isa = PBXFileReference; fileEncoding = 4; lastKnownFileType = sourcecode.cpp.cpp; name = ControlTree.cpp; path = ../../src/common/Widgets/ControlTree.cpp; sourceTree = "<group>"; };
		34BD35B220C548710001838A /* XmlTreeUi.cpp */ = {isa = PBXFileReference; fileEncoding = 4; lastKnownFileType = sourcecode.cpp.cpp; name = XmlTreeUi.cpp; path = ../../src/common/Text/XmlTreeUi.cpp; sourceTree = "<group>"; };
		34C032B22319CDE900470DF2 /* Cocoa.framework */ = {isa = PBXFileReference; lastKnownFileType = wrapper.framework; name = Cocoa.framework; path = ../../../../../../../System/Library/Frameworks/Cocoa.framework; sourceTree = "<group>"; };
		34C032B42319CDFE00470DF2 /* LgiCocoa.xcodeproj */ = {isa = PBXFileReference; lastKnownFileType = "wrapper.pb-project"; name = LgiCocoa.xcodeproj; path = ../../src/mac/cocoa/LgiCocoa.xcodeproj; sourceTree = "<group>"; };
		34C032BC2319CEC100470DF2 /* OptionsFile.cpp */ = {isa = PBXFileReference; fileEncoding = 4; lastKnownFileType = sourcecode.cpp.cpp; name = OptionsFile.cpp; path = ../../src/common/Lgi/OptionsFile.cpp; sourceTree = "<group>"; };
		34DB96442BA5060A0058A51D /* libssh.4.9.6.dylib */ = {isa = PBXFileReference; lastKnownFileType = "compiled.mach-o.dylib"; name = libssh.4.9.6.dylib; path = /opt/local/lib/libssh.4.9.6.dylib; sourceTree = "<absolute>"; };
		34E1910B20B1898E00005243 /* image-list.png */ = {isa = PBXFileReference; lastKnownFileType = image.png; name = "image-list.png"; path = "../Resources/image-list.png"; sourceTree = "<group>"; };
		8D0C4E960486CD37000505A6 /* Info.plist */ = {isa = PBXFileReference; fileEncoding = 4; lastKnownFileType = text.plist; path = Info.plist; sourceTree = "<group>"; };
		8D0C4E970486CD37000505A6 /* Lvc.app */ = {isa = PBXFileReference; explicitFileType = wrapper.application; includeInIndex = 0; path = Lvc.app; sourceTree = BUILT_PRODUCTS_DIR; };
/* End PBXFileReference section */

/* Begin PBXFrameworksBuildPhase section */
		8D0C4E910486CD37000505A6 /* Frameworks */ = {
			isa = PBXFrameworksBuildPhase;
			buildActionMask = 2147483647;
			files = (
				34C032BB2319CE8C00470DF2 /* LgiCocoa.framework in Frameworks */,
				34C032B32319CDE900470DF2 /* Cocoa.framework in Frameworks */,
				346F5AC72BA507C000D64829 /* libssh.4.9.6.dylib in Frameworks */,
			);
			runOnlyForDeploymentPostprocessing = 0;
		};
/* End PBXFrameworksBuildPhase section */

/* Begin PBXGroup section */
		195DF8CFFE9D517E11CA2CBB /* Products */ = {
			isa = PBXGroup;
			children = (
				8D0C4E970486CD37000505A6 /* Lvc.app */,
			);
			name = Products;
			sourceTree = "<group>";
		};
		20286C29FDCF999611CA2CEA /* i.Hex */ = {
			isa = PBXGroup;
			children = (
				20286C2AFDCF999611CA2CEA /* Sources */,
				20286C2CFDCF999611CA2CEA /* Resources */,
				20286C32FDCF999611CA2CEA /* External Frameworks and Libraries */,
				195DF8CFFE9D517E11CA2CBB /* Products */,
				347D1483252D450500422DA9 /* Frameworks */,
			);
			name = i.Hex;
			sourceTree = "<group>";
		};
		20286C2AFDCF999611CA2CEA /* Sources */ = {
			isa = PBXGroup;
			children = (
				3457FE412081CB3D00014BE4 /* Main.cpp */,
				3457FE432081CB3D00014BE4 /* VcCommit.cpp */,
				3457FE452081CB3D00014BE4 /* VcFile.cpp */,
				3457FE472081CB3D00014BE4 /* VcFolder.cpp */,
				3457FE402081CB3D00014BE4 /* Lvc.h */,
				3457FE442081CB3D00014BE4 /* VcCommit.h */,
				3457FE462081CB3D00014BE4 /* VcFile.h */,
				3457FE482081CB3D00014BE4 /* VcFolder.h */,
				342D52A30F0CBA07002A1C7C /* Lgi */,
				3449AB3D28B96C7800F8AAD4 /* Ssh */,
				3485E7F6294F15EE0020C14D /* UI */,
			);
			name = Sources;
			sourceTree = "<group>";
		};
		20286C2CFDCF999611CA2CEA /* Resources */ = {
			isa = PBXGroup;
			children = (
				3465A7E22B2AB1BF00084F66 /* PostBuildStep.py */,
				3457FE422081CB3D00014BE4 /* resdefs.h */,
				34E1910B20B1898E00005243 /* image-list.png */,
				3448F8C52081D2500038AE76 /* mac-icon.icns */,
				3457FE512081CC4800014BE4 /* Lvc.lr8 */,
				8D0C4E960486CD37000505A6 /* Info.plist */,
				0867D6AAFE840B52C02AAC07 /* InfoPlist.strings */,
			);
			name = Resources;
			sourceTree = "<group>";
		};
		20286C32FDCF999611CA2CEA /* External Frameworks and Libraries */ = {
			isa = PBXGroup;
			children = (
				3492DE832D1CC7260003BE0F /* libpng16d.16.45.git.dylib */,
				34DB96442BA5060A0058A51D /* libssh.4.9.6.dylib */,
				34C032B42319CDFE00470DF2 /* LgiCocoa.xcodeproj */,
				34C032B22319CDE900470DF2 /* Cocoa.framework */,
			);
			name = "External Frameworks and Libraries";
			sourceTree = "<group>";
		};
		342D52A30F0CBA07002A1C7C /* Lgi */ = {
			isa = PBXGroup;
			children = (
				343B7EE12D14B846006C250F /* RemoveAnsi.cpp */,
				347D1488252D453300422DA9 /* DeEscape.cpp */,
				34C032BC2319CEC100470DF2 /* OptionsFile.cpp */,
				34BD35B220C548710001838A /* XmlTreeUi.cpp */,
				34BD35B020C5484A0001838A /* ControlTree.cpp */,
				3457FE4F2081CBE500014BE4 /* SubProcess.cpp */,
				342D52A40F0CBA2F002A1C7C /* LgiMain.cpp */,
			);
			name = Lgi;
			sourceTree = "<group>";
		};
		3449AB3D28B96C7800F8AAD4 /* Ssh */ = {
			isa = PBXGroup;
			children = (
				3449AB5728B96C8A00F8AAD4 /* SshConnection.cpp */,
				3449AB5628B96C8A00F8AAD4 /* SshConnection.h */,
			);
			name = Ssh;
			sourceTree = "<group>";
		};
		347D1483252D450500422DA9 /* Frameworks */ = {
			isa = PBXGroup;
			children = (
			);
			name = Frameworks;
			sourceTree = "<group>";
		};
		3485E7F6294F15EE0020C14D /* UI */ = {
			isa = PBXGroup;
			children = (
				3457FE3E2081CB3D00014BE4 /* BrowseUi.cpp */,
				3485E7F4294F13F70020C14D /* PatchViewer.cpp */,
				3457FE3F2081CB3D00014BE4 /* DropDownBtn.cpp */,
			);
			name = UI;
			sourceTree = "<group>";
		};
		34C032B52319CDFE00470DF2 /* Products */ = {
			isa = PBXGroup;
			children = (
				34C032B92319CDFE00470DF2 /* LgiCocoa.framework */,
			);
			name = Products;
			sourceTree = "<group>";
		};
/* End PBXGroup section */

/* Begin PBXNativeTarget section */
		8D0C4E890486CD37000505A6 /* Lvc */ = {
			isa = PBXNativeTarget;
			buildConfigurationList = C0E91AC508A95435008D54AB /* Build configuration list for PBXNativeTarget "Lvc" */;
			buildPhases = (
				8D0C4E8C0486CD37000505A6 /* Resources */,
				8D0C4E8F0486CD37000505A6 /* Sources */,
				8D0C4E910486CD37000505A6 /* Frameworks */,
				34640D3212D5D8AB00B207F4 /* CopyFiles */,
				347D148F252D51F300422DA9 /* ShellScript */,
				3465A7C82B2AB1A600084F66 /* ShellScript */,
			);
			buildRules = (
			);
			dependencies = (
				34C032C02319CF1A00470DF2 /* PBXTargetDependency */,
			);
			name = Lvc;
			productInstallPath = "$(HOME)/Applications";
			productName = i.Hex;
			productReference = 8D0C4E970486CD37000505A6 /* Lvc.app */;
			productType = "com.apple.product-type.application";
		};
/* End PBXNativeTarget section */

/* Begin PBXProject section */
		20286C28FDCF999611CA2CEA /* Project object */ = {
			isa = PBXProject;
			attributes = {
				LastUpgradeCheck = 0940;
			};
			buildConfigurationList = C0E91AC908A95435008D54AB /* Build configuration list for PBXProject "LvcCocoa" */;
			compatibilityVersion = "Xcode 8.0";
			developmentRegion = en;
			hasScannedForEncodings = 1;
			knownRegions = (
				en,
				Base,
			);
			mainGroup = 20286C29FDCF999611CA2CEA /* i.Hex */;
			projectDirPath = "";
			projectReferences = (
				{
					ProductGroup = 34C032B52319CDFE00470DF2 /* Products */;
					ProjectRef = 34C032B42319CDFE00470DF2 /* LgiCocoa.xcodeproj */;
				},
			);
			projectRoot = "";
			targets = (
				8D0C4E890486CD37000505A6 /* Lvc */,
			);
		};
/* End PBXProject section */

/* Begin PBXReferenceProxy section */
		34C032B92319CDFE00470DF2 /* LgiCocoa.framework */ = {
			isa = PBXReferenceProxy;
			fileType = wrapper.framework;
			path = LgiCocoa.framework;
			remoteRef = 34C032B82319CDFE00470DF2 /* PBXContainerItemProxy */;
			sourceTree = BUILT_PRODUCTS_DIR;
		};
/* End PBXReferenceProxy section */

/* Begin PBXResourcesBuildPhase section */
		8D0C4E8C0486CD37000505A6 /* Resources */ = {
			isa = PBXResourcesBuildPhase;
			buildActionMask = 2147483647;
			files = (
				3457FE522081CC4800014BE4 /* Lvc.lr8 in Resources */,
				34E1910C20B1898E00005243 /* image-list.png in Resources */,
				8D0C4E8D0486CD37000505A6 /* InfoPlist.strings in Resources */,
				3448F8C62081D2500038AE76 /* mac-icon.icns in Resources */,
				3465A7E32B2AB1BF00084F66 /* PostBuildStep.py in Resources */,
			);
			runOnlyForDeploymentPostprocessing = 0;
		};
/* End PBXResourcesBuildPhase section */

/* Begin PBXShellScriptBuildPhase section */
		3465A7C82B2AB1A600084F66 /* ShellScript */ = {
			isa = PBXShellScriptBuildPhase;
			buildActionMask = 2147483647;
			files = (
			);
			inputFileListPaths = (
			);
			inputPaths = (
			);
			outputFileListPaths = (
			);
			outputPaths = (
			);
			runOnlyForDeploymentPostprocessing = 0;
			shellPath = /bin/sh;
			shellScript = "# Type a script or drag a script file from your workspace to insert its path.\npython3 ${PROJECT_DIR}/PostBuildStep.py ${BUILT_PRODUCTS_DIR}/${FRAMEWORKS_FOLDER_PATH}\n";
		};
		347D148F252D51F300422DA9 /* ShellScript */ = {
			isa = PBXShellScriptBuildPhase;
			buildActionMask = 2147483647;
			files = (
			);
			inputFileListPaths = (
			);
			inputPaths = (
			);
			outputFileListPaths = (
			);
			outputPaths = (
			);
			runOnlyForDeploymentPostprocessing = 0;
			shellPath = /bin/sh;
			shellScript = "# Type a script or drag a script file from your workspace to insert its path.\nexport FW=${CONFIGURATION_BUILD_DIR}/${FRAMEWORKS_FOLDER_PATH}\necho fw=${FW}\nrm -f ${FW}/libssh.4.dylib\nln -s ./libssh.4.7.2.dylib ${FW}/libssh.4.dylib\n";
		};
/* End PBXShellScriptBuildPhase section */

/* Begin PBXSourcesBuildPhase section */
		8D0C4E8F0486CD37000505A6 /* Sources */ = {
			isa = PBXSourcesBuildPhase;
			buildActionMask = 2147483647;
			files = (
				347D1489252D453300422DA9 /* DeEscape.cpp in Sources */,
				3457FE502081CBE500014BE4 /* SubProcess.cpp in Sources */,
				34BD35B320C548710001838A /* XmlTreeUi.cpp in Sources */,
				3457FE4C2081CB3D00014BE4 /* VcCommit.cpp in Sources */,
				3457FE4E2081CB3D00014BE4 /* VcFolder.cpp in Sources */,
				3485E7F5294F13F70020C14D /* PatchViewer.cpp in Sources */,
				3457FE4A2081CB3D00014BE4 /* DropDownBtn.cpp in Sources */,
				3457FE4D2081CB3D00014BE4 /* VcFile.cpp in Sources */,
				343B7EE22D14B846006C250F /* RemoveAnsi.cpp in Sources */,
				34C032BD2319CEC100470DF2 /* OptionsFile.cpp in Sources */,
				3457FE492081CB3D00014BE4 /* BrowseUi.cpp in Sources */,
				342D52A50F0CBA2F002A1C7C /* LgiMain.cpp in Sources */,
				34BD35B120C5484A0001838A /* ControlTree.cpp in Sources */,
				3449AB5828B96C8A00F8AAD4 /* SshConnection.cpp in Sources */,
				3457FE4B2081CB3D00014BE4 /* Main.cpp in Sources */,
			);
			runOnlyForDeploymentPostprocessing = 0;
		};
/* End PBXSourcesBuildPhase section */

/* Begin PBXTargetDependency section */
		34C032C02319CF1A00470DF2 /* PBXTargetDependency */ = {
			isa = PBXTargetDependency;
			name = LgiCocoa;
			targetProxy = 34C032BF2319CF1A00470DF2 /* PBXContainerItemProxy */;
		};
/* End PBXTargetDependency section */

/* Begin PBXVariantGroup section */
		0867D6AAFE840B52C02AAC07 /* InfoPlist.strings */ = {
			isa = PBXVariantGroup;
			children = (
				3488EE99233C16AF00756838 /* en */,
			);
			name = InfoPlist.strings;
			sourceTree = "<group>";
		};
/* End PBXVariantGroup section */

/* Begin XCBuildConfiguration section */
		C0E91AC608A95435008D54AB /* Debug */ = {
			isa = XCBuildConfiguration;
			buildSettings = {
				CLANG_CXX_LANGUAGE_STANDARD = "c++14";
				CLANG_CXX_LIBRARY = "libc++";
				CLANG_ENABLE_OBJC_WEAK = YES;
				COMBINE_HIDPI_IMAGES = YES;
				COPY_PHASE_STRIP = NO;
				GCC_OPTIMIZATION_LEVEL = 0;
				GCC_PRECOMPILE_PREFIX_HEADER = YES;
				HEADER_SEARCH_PATHS = (
					../../include,
					../../include/lgi/mac/cocoa,
					"../../../deps/build-debug",
					../../../../../codelib/libssh/include,
					/opt/local/include,
				);
				INFOPLIST_FILE = Info.plist;
				INSTALL_PATH = "$(HOME)/Applications";
				LD_RUNPATH_SEARCH_PATHS = "@executable_path/../Frameworks";
				LIBRARY_SEARCH_PATHS = (
					"$(inherited)",
					"../../../../../codelib/libssh/build/**",
					/opt/local/lib,
				);
				OTHER_CPLUSPLUSFLAGS = (
					"$(OTHER_CFLAGS)",
					"-Wno-nullability-completeness",
					"-DHAS_LIBSSH=1",
				);
				PRODUCT_BUNDLE_IDENTIFIER = com.memecode.Lvc;
				PRODUCT_NAME = Lvc;
				WRAPPER_EXTENSION = app;
			};
			name = Debug;
		};
		C0E91AC708A95435008D54AB /* Release */ = {
			isa = XCBuildConfiguration;
			buildSettings = {
				CLANG_CXX_LANGUAGE_STANDARD = "c++14";
				CLANG_CXX_LIBRARY = "libc++";
				CLANG_ENABLE_OBJC_WEAK = YES;
				COMBINE_HIDPI_IMAGES = YES;
				GCC_GENERATE_DEBUGGING_SYMBOLS = NO;
				GCC_PRECOMPILE_PREFIX_HEADER = YES;
				HEADER_SEARCH_PATHS = (
					../../include,
					../../include/lgi/mac/cocoa,
					"../../../deps/build-debug",
					../../../../../codelib/libssh/include,
					/opt/local/include,
				);
				INFOPLIST_FILE = Info.plist;
				INSTALL_PATH = "$(HOME)/Applications";
				LD_RUNPATH_SEARCH_PATHS = "@executable_path/../Frameworks";
				LIBRARY_SEARCH_PATHS = (
					"$(inherited)",
					"../../../../../codelib/libssh/build/**",
					/opt/local/lib,
				);
				OTHER_CPLUSPLUSFLAGS = (
					"$(OTHER_CFLAGS)",
					"-Wno-nullability-completeness",
					"-DHAS_LIBSSH=1",
				);
				PRODUCT_BUNDLE_IDENTIFIER = com.memecode.Lvc;
				PRODUCT_NAME = Lvc;
				WRAPPER_EXTENSION = app;
			};
			name = Release;
		};
		C0E91ACA08A95435008D54AB /* Debug */ = {
			isa = XCBuildConfiguration;
			buildSettings = {
				ALWAYS_SEARCH_USER_PATHS = NO;
				CLANG_WARN_BLOCK_CAPTURE_AUTORELEASING = YES;
				CLANG_WARN_BOOL_CONVERSION = YES;
				CLANG_WARN_COMMA = YES;
				CLANG_WARN_CONSTANT_CONVERSION = YES;
				CLANG_WARN_DEPRECATED_OBJC_IMPLEMENTATIONS = YES;
				CLANG_WARN_EMPTY_BODY = YES;
				CLANG_WARN_ENUM_CONVERSION = YES;
				CLANG_WARN_INFINITE_RECURSION = YES;
				CLANG_WARN_INT_CONVERSION = YES;
				CLANG_WARN_NON_LITERAL_NULL_CONVERSION = YES;
				CLANG_WARN_OBJC_IMPLICIT_RETAIN_SELF = YES;
				CLANG_WARN_OBJC_LITERAL_CONVERSION = YES;
				CLANG_WARN_RANGE_LOOP_ANALYSIS = YES;
				CLANG_WARN_STRICT_PROTOTYPES = YES;
				CLANG_WARN_SUSPICIOUS_MOVE = YES;
				CLANG_WARN_UNREACHABLE_CODE = YES;
				CLANG_WARN__DUPLICATE_METHOD_MATCH = YES;
				ENABLE_STRICT_OBJC_MSGSEND = YES;
				ENABLE_TESTABILITY = YES;
				GCC_NO_COMMON_BLOCKS = YES;
				GCC_PREPROCESSOR_DEFINITIONS = (
					MAC,
					_DEBUG,
					"LGI_COCOA=1",
				);
				GCC_WARN_64_TO_32_BIT_CONVERSION = YES;
				GCC_WARN_ABOUT_RETURN_TYPE = YES;
				GCC_WARN_UNDECLARED_SELECTOR = YES;
				GCC_WARN_UNINITIALIZED_AUTOS = YES;
				GCC_WARN_UNUSED_FUNCTION = YES;
				GCC_WARN_UNUSED_VARIABLE = YES;
				HEADER_SEARCH_PATHS = (
					../../include/common,
					../../include/mac/cocoa,
					../../../../../CodeLib/libpng,
					../../../../../CodeLib/libpng/build,
				);
				MACOSX_DEPLOYMENT_TARGET = 10.15;
				ONLY_ACTIVE_ARCH = YES;
				SDKROOT = macosx;
			};
			name = Debug;
		};
		C0E91ACB08A95435008D54AB /* Release */ = {
			isa = XCBuildConfiguration;
			buildSettings = {
				ALWAYS_SEARCH_USER_PATHS = NO;
				CLANG_WARN_BLOCK_CAPTURE_AUTORELEASING = YES;
				CLANG_WARN_BOOL_CONVERSION = YES;
				CLANG_WARN_COMMA = YES;
				CLANG_WARN_CONSTANT_CONVERSION = YES;
				CLANG_WARN_DEPRECATED_OBJC_IMPLEMENTATIONS = YES;
				CLANG_WARN_EMPTY_BODY = YES;
				CLANG_WARN_ENUM_CONVERSION = YES;
				CLANG_WARN_INFINITE_RECURSION = YES;
				CLANG_WARN_INT_CONVERSION = YES;
				CLANG_WARN_NON_LITERAL_NULL_CONVERSION = YES;
				CLANG_WARN_OBJC_IMPLICIT_RETAIN_SELF = YES;
				CLANG_WARN_OBJC_LITERAL_CONVERSION = YES;
				CLANG_WARN_RANGE_LOOP_ANALYSIS = YES;
				CLANG_WARN_STRICT_PROTOTYPES = YES;
				CLANG_WARN_SUSPICIOUS_MOVE = YES;
				CLANG_WARN_UNREACHABLE_CODE = YES;
				CLANG_WARN__DUPLICATE_METHOD_MATCH = YES;
				ENABLE_STRICT_OBJC_MSGSEND = YES;
				GCC_NO_COMMON_BLOCKS = YES;
				GCC_PREPROCESSOR_DEFINITIONS = (
					MAC,
					"LGI_COCOA=1",
				);
				GCC_WARN_64_TO_32_BIT_CONVERSION = YES;
				GCC_WARN_ABOUT_RETURN_TYPE = YES;
				GCC_WARN_UNDECLARED_SELECTOR = YES;
				GCC_WARN_UNINITIALIZED_AUTOS = YES;
				GCC_WARN_UNUSED_FUNCTION = YES;
				GCC_WARN_UNUSED_VARIABLE = YES;
				HEADER_SEARCH_PATHS = (
					../../include/common,
					../../include/mac/cocoa,
					../../../../../CodeLib/libpng,
					../../../../../CodeLib/libpng/build,
				);
				MACOSX_DEPLOYMENT_TARGET = 10.15;
				SDKROOT = macosx;
			};
			name = Release;
		};
/* End XCBuildConfiguration section */

/* Begin XCConfigurationList section */
		C0E91AC508A95435008D54AB /* Build configuration list for PBXNativeTarget "Lvc" */ = {
			isa = XCConfigurationList;
			buildConfigurations = (
				C0E91AC608A95435008D54AB /* Debug */,
				C0E91AC708A95435008D54AB /* Release */,
			);
			defaultConfigurationIsVisible = 0;
			defaultConfigurationName = Release;
		};
		C0E91AC908A95435008D54AB /* Build configuration list for PBXProject "LvcCocoa" */ = {
			isa = XCConfigurationList;
			buildConfigurations = (
				C0E91ACA08A95435008D54AB /* Debug */,
				C0E91ACB08A95435008D54AB /* Release */,
			);
			defaultConfigurationIsVisible = 0;
			defaultConfigurationName = Release;
		};
/* End XCConfigurationList section */
	};
	rootObject = 20286C28FDCF999611CA2CEA /* Project object */;
}
