// !$*UTF8*$!
{
	archiveVersion = 1;
	classes = {
	};
	objectVersion = 46;
	objects = {

/* Begin PBXBuildFile section */
		342D52A50F0CBA2F002A1C7C /* LgiMain.cpp in Sources */ = {isa = PBXBuildFile; fileRef = 342D52A40F0CBA2F002A1C7C /* LgiMain.cpp */; };
		3468AB9021EA9B0700865645 /* Lgi.framework in CopyFiles */ = {isa = PBXBuildFile; fileRef = 347D1D221FB079BF00E7B04D /* Lgi.framework */; settings = {ATTRIBUTES = (CodeSignOnCopy, RemoveHeadersOnCopy, ); }; };
		347D1D241FB07CB200E7B04D /* Lgi.framework in Frameworks */ = {isa = PBXBuildFile; fileRef = 347D1D221FB079BF00E7B04D /* Lgi.framework */; };
		34F93C711AB6FDCB00B557EC /* TestSuite.cpp in Sources */ = {isa = PBXBuildFile; fileRef = 34F93C701AB6FDCB00B557EC /* TestSuite.cpp */; };
		34F93CA31AB705FE00B557EC /* GLexCpp.cpp in Sources */ = {isa = PBXBuildFile; fileRef = 34F93C9F1AB705FE00B557EC /* GLexCpp.cpp */; };
		34F93CA41AB705FE00B557EC /* GScriptCompiler.cpp in Sources */ = {isa = PBXBuildFile; fileRef = 34F93CA01AB705FE00B557EC /* GScriptCompiler.cpp */; };
		34F93CA51AB705FE00B557EC /* GScriptLibrary.cpp in Sources */ = {isa = PBXBuildFile; fileRef = 34F93CA11AB705FE00B557EC /* GScriptLibrary.cpp */; };
		34F93CA61AB705FE00B557EC /* GScriptVM.cpp in Sources */ = {isa = PBXBuildFile; fileRef = 34F93CA21AB705FE00B557EC /* GScriptVM.cpp */; };
		34F93CAB1AB7062700B557EC /* GHtml.cpp in Sources */ = {isa = PBXBuildFile; fileRef = 34F93CA81AB7062700B557EC /* GHtml.cpp */; };
		34F93CAC1AB7062700B557EC /* GHtmlCommon.cpp in Sources */ = {isa = PBXBuildFile; fileRef = 34F93CA91AB7062700B557EC /* GHtmlCommon.cpp */; };
		34F93CAD1AB7062700B557EC /* GHtmlParser.cpp in Sources */ = {isa = PBXBuildFile; fileRef = 34F93CAA1AB7062700B557EC /* GHtmlParser.cpp */; };
		34F93CAF1AB7065500B557EC /* IHttp.cpp in Sources */ = {isa = PBXBuildFile; fileRef = 34F93CAE1AB7065500B557EC /* IHttp.cpp */; };
		34F93CB11AB7067300B557EC /* GdcTools.cpp in Sources */ = {isa = PBXBuildFile; fileRef = 34F93CB01AB7067300B557EC /* GdcTools.cpp */; };
		34F93CB31AB7068800B557EC /* GColourReduce.cpp in Sources */ = {isa = PBXBuildFile; fileRef = 34F93CB21AB7068800B557EC /* GColourReduce.cpp */; };
		34F93CB51AB706A300B557EC /* OpenSSLSocket.cpp in Sources */ = {isa = PBXBuildFile; fileRef = 34F93CB41AB706A300B557EC /* OpenSSLSocket.cpp */; };
		34F93CB71AB706CA00B557EC /* HtmlTestSuite.lr8 in Resources */ = {isa = PBXBuildFile; fileRef = 34F93CB61AB706CA00B557EC /* HtmlTestSuite.lr8 */; };
		34F93CB91AB7070F00B557EC /* Png.cpp in Sources */ = {isa = PBXBuildFile; fileRef = 34F93CB81AB7070F00B557EC /* Png.cpp */; };
		34F93CDE1AB707E000B557EC /* ImageComparison.cpp in Sources */ = {isa = PBXBuildFile; fileRef = 34F93CDD1AB707E000B557EC /* ImageComparison.cpp */; };
		34F93CE01AB7081300B557EC /* GZoomView.cpp in Sources */ = {isa = PBXBuildFile; fileRef = 34F93CDF1AB7081300B557EC /* GZoomView.cpp */; };
		8D0C4E8D0486CD37000505A6 /* InfoPlist.strings in Resources */ = {isa = PBXBuildFile; fileRef = 0867D6AAFE840B52C02AAC07 /* InfoPlist.strings */; };
		8D0C4E8E0486CD37000505A6 /* main.nib in Resources */ = {isa = PBXBuildFile; fileRef = 02345980000FD03B11CA0E72 /* main.nib */; };
		8D0C4E920486CD37000505A6 /* Carbon.framework in Frameworks */ = {isa = PBXBuildFile; fileRef = 20286C33FDCF999611CA2CEA /* Carbon.framework */; };
/* End PBXBuildFile section */

/* Begin PBXContainerItemProxy section */
		347D1D211FB079BF00E7B04D /* PBXContainerItemProxy */ = {
			isa = PBXContainerItemProxy;
			containerPortal = 348335CE1AA190D1006BD4F9 /* LgiCarbon.xcodeproj */;
			proxyType = 2;
			remoteGlobalIDString = 8DC2EF5B0486A6940098B216;
			remoteInfo = Lgi;
		};
/* End PBXContainerItemProxy section */

/* Begin PBXCopyFilesBuildPhase section */
		34640D3212D5D8AB00B207F4 /* CopyFiles */ = {
			isa = PBXCopyFilesBuildPhase;
			buildActionMask = 2147483647;
			dstPath = "";
			dstSubfolderSpec = 10;
			files = (
				3468AB9021EA9B0700865645 /* Lgi.framework in CopyFiles */,
			);
			runOnlyForDeploymentPostprocessing = 0;
		};
/* End PBXCopyFilesBuildPhase section */

/* Begin PBXFileReference section */
		0867D6ABFE840B52C02AAC07 /* English */ = {isa = PBXFileReference; fileEncoding = 10; lastKnownFileType = text.plist.strings; name = English; path = English.lproj/InfoPlist.strings; sourceTree = "<group>"; };
		1870340FFE93FCAF11CA0CD7 /* English */ = {isa = PBXFileReference; lastKnownFileType = wrapper.nib; name = English; path = English.lproj/main.nib; sourceTree = "<group>"; };
		20286C33FDCF999611CA2CEA /* Carbon.framework */ = {isa = PBXFileReference; lastKnownFileType = wrapper.framework; name = Carbon.framework; path = /System/Library/Frameworks/Carbon.framework; sourceTree = "<absolute>"; };
		342D52A40F0CBA2F002A1C7C /* LgiMain.cpp */ = {isa = PBXFileReference; fileEncoding = 4; lastKnownFileType = sourcecode.cpp.cpp; name = LgiMain.cpp; path = ../../src/common/Lgi/LgiMain.cpp; sourceTree = SOURCE_ROOT; };
		347D1D231FB07AD500E7B04D /* HtmlTest_Prefix.pch */ = {isa = PBXFileReference; lastKnownFileType = sourcecode.c.h; path = HtmlTest_Prefix.pch; sourceTree = "<group>"; };
		348335CE1AA190D1006BD4F9 /* LgiCarbon.xcodeproj */ = {isa = PBXFileReference; lastKnownFileType = "wrapper.pb-project"; name = LgiCarbon.xcodeproj; path = ../../src/mac/carbon/LgiCarbon.xcodeproj; sourceTree = "<group>"; };
		34F93C701AB6FDCB00B557EC /* TestSuite.cpp */ = {isa = PBXFileReference; fileEncoding = 4; lastKnownFileType = sourcecode.cpp.cpp; name = TestSuite.cpp; path = ../TestSuite.cpp; sourceTree = "<group>"; };
		34F93C9F1AB705FE00B557EC /* GLexCpp.cpp */ = {isa = PBXFileReference; fileEncoding = 4; lastKnownFileType = sourcecode.cpp.cpp; name = GLexCpp.cpp; path = ../../src/common/Coding/GLexCpp.cpp; sourceTree = "<group>"; };
		34F93CA01AB705FE00B557EC /* GScriptCompiler.cpp */ = {isa = PBXFileReference; fileEncoding = 4; lastKnownFileType = sourcecode.cpp.cpp; name = GScriptCompiler.cpp; path = ../../src/common/Coding/GScriptCompiler.cpp; sourceTree = "<group>"; };
		34F93CA11AB705FE00B557EC /* GScriptLibrary.cpp */ = {isa = PBXFileReference; fileEncoding = 4; lastKnownFileType = sourcecode.cpp.cpp; name = GScriptLibrary.cpp; path = ../../src/common/Coding/GScriptLibrary.cpp; sourceTree = "<group>"; };
		34F93CA21AB705FE00B557EC /* GScriptVM.cpp */ = {isa = PBXFileReference; fileEncoding = 4; lastKnownFileType = sourcecode.cpp.cpp; name = GScriptVM.cpp; path = ../../src/common/Coding/GScriptVM.cpp; sourceTree = "<group>"; };
		34F93CA81AB7062700B557EC /* GHtml.cpp */ = {isa = PBXFileReference; fileEncoding = 4; lastKnownFileType = sourcecode.cpp.cpp; name = GHtml.cpp; path = ../../src/common/Text/GHtml.cpp; sourceTree = "<group>"; };
		34F93CA91AB7062700B557EC /* GHtmlCommon.cpp */ = {isa = PBXFileReference; fileEncoding = 4; lastKnownFileType = sourcecode.cpp.cpp; name = GHtmlCommon.cpp; path = ../../src/common/Text/GHtmlCommon.cpp; sourceTree = "<group>"; };
		34F93CAA1AB7062700B557EC /* GHtmlParser.cpp */ = {isa = PBXFileReference; fileEncoding = 4; lastKnownFileType = sourcecode.cpp.cpp; name = GHtmlParser.cpp; path = ../../src/common/Text/GHtmlParser.cpp; sourceTree = "<group>"; };
		34F93CAE1AB7065500B557EC /* IHttp.cpp */ = {isa = PBXFileReference; fileEncoding = 4; lastKnownFileType = sourcecode.cpp.cpp; name = IHttp.cpp; path = ../../src/common/INet/IHttp.cpp; sourceTree = "<group>"; };
		34F93CB01AB7067300B557EC /* GdcTools.cpp */ = {isa = PBXFileReference; fileEncoding = 4; lastKnownFileType = sourcecode.cpp.cpp; name = GdcTools.cpp; path = ../../src/common/Gdc2/Tools/GdcTools.cpp; sourceTree = "<group>"; };
		34F93CB21AB7068800B557EC /* GColourReduce.cpp */ = {isa = PBXFileReference; fileEncoding = 4; lastKnownFileType = sourcecode.cpp.cpp; name = GColourReduce.cpp; path = ../../src/common/Gdc2/Tools/GColourReduce.cpp; sourceTree = "<group>"; };
		34F93CB41AB706A300B557EC /* OpenSSLSocket.cpp */ = {isa = PBXFileReference; fileEncoding = 4; lastKnownFileType = sourcecode.cpp.cpp; name = OpenSSLSocket.cpp; path = ../../src/common/INet/OpenSSLSocket.cpp; sourceTree = "<group>"; };
		34F93CB61AB706CA00B557EC /* HtmlTestSuite.lr8 */ = {isa = PBXFileReference; fileEncoding = 4; lastKnownFileType = text.xml; name = HtmlTestSuite.lr8; path = ../HtmlTestSuite.lr8; sourceTree = "<group>"; };
		34F93CB81AB7070F00B557EC /* Png.cpp */ = {isa = PBXFileReference; fileEncoding = 4; lastKnownFileType = sourcecode.cpp.cpp; name = Png.cpp; path = ../../src/common/Gdc2/Filters/Png.cpp; sourceTree = "<group>"; };
		34F93CDD1AB707E000B557EC /* ImageComparison.cpp */ = {isa = PBXFileReference; fileEncoding = 4; lastKnownFileType = sourcecode.cpp.cpp; name = ImageComparison.cpp; path = ../../src/common/Images/Compare/ImageComparison.cpp; sourceTree = "<group>"; };
		34F93CDF1AB7081300B557EC /* GZoomView.cpp */ = {isa = PBXFileReference; fileEncoding = 4; lastKnownFileType = sourcecode.cpp.cpp; name = GZoomView.cpp; path = ../../src/common/Widgets/GZoomView.cpp; sourceTree = "<group>"; };
		4A9504C8FFE6A3BC11CA0CBA /* ApplicationServices.framework */ = {isa = PBXFileReference; lastKnownFileType = wrapper.framework; name = ApplicationServices.framework; path = /System/Library/Frameworks/ApplicationServices.framework; sourceTree = "<absolute>"; };
		4A9504CAFFE6A41611CA0CBA /* CoreServices.framework */ = {isa = PBXFileReference; lastKnownFileType = wrapper.framework; name = CoreServices.framework; path = /System/Library/Frameworks/CoreServices.framework; sourceTree = "<absolute>"; };
		8D0C4E960486CD37000505A6 /* Info.plist */ = {isa = PBXFileReference; fileEncoding = 4; lastKnownFileType = text.plist; path = Info.plist; sourceTree = "<group>"; };
		8D0C4E970486CD37000505A6 /* HtmlTest.app */ = {isa = PBXFileReference; explicitFileType = wrapper.application; includeInIndex = 0; path = HtmlTest.app; sourceTree = BUILT_PRODUCTS_DIR; };
/* End PBXFileReference section */

/* Begin PBXFrameworksBuildPhase section */
		8D0C4E910486CD37000505A6 /* Frameworks */ = {
			isa = PBXFrameworksBuildPhase;
			buildActionMask = 2147483647;
			files = (
				8D0C4E920486CD37000505A6 /* Carbon.framework in Frameworks */,
				347D1D241FB07CB200E7B04D /* Lgi.framework in Frameworks */,
			);
			runOnlyForDeploymentPostprocessing = 0;
		};
/* End PBXFrameworksBuildPhase section */

/* Begin PBXGroup section */
		195DF8CFFE9D517E11CA2CBB /* Products */ = {
			isa = PBXGroup;
			children = (
				8D0C4E970486CD37000505A6 /* HtmlTest.app */,
			);
			name = Products;
			sourceTree = "<group>";
		};
		20286C29FDCF999611CA2CEA /* i.Hex */ = {
			isa = PBXGroup;
			children = (
				20286C2AFDCF999611CA2CEA /* Sources */,
				20286C2CFDCF999611CA2CEA /* Resources */,
				20286C32FDCF999611CA2CEA /* External Frameworks and Libraries */,
				195DF8CFFE9D517E11CA2CBB /* Products */,
			);
			name = i.Hex;
			sourceTree = "<group>";
		};
		20286C2AFDCF999611CA2CEA /* Sources */ = {
			isa = PBXGroup;
			children = (
				34F93CDD1AB707E000B557EC /* ImageComparison.cpp */,
				34F93C701AB6FDCB00B557EC /* TestSuite.cpp */,
				347D1D231FB07AD500E7B04D /* HtmlTest_Prefix.pch */,
				34F93CA71AB7061200B557EC /* Html */,
				342D52A30F0CBA07002A1C7C /* Lgi */,
				34F93C9E1AB705E100B557EC /* Scripting */,
			);
			name = Sources;
			sourceTree = "<group>";
		};
		20286C2CFDCF999611CA2CEA /* Resources */ = {
			isa = PBXGroup;
			children = (
				34F93CB61AB706CA00B557EC /* HtmlTestSuite.lr8 */,
				8D0C4E960486CD37000505A6 /* Info.plist */,
				0867D6AAFE840B52C02AAC07 /* InfoPlist.strings */,
				02345980000FD03B11CA0E72 /* main.nib */,
			);
			name = Resources;
			sourceTree = "<group>";
		};
		20286C32FDCF999611CA2CEA /* External Frameworks and Libraries */ = {
			isa = PBXGroup;
			children = (
				348335CE1AA190D1006BD4F9 /* LgiCarbon.xcodeproj */,
				20286C33FDCF999611CA2CEA /* Carbon.framework */,
				4A9504CAFFE6A41611CA0CBA /* CoreServices.framework */,
				4A9504C8FFE6A3BC11CA0CBA /* ApplicationServices.framework */,
			);
			name = "External Frameworks and Libraries";
			sourceTree = "<group>";
		};
		342D52A30F0CBA07002A1C7C /* Lgi */ = {
			isa = PBXGroup;
			children = (
				34F93CB81AB7070F00B557EC /* Png.cpp */,
				34F93CDF1AB7081300B557EC /* GZoomView.cpp */,
				34F93CB41AB706A300B557EC /* OpenSSLSocket.cpp */,
				34F93CB21AB7068800B557EC /* GColourReduce.cpp */,
				34F93CB01AB7067300B557EC /* GdcTools.cpp */,
				34F93CAE1AB7065500B557EC /* IHttp.cpp */,
				342D52A40F0CBA2F002A1C7C /* LgiMain.cpp */,
			);
			name = Lgi;
			sourceTree = "<group>";
		};
		347D1D1E1FB079BF00E7B04D /* Products */ = {
			isa = PBXGroup;
			children = (
				347D1D221FB079BF00E7B04D /* Lgi.framework */,
			);
			name = Products;
			sourceTree = "<group>";
		};
		34F93C9E1AB705E100B557EC /* Scripting */ = {
			isa = PBXGroup;
			children = (
				34F93C9F1AB705FE00B557EC /* GLexCpp.cpp */,
				34F93CA01AB705FE00B557EC /* GScriptCompiler.cpp */,
				34F93CA11AB705FE00B557EC /* GScriptLibrary.cpp */,
				34F93CA21AB705FE00B557EC /* GScriptVM.cpp */,
			);
			name = Scripting;
			sourceTree = "<group>";
		};
		34F93CA71AB7061200B557EC /* Html */ = {
			isa = PBXGroup;
			children = (
				34F93CA81AB7062700B557EC /* GHtml.cpp */,
				34F93CA91AB7062700B557EC /* GHtmlCommon.cpp */,
				34F93CAA1AB7062700B557EC /* GHtmlParser.cpp */,
			);
			name = Html;
			sourceTree = "<group>";
		};
/* End PBXGroup section */

/* Begin PBXNativeTarget section */
		8D0C4E890486CD37000505A6 /* HtmlTest */ = {
			isa = PBXNativeTarget;
			buildConfigurationList = C0E91AC508A95435008D54AB /* Build configuration list for PBXNativeTarget "HtmlTest" */;
			buildPhases = (
				8D0C4E8C0486CD37000505A6 /* Resources */,
				8D0C4E8F0486CD37000505A6 /* Sources */,
				8D0C4E910486CD37000505A6 /* Frameworks */,
				34640D3212D5D8AB00B207F4 /* CopyFiles */,
			);
			buildRules = (
			);
			dependencies = (
			);
			name = HtmlTest;
			productInstallPath = "$(HOME)/Applications";
			productName = i.Hex;
			productReference = 8D0C4E970486CD37000505A6 /* HtmlTest.app */;
			productType = "com.apple.product-type.application";
		};
/* End PBXNativeTarget section */

/* Begin PBXProject section */
		20286C28FDCF999611CA2CEA /* Project object */ = {
			isa = PBXProject;
			attributes = {
				LastUpgradeCheck = 0720;
			};
			buildConfigurationList = C0E91AC908A95435008D54AB /* Build configuration list for PBXProject "HtmlTest" */;
			compatibilityVersion = "Xcode 3.2";
			developmentRegion = English;
			hasScannedForEncodings = 1;
			knownRegions = (
				en,
			);
			mainGroup = 20286C29FDCF999611CA2CEA /* i.Hex */;
			projectDirPath = "";
			projectReferences = (
				{
					ProductGroup = 347D1D1E1FB079BF00E7B04D /* Products */;
					ProjectRef = 348335CE1AA190D1006BD4F9 /* LgiCarbon.xcodeproj */;
				},
			);
			projectRoot = "";
			targets = (
				8D0C4E890486CD37000505A6 /* HtmlTest */,
			);
		};
/* End PBXProject section */

/* Begin PBXReferenceProxy section */
		347D1D221FB079BF00E7B04D /* Lgi.framework */ = {
			isa = PBXReferenceProxy;
			fileType = wrapper.framework;
			path = Lgi.framework;
			remoteRef = 347D1D211FB079BF00E7B04D /* PBXContainerItemProxy */;
			sourceTree = BUILT_PRODUCTS_DIR;
		};
/* End PBXReferenceProxy section */

/* Begin PBXResourcesBuildPhase section */
		8D0C4E8C0486CD37000505A6 /* Resources */ = {
			isa = PBXResourcesBuildPhase;
			buildActionMask = 2147483647;
			files = (
				8D0C4E8D0486CD37000505A6 /* InfoPlist.strings in Resources */,
				8D0C4E8E0486CD37000505A6 /* main.nib in Resources */,
				34F93CB71AB706CA00B557EC /* HtmlTestSuite.lr8 in Resources */,
			);
			runOnlyForDeploymentPostprocessing = 0;
		};
/* End PBXResourcesBuildPhase section */

/* Begin PBXSourcesBuildPhase section */
		8D0C4E8F0486CD37000505A6 /* Sources */ = {
			isa = PBXSourcesBuildPhase;
			buildActionMask = 2147483647;
			files = (
				342D52A50F0CBA2F002A1C7C /* LgiMain.cpp in Sources */,
				34F93C711AB6FDCB00B557EC /* TestSuite.cpp in Sources */,
				34F93CA31AB705FE00B557EC /* GLexCpp.cpp in Sources */,
				34F93CA41AB705FE00B557EC /* GScriptCompiler.cpp in Sources */,
				34F93CA51AB705FE00B557EC /* GScriptLibrary.cpp in Sources */,
				34F93CA61AB705FE00B557EC /* GScriptVM.cpp in Sources */,
				34F93CAB1AB7062700B557EC /* GHtml.cpp in Sources */,
				34F93CAC1AB7062700B557EC /* GHtmlCommon.cpp in Sources */,
				34F93CAD1AB7062700B557EC /* GHtmlParser.cpp in Sources */,
				34F93CAF1AB7065500B557EC /* IHttp.cpp in Sources */,
				34F93CB11AB7067300B557EC /* GdcTools.cpp in Sources */,
				34F93CB31AB7068800B557EC /* GColourReduce.cpp in Sources */,
				34F93CB51AB706A300B557EC /* OpenSSLSocket.cpp in Sources */,
				34F93CB91AB7070F00B557EC /* Png.cpp in Sources */,
				34F93CDE1AB707E000B557EC /* ImageComparison.cpp in Sources */,
				34F93CE01AB7081300B557EC /* GZoomView.cpp in Sources */,
			);
			runOnlyForDeploymentPostprocessing = 0;
		};
/* End PBXSourcesBuildPhase section */

/* Begin PBXVariantGroup section */
		02345980000FD03B11CA0E72 /* main.nib */ = {
			isa = PBXVariantGroup;
			children = (
				1870340FFE93FCAF11CA0CD7 /* English */,
			);
			name = main.nib;
			sourceTree = "<group>";
		};
		0867D6AAFE840B52C02AAC07 /* InfoPlist.strings */ = {
			isa = PBXVariantGroup;
			children = (
				0867D6ABFE840B52C02AAC07 /* English */,
			);
			name = InfoPlist.strings;
			sourceTree = "<group>";
		};
/* End PBXVariantGroup section */

/* Begin XCBuildConfiguration section */
		C0E91AC608A95435008D54AB /* Debug */ = {
			isa = XCBuildConfiguration;
			buildSettings = {
				ARCHS = "$(ARCHS_STANDARD_32_BIT)";
				CLANG_CXX_LANGUAGE_STANDARD = "c++0x";
				CLANG_CXX_LIBRARY = "libc++";
				COMBINE_HIDPI_IMAGES = YES;
				COPY_PHASE_STRIP = NO;
				FRAMEWORK_SEARCH_PATHS = (
					"$(inherited)",
					"$(FRAMEWORK_SEARCH_PATHS_QUOTED_1)",
					"$(FRAMEWORK_SEARCH_PATHS_QUOTED_FOR_TARGET_1)",
					"$(FRAMEWORK_SEARCH_PATHS_QUOTED_FOR_TARGET_2)",
				);
				GCC_DYNAMIC_NO_PIC = NO;
				GCC_OPTIMIZATION_LEVEL = 0;
				GCC_PRECOMPILE_PREFIX_HEADER = YES;
				GCC_PREFIX_HEADER = HtmlTest_Prefix.pch;
				INFOPLIST_FILE = Info.plist;
				INSTALL_PATH = "$(HOME)/Applications";
				MACOSX_DEPLOYMENT_TARGET = 10.9;
				PRODUCT_BUNDLE_IDENTIFIER = com.memecode.i.Hex;
				PRODUCT_NAME = HtmlTest;
				USER_HEADER_SEARCH_PATHS = "../../include/common ../../include/mac/carbon ../../../../../CodeLib/libpng";
				WRAPPER_EXTENSION = app;
			};
			name = Debug;
		};
		C0E91AC708A95435008D54AB /* Release */ = {
			isa = XCBuildConfiguration;
			buildSettings = {
				ARCHS = "$(ARCHS_STANDARD_32_BIT)";
				CLANG_CXX_LANGUAGE_STANDARD = "c++0x";
				CLANG_CXX_LIBRARY = "libc++";
				COMBINE_HIDPI_IMAGES = YES;
				FRAMEWORK_SEARCH_PATHS = (
					"$(inherited)",
					"$(FRAMEWORK_SEARCH_PATHS_QUOTED_1)",
					"$(FRAMEWORK_SEARCH_PATHS_QUOTED_FOR_TARGET_1)",
					"$(FRAMEWORK_SEARCH_PATHS_QUOTED_FOR_TARGET_2)",
				);
				GCC_GENERATE_DEBUGGING_SYMBOLS = NO;
				GCC_PRECOMPILE_PREFIX_HEADER = YES;
				GCC_PREFIX_HEADER = HtmlTest_Prefix.pch;
				INFOPLIST_FILE = Info.plist;
				INSTALL_PATH = "$(HOME)/Applications";
				MACOSX_DEPLOYMENT_TARGET = 10.9;
				PRODUCT_BUNDLE_IDENTIFIER = com.memecode.i.Hex;
				PRODUCT_NAME = HtmlTest;
				USER_HEADER_SEARCH_PATHS = "../../include/common ../../include/mac/carbon ../../../../../CodeLib/libpng";
				WRAPPER_EXTENSION = app;
			};
			name = Release;
		};
		C0E91ACA08A95435008D54AB /* Debug */ = {
			isa = XCBuildConfiguration;
			buildSettings = {
				ARCHS = "$(ARCHS_STANDARD_32_64_BIT)";
				ENABLE_TESTABILITY = YES;
				GCC_PREPROCESSOR_DEFINITIONS = (
					MAC,
					_DEBUG,
				);
				GCC_WARN_ABOUT_RETURN_TYPE = YES;
				GCC_WARN_UNUSED_VARIABLE = YES;
				HEADER_SEARCH_PATHS = (
					/opt/local/include,
					/usr/local/include,
					../../../../../Lgi/trunk/include/common,
					../../../../../Lgi/trunk/include/mac/carbon,
				);
				MACOSX_DEPLOYMENT_TARGET = 10.6;
				ONLY_ACTIVE_ARCH = YES;
				SDKROOT = macosx;
				VALID_ARCHS = i386;
			};
			name = Debug;
		};
		C0E91ACB08A95435008D54AB /* Release */ = {
			isa = XCBuildConfiguration;
			buildSettings = {
				ARCHS = "$(ARCHS_STANDARD_32_64_BIT)";
				GCC_PREPROCESSOR_DEFINITIONS = MAC;
				GCC_WARN_ABOUT_RETURN_TYPE = YES;
				GCC_WARN_UNUSED_VARIABLE = YES;
				HEADER_SEARCH_PATHS = (
					/opt/local/include,
					/usr/local/include,
					../../../../../Lgi/trunk/include/common,
					../../../../../Lgi/trunk/include/mac/carbon,
				);
				MACOSX_DEPLOYMENT_TARGET = 10.6;
				ONLY_ACTIVE_ARCH = YES;
				SDKROOT = macosx;
				VALID_ARCHS = i386;
			};
			name = Release;
		};
/* End XCBuildConfiguration section */

/* Begin XCConfigurationList section */
		C0E91AC508A95435008D54AB /* Build configuration list for PBXNativeTarget "HtmlTest" */ = {
			isa = XCConfigurationList;
			buildConfigurations = (
				C0E91AC608A95435008D54AB /* Debug */,
				C0E91AC708A95435008D54AB /* Release */,
			);
			defaultConfigurationIsVisible = 0;
			defaultConfigurationName = Release;
		};
		C0E91AC908A95435008D54AB /* Build configuration list for PBXProject "HtmlTest" */ = {
			isa = XCConfigurationList;
			buildConfigurations = (
				C0E91ACA08A95435008D54AB /* Debug */,
				C0E91ACB08A95435008D54AB /* Release */,
			);
			defaultConfigurationIsVisible = 0;
			defaultConfigurationName = Release;
		};
/* End XCConfigurationList section */
	};
	rootObject = 20286C28FDCF999611CA2CEA /* Project object */;
}
