// !$*UTF8*$!
{
	archiveVersion = 1;
	classes = {
	};
	objectVersion = 50;
	objects = {

/* Begin PBXBuildFile section */
		34319029238DF4A700DDE1F5 /* TestSuite.cpp in Sources */ = {isa = PBXBuildFile; fileRef = 34319027238DF4A700DDE1F5 /* TestSuite.cpp */; };
		3431902A238DF4A700DDE1F5 /* HtmlTestSuite.lr8 in Resources */ = {isa = PBXBuildFile; fileRef = 34319028238DF4A700DDE1F5 /* HtmlTestSuite.lr8 */; };
		3431902C238DF51B00DDE1F5 /* OpenSSLSocket.cpp in Sources */ = {isa = PBXBuildFile; fileRef = 3431902B238DF51B00DDE1F5 /* OpenSSLSocket.cpp */; };
		34319030238DF57C00DDE1F5 /* GHtmlCommon.cpp in Sources */ = {isa = PBXBuildFile; fileRef = 3431902D238DF57C00DDE1F5 /* GHtmlCommon.cpp */; };
		34319031238DF57C00DDE1F5 /* GHtmlParser.cpp in Sources */ = {isa = PBXBuildFile; fileRef = 3431902E238DF57C00DDE1F5 /* GHtmlParser.cpp */; };
		34319032238DF57C00DDE1F5 /* GHtml.cpp in Sources */ = {isa = PBXBuildFile; fileRef = 3431902F238DF57C00DDE1F5 /* GHtml.cpp */; };
		34319034238DF97200DDE1F5 /* LEmojiFont.cpp in Sources */ = {isa = PBXBuildFile; fileRef = 34319033238DF97200DDE1F5 /* LEmojiFont.cpp */; };
		34319039238DF9C600DDE1F5 /* GParseCpp.cpp in Sources */ = {isa = PBXBuildFile; fileRef = 34319035238DF9C600DDE1F5 /* GParseCpp.cpp */; };
		3431903A238DF9C600DDE1F5 /* GScriptCompiler.cpp in Sources */ = {isa = PBXBuildFile; fileRef = 34319036238DF9C600DDE1F5 /* GScriptCompiler.cpp */; };
		3431903B238DF9C600DDE1F5 /* GScriptLibrary.cpp in Sources */ = {isa = PBXBuildFile; fileRef = 34319037238DF9C600DDE1F5 /* GScriptLibrary.cpp */; };
		3431903C238DF9C600DDE1F5 /* GScriptVM.cpp in Sources */ = {isa = PBXBuildFile; fileRef = 34319038238DF9C600DDE1F5 /* GScriptVM.cpp */; };
		3431903E238DF9FB00DDE1F5 /* ImageComparison.cpp in Sources */ = {isa = PBXBuildFile; fileRef = 3431903D238DF9FB00DDE1F5 /* ImageComparison.cpp */; };
		34319040238DFA4B00DDE1F5 /* GZoomView.cpp in Sources */ = {isa = PBXBuildFile; fileRef = 3431903F238DFA4B00DDE1F5 /* GZoomView.cpp */; };
		34319042238DFA5800DDE1F5 /* GSubProcess.cpp in Sources */ = {isa = PBXBuildFile; fileRef = 34319041238DFA5800DDE1F5 /* GSubProcess.cpp */; };
		34319044238DFA7300DDE1F5 /* GStatusBar.cpp in Sources */ = {isa = PBXBuildFile; fileRef = 34319043238DFA7200DDE1F5 /* GStatusBar.cpp */; };
		34319046238DFA8400DDE1F5 /* GLexCpp.cpp in Sources */ = {isa = PBXBuildFile; fileRef = 34319045238DFA8400DDE1F5 /* GLexCpp.cpp */; };
		34319048238DFA9100DDE1F5 /* GdcTools.cpp in Sources */ = {isa = PBXBuildFile; fileRef = 34319047238DFA9100DDE1F5 /* GdcTools.cpp */; };
		3431904A238DFAB000DDE1F5 /* EmojiMap.cpp in Sources */ = {isa = PBXBuildFile; fileRef = 34319049238DFAB000DDE1F5 /* EmojiMap.cpp */; };
		343FB8952386621600797ABC /* Assets.xcassets in Resources */ = {isa = PBXBuildFile; fileRef = 343FB8942386621600797ABC /* Assets.xcassets */; };
		343FB8AB238662C500797ABC /* LgiMain.cpp in Sources */ = {isa = PBXBuildFile; fileRef = 343FB8AA238662C500797ABC /* LgiMain.cpp */; };
		343FB8C62386638C00797ABC /* LgiCocoa.framework in Frameworks */ = {isa = PBXBuildFile; fileRef = 343FB8A92386627A00797ABC /* LgiCocoa.framework */; };
		343FB8C82386639C00797ABC /* LgiCocoa.framework in CopyFiles */ = {isa = PBXBuildFile; fileRef = 343FB8A92386627A00797ABC /* LgiCocoa.framework */; settings = {ATTRIBUTES = (CodeSignOnCopy, RemoveHeadersOnCopy, ); }; };
		343FB8DC2386642A00797ABC /* GOptionsFile.cpp in Sources */ = {isa = PBXBuildFile; fileRef = 343FB8DB2386642A00797ABC /* GOptionsFile.cpp */; };
/* End PBXBuildFile section */

/* Begin PBXContainerItemProxy section */
		343FB8A82386627A00797ABC /* PBXContainerItemProxy */ = {
			isa = PBXContainerItemProxy;
			containerPortal = 343FB8A42386627A00797ABC /* LgiCocoa.xcodeproj */;
			proxyType = 2;
			remoteGlobalIDString = 3477C2681CBF020F0028B84B;
			remoteInfo = LgiCocoa;
		};
		343FB8C32386638800797ABC /* PBXContainerItemProxy */ = {
			isa = PBXContainerItemProxy;
			containerPortal = 343FB8A42386627A00797ABC /* LgiCocoa.xcodeproj */;
			proxyType = 1;
			remoteGlobalIDString = 3477C2671CBF020F0028B84B;
			remoteInfo = LgiCocoa;
		};
/* End PBXContainerItemProxy section */

/* Begin PBXCopyFilesBuildPhase section */
		343FB8C72386639100797ABC /* CopyFiles */ = {
			isa = PBXCopyFilesBuildPhase;
			buildActionMask = 2147483647;
			dstPath = "";
			dstSubfolderSpec = 10;
			files = (
				343FB8C82386639C00797ABC /* LgiCocoa.framework in CopyFiles */,
			);
			runOnlyForDeploymentPostprocessing = 0;
		};
/* End PBXCopyFilesBuildPhase section */

/* Begin PBXFileReference section */
		34319027238DF4A700DDE1F5 /* TestSuite.cpp */ = {isa = PBXFileReference; fileEncoding = 4; lastKnownFileType = sourcecode.cpp.cpp; name = TestSuite.cpp; path = ../TestSuite.cpp; sourceTree = "<group>"; };
		34319028238DF4A700DDE1F5 /* HtmlTestSuite.lr8 */ = {isa = PBXFileReference; fileEncoding = 4; lastKnownFileType = text.xml; name = HtmlTestSuite.lr8; path = ../HtmlTestSuite.lr8; sourceTree = "<group>"; };
		3431902B238DF51B00DDE1F5 /* OpenSSLSocket.cpp */ = {isa = PBXFileReference; fileEncoding = 4; lastKnownFileType = sourcecode.cpp.cpp; name = OpenSSLSocket.cpp; path = ../../src/common/INet/OpenSSLSocket.cpp; sourceTree = "<group>"; };
		3431902D238DF57C00DDE1F5 /* GHtmlCommon.cpp */ = {isa = PBXFileReference; fileEncoding = 4; lastKnownFileType = sourcecode.cpp.cpp; name = GHtmlCommon.cpp; path = ../../src/common/Text/GHtmlCommon.cpp; sourceTree = "<group>"; };
		3431902E238DF57C00DDE1F5 /* GHtmlParser.cpp */ = {isa = PBXFileReference; fileEncoding = 4; lastKnownFileType = sourcecode.cpp.cpp; name = GHtmlParser.cpp; path = ../../src/common/Text/GHtmlParser.cpp; sourceTree = "<group>"; };
		3431902F238DF57C00DDE1F5 /* GHtml.cpp */ = {isa = PBXFileReference; fileEncoding = 4; lastKnownFileType = sourcecode.cpp.cpp; name = GHtml.cpp; path = ../../src/common/Text/GHtml.cpp; sourceTree = "<group>"; };
		34319033238DF97200DDE1F5 /* LEmojiFont.cpp */ = {isa = PBXFileReference; fileEncoding = 4; lastKnownFileType = sourcecode.cpp.cpp; name = LEmojiFont.cpp; path = ../../src/common/Gdc2/Font/LEmojiFont.cpp; sourceTree = "<group>"; };
		34319035238DF9C600DDE1F5 /* GParseCpp.cpp */ = {isa = PBXFileReference; fileEncoding = 4; lastKnownFileType = sourcecode.cpp.cpp; name = GParseCpp.cpp; path = ../../src/common/Coding/GParseCpp.cpp; sourceTree = "<group>"; };
		34319036238DF9C600DDE1F5 /* GScriptCompiler.cpp */ = {isa = PBXFileReference; fileEncoding = 4; lastKnownFileType = sourcecode.cpp.cpp; name = GScriptCompiler.cpp; path = ../../src/common/Coding/GScriptCompiler.cpp; sourceTree = "<group>"; };
		34319037238DF9C600DDE1F5 /* GScriptLibrary.cpp */ = {isa = PBXFileReference; fileEncoding = 4; lastKnownFileType = sourcecode.cpp.cpp; name = GScriptLibrary.cpp; path = ../../src/common/Coding/GScriptLibrary.cpp; sourceTree = "<group>"; };
		34319038238DF9C600DDE1F5 /* GScriptVM.cpp */ = {isa = PBXFileReference; fileEncoding = 4; lastKnownFileType = sourcecode.cpp.cpp; name = GScriptVM.cpp; path = ../../src/common/Coding/GScriptVM.cpp; sourceTree = "<group>"; };
		3431903D238DF9FB00DDE1F5 /* ImageComparison.cpp */ = {isa = PBXFileReference; fileEncoding = 4; lastKnownFileType = sourcecode.cpp.cpp; name = ImageComparison.cpp; path = ../../src/common/Images/Compare/ImageComparison.cpp; sourceTree = "<group>"; };
		3431903F238DFA4B00DDE1F5 /* GZoomView.cpp */ = {isa = PBXFileReference; fileEncoding = 4; lastKnownFileType = sourcecode.cpp.cpp; name = GZoomView.cpp; path = ../../src/common/Widgets/GZoomView.cpp; sourceTree = "<group>"; };
		34319041238DFA5800DDE1F5 /* GSubProcess.cpp */ = {isa = PBXFileReference; fileEncoding = 4; lastKnownFileType = sourcecode.cpp.cpp; name = GSubProcess.cpp; path = ../../src/common/Lgi/GSubProcess.cpp; sourceTree = "<group>"; };
		34319043238DFA7200DDE1F5 /* GStatusBar.cpp */ = {isa = PBXFileReference; fileEncoding = 4; lastKnownFileType = sourcecode.cpp.cpp; name = GStatusBar.cpp; path = ../../src/common/Widgets/GStatusBar.cpp; sourceTree = "<group>"; };
		34319045238DFA8400DDE1F5 /* GLexCpp.cpp */ = {isa = PBXFileReference; fileEncoding = 4; lastKnownFileType = sourcecode.cpp.cpp; name = GLexCpp.cpp; path = ../../src/common/Coding/GLexCpp.cpp; sourceTree = "<group>"; };
		34319047238DFA9100DDE1F5 /* GdcTools.cpp */ = {isa = PBXFileReference; fileEncoding = 4; lastKnownFileType = sourcecode.cpp.cpp; name = GdcTools.cpp; path = ../../src/common/Gdc2/Tools/GdcTools.cpp; sourceTree = "<group>"; };
		34319049238DFAB000DDE1F5 /* EmojiMap.cpp */ = {isa = PBXFileReference; fileEncoding = 4; lastKnownFileType = sourcecode.cpp.cpp; name = EmojiMap.cpp; path = ../../src/common/Text/Emoji/EmojiMap.cpp; sourceTree = "<group>"; };
		343FB88E2386621400797ABC /* HtmlTest.app */ = {isa = PBXFileReference; explicitFileType = wrapper.application; includeInIndex = 0; path = HtmlTest.app; sourceTree = BUILT_PRODUCTS_DIR; };
		343FB8942386621600797ABC /* Assets.xcassets */ = {isa = PBXFileReference; lastKnownFileType = folder.assetcatalog; path = Assets.xcassets; sourceTree = "<group>"; };
		343FB8992386621600797ABC /* Info.plist */ = {isa = PBXFileReference; lastKnownFileType = text.plist.xml; path = Info.plist; sourceTree = "<group>"; };
		343FB89C2386621600797ABC /* HtmlTest.entitlements */ = {isa = PBXFileReference; lastKnownFileType = text.plist.entitlements; path = HtmlTest.entitlements; sourceTree = "<group>"; };
		343FB8A42386627A00797ABC /* LgiCocoa.xcodeproj */ = {isa = PBXFileReference; lastKnownFileType = "wrapper.pb-project"; name = LgiCocoa.xcodeproj; path = ../../src/mac/cocoa/LgiCocoa.xcodeproj; sourceTree = "<group>"; };
		343FB8AA238662C500797ABC /* LgiMain.cpp */ = {isa = PBXFileReference; fileEncoding = 4; lastKnownFileType = sourcecode.cpp.cpp; name = LgiMain.cpp; path = ../../src/common/Lgi/LgiMain.cpp; sourceTree = "<group>"; };
		343FB8DB2386642A00797ABC /* GOptionsFile.cpp */ = {isa = PBXFileReference; fileEncoding = 4; lastKnownFileType = sourcecode.cpp.cpp; name = GOptionsFile.cpp; path = ../../src/common/Lgi/GOptionsFile.cpp; sourceTree = "<group>"; };
/* End PBXFileReference section */

/* Begin PBXFrameworksBuildPhase section */
		343FB88B2386621400797ABC /* Frameworks */ = {
			isa = PBXFrameworksBuildPhase;
			buildActionMask = 2147483647;
			files = (
				343FB8C62386638C00797ABC /* LgiCocoa.framework in Frameworks */,
			);
			runOnlyForDeploymentPostprocessing = 0;
		};
/* End PBXFrameworksBuildPhase section */

/* Begin PBXGroup section */
		343FB8852386621400797ABC = {
			isa = PBXGroup;
			children = (
				343FB8A22386625100797ABC /* Cocoa */,
				343FB8B9238662DB00797ABC /* Code */,
				343FB8C52386638C00797ABC /* Frameworks */,
				343FB8A32386626700797ABC /* Lgi */,
				343FB88F2386621400797ABC /* Products */,
			);
			sourceTree = "<group>";
		};
		343FB88F2386621400797ABC /* Products */ = {
			isa = PBXGroup;
			children = (
				343FB88E2386621400797ABC /* HtmlTest.app */,
			);
			name = Products;
			sourceTree = "<group>";
		};
		343FB8A22386625100797ABC /* Cocoa */ = {
			isa = PBXGroup;
			children = (
				343FB8942386621600797ABC /* Assets.xcassets */,
				343FB8992386621600797ABC /* Info.plist */,
				343FB89C2386621600797ABC /* HtmlTest.entitlements */,
			);
			name = Cocoa;
			sourceTree = "<group>";
		};
		343FB8A32386626700797ABC /* Lgi */ = {
			isa = PBXGroup;
			children = (
				3431903F238DFA4B00DDE1F5 /* GZoomView.cpp */,
				34319047238DFA9100DDE1F5 /* GdcTools.cpp */,
				3431903D238DF9FB00DDE1F5 /* ImageComparison.cpp */,
				34319049238DFAB000DDE1F5 /* EmojiMap.cpp */,
				34319035238DF9C600DDE1F5 /* GParseCpp.cpp */,
				34319041238DFA5800DDE1F5 /* GSubProcess.cpp */,
				34319036238DF9C600DDE1F5 /* GScriptCompiler.cpp */,
				34319037238DF9C600DDE1F5 /* GScriptLibrary.cpp */,
				34319045238DFA8400DDE1F5 /* GLexCpp.cpp */,
				34319038238DF9C600DDE1F5 /* GScriptVM.cpp */,
				34319043238DFA7200DDE1F5 /* GStatusBar.cpp */,
				3431902F238DF57C00DDE1F5 /* GHtml.cpp */,
				3431902D238DF57C00DDE1F5 /* GHtmlCommon.cpp */,
				3431902E238DF57C00DDE1F5 /* GHtmlParser.cpp */,
				3431902B238DF51B00DDE1F5 /* OpenSSLSocket.cpp */,
				34319033238DF97200DDE1F5 /* LEmojiFont.cpp */,
				343FB8DB2386642A00797ABC /* GOptionsFile.cpp */,
				343FB8AA238662C500797ABC /* LgiMain.cpp */,
				343FB8A42386627A00797ABC /* LgiCocoa.xcodeproj */,
			);
			name = Lgi;
			sourceTree = "<group>";
		};
		343FB8A52386627A00797ABC /* Products */ = {
			isa = PBXGroup;
			children = (
				343FB8A92386627A00797ABC /* LgiCocoa.framework */,
			);
			name = Products;
			sourceTree = "<group>";
		};
		343FB8B9238662DB00797ABC /* Code */ = {
			isa = PBXGroup;
			children = (
				34319028238DF4A700DDE1F5 /* HtmlTestSuite.lr8 */,
				34319027238DF4A700DDE1F5 /* TestSuite.cpp */,
			);
			name = Code;
			sourceTree = "<group>";
		};
		343FB8C52386638C00797ABC /* Frameworks */ = {
			isa = PBXGroup;
			children = (
			);
			name = Frameworks;
			sourceTree = "<group>";
		};
/* End PBXGroup section */

/* Begin PBXNativeTarget section */
		343FB88D2386621400797ABC /* HtmlTest */ = {
			isa = PBXNativeTarget;
			buildConfigurationList = 343FB89F2386621600797ABC /* Build configuration list for PBXNativeTarget "HtmlTest" */;
			buildPhases = (
				343FB88A2386621400797ABC /* Sources */,
				343FB88B2386621400797ABC /* Frameworks */,
				343FB88C2386621400797ABC /* Resources */,
				343FB8C72386639100797ABC /* CopyFiles */,
			);
			buildRules = (
			);
			dependencies = (
				343FB8C42386638800797ABC /* PBXTargetDependency */,
			);
			name = HtmlTest;
			productName = HtmlTest;
			productReference = 343FB88E2386621400797ABC /* HtmlTest.app */;
			productType = "com.apple.product-type.application";
		};
/* End PBXNativeTarget section */

/* Begin PBXProject section */
		343FB8862386621400797ABC /* Project object */ = {
			isa = PBXProject;
			attributes = {
				LastUpgradeCheck = 1010;
				ORGANIZATIONNAME = Memecode;
				TargetAttributes = {
					343FB88D2386621400797ABC = {
						CreatedOnToolsVersion = 10.1;
					};
				};
			};
			buildConfigurationList = 343FB8892386621400797ABC /* Build configuration list for PBXProject "HtmlTest" */;
			compatibilityVersion = "Xcode 9.3";
			developmentRegion = en;
			hasScannedForEncodings = 0;
			knownRegions = (
				en,
				Base,
			);
			mainGroup = 343FB8852386621400797ABC;
			productRefGroup = 343FB88F2386621400797ABC /* Products */;
			projectDirPath = "";
			projectReferences = (
				{
					ProductGroup = 343FB8A52386627A00797ABC /* Products */;
					ProjectRef = 343FB8A42386627A00797ABC /* LgiCocoa.xcodeproj */;
				},
			);
			projectRoot = "";
			targets = (
				343FB88D2386621400797ABC /* HtmlTest */,
			);
		};
/* End PBXProject section */

/* Begin PBXReferenceProxy section */
		343FB8A92386627A00797ABC /* LgiCocoa.framework */ = {
			isa = PBXReferenceProxy;
			fileType = wrapper.framework;
			path = LgiCocoa.framework;
			remoteRef = 343FB8A82386627A00797ABC /* PBXContainerItemProxy */;
			sourceTree = BUILT_PRODUCTS_DIR;
		};
/* End PBXReferenceProxy section */

/* Begin PBXResourcesBuildPhase section */
		343FB88C2386621400797ABC /* Resources */ = {
			isa = PBXResourcesBuildPhase;
			buildActionMask = 2147483647;
			files = (
				3431902A238DF4A700DDE1F5 /* HtmlTestSuite.lr8 in Resources */,
				343FB8952386621600797ABC /* Assets.xcassets in Resources */,
			);
			runOnlyForDeploymentPostprocessing = 0;
		};
/* End PBXResourcesBuildPhase section */

/* Begin PBXSourcesBuildPhase section */
		343FB88A2386621400797ABC /* Sources */ = {
			isa = PBXSourcesBuildPhase;
			buildActionMask = 2147483647;
			files = (
				3431904A238DFAB000DDE1F5 /* EmojiMap.cpp in Sources */,
				34319039238DF9C600DDE1F5 /* GParseCpp.cpp in Sources */,
				3431903C238DF9C600DDE1F5 /* GScriptVM.cpp in Sources */,
				34319029238DF4A700DDE1F5 /* TestSuite.cpp in Sources */,
				34319030238DF57C00DDE1F5 /* GHtmlCommon.cpp in Sources */,
				3431903B238DF9C600DDE1F5 /* GScriptLibrary.cpp in Sources */,
				34319032238DF57C00DDE1F5 /* GHtml.cpp in Sources */,
				34319046238DFA8400DDE1F5 /* GLexCpp.cpp in Sources */,
				34319042238DFA5800DDE1F5 /* GSubProcess.cpp in Sources */,
				34319048238DFA9100DDE1F5 /* GdcTools.cpp in Sources */,
				343FB8DC2386642A00797ABC /* GOptionsFile.cpp in Sources */,
				343FB8AB238662C500797ABC /* LgiMain.cpp in Sources */,
				3431902C238DF51B00DDE1F5 /* OpenSSLSocket.cpp in Sources */,
				34319034238DF97200DDE1F5 /* LEmojiFont.cpp in Sources */,
				3431903E238DF9FB00DDE1F5 /* ImageComparison.cpp in Sources */,
				34319031238DF57C00DDE1F5 /* GHtmlParser.cpp in Sources */,
				3431903A238DF9C600DDE1F5 /* GScriptCompiler.cpp in Sources */,
				34319040238DFA4B00DDE1F5 /* GZoomView.cpp in Sources */,
				34319044238DFA7300DDE1F5 /* GStatusBar.cpp in Sources */,
			);
			runOnlyForDeploymentPostprocessing = 0;
		};
/* End PBXSourcesBuildPhase section */

/* Begin PBXTargetDependency section */
		343FB8C42386638800797ABC /* PBXTargetDependency */ = {
			isa = PBXTargetDependency;
			name = LgiCocoa;
			targetProxy = 343FB8C32386638800797ABC /* PBXContainerItemProxy */;
		};
/* End PBXTargetDependency section */

/* Begin XCBuildConfiguration section */
		343FB89D2386621600797ABC /* Debug */ = {
			isa = XCBuildConfiguration;
			buildSettings = {
				ALWAYS_SEARCH_USER_PATHS = NO;
				CLANG_ANALYZER_NONNULL = YES;
				CLANG_ANALYZER_NUMBER_OBJECT_CONVERSION = YES_AGGRESSIVE;
				CLANG_CXX_LANGUAGE_STANDARD = "gnu++14";
				CLANG_CXX_LIBRARY = "libc++";
				CLANG_ENABLE_MODULES = YES;
				CLANG_ENABLE_OBJC_ARC = YES;
				CLANG_ENABLE_OBJC_WEAK = YES;
				CLANG_WARN_BLOCK_CAPTURE_AUTORELEASING = YES;
				CLANG_WARN_BOOL_CONVERSION = YES;
				CLANG_WARN_COMMA = YES;
				CLANG_WARN_CONSTANT_CONVERSION = YES;
				CLANG_WARN_DEPRECATED_OBJC_IMPLEMENTATIONS = YES;
				CLANG_WARN_DIRECT_OBJC_ISA_USAGE = YES_ERROR;
				CLANG_WARN_DOCUMENTATION_COMMENTS = YES;
				CLANG_WARN_EMPTY_BODY = YES;
				CLANG_WARN_ENUM_CONVERSION = YES;
				CLANG_WARN_INFINITE_RECURSION = YES;
				CLANG_WARN_INT_CONVERSION = YES;
				CLANG_WARN_NON_LITERAL_NULL_CONVERSION = YES;
				CLANG_WARN_OBJC_IMPLICIT_RETAIN_SELF = YES;
				CLANG_WARN_OBJC_LITERAL_CONVERSION = YES;
				CLANG_WARN_OBJC_ROOT_CLASS = YES_ERROR;
				CLANG_WARN_RANGE_LOOP_ANALYSIS = YES;
				CLANG_WARN_STRICT_PROTOTYPES = YES;
				CLANG_WARN_SUSPICIOUS_MOVE = YES;
				CLANG_WARN_UNGUARDED_AVAILABILITY = YES_AGGRESSIVE;
				CLANG_WARN_UNREACHABLE_CODE = YES;
				CLANG_WARN__DUPLICATE_METHOD_MATCH = YES;
				CODE_SIGN_IDENTITY = "-";
				COPY_PHASE_STRIP = NO;
				DEBUG_INFORMATION_FORMAT = dwarf;
				ENABLE_STRICT_OBJC_MSGSEND = YES;
				ENABLE_TESTABILITY = YES;
				GCC_C_LANGUAGE_STANDARD = gnu11;
				GCC_DYNAMIC_NO_PIC = NO;
				GCC_NO_COMMON_BLOCKS = YES;
				GCC_OPTIMIZATION_LEVEL = 0;
				GCC_PREPROCESSOR_DEFINITIONS = (
					"DEBUG=1",
					"$(inherited)",
				);
				GCC_WARN_64_TO_32_BIT_CONVERSION = YES;
				GCC_WARN_ABOUT_RETURN_TYPE = YES_ERROR;
				GCC_WARN_UNDECLARED_SELECTOR = YES;
				GCC_WARN_UNINITIALIZED_AUTOS = YES_AGGRESSIVE;
				GCC_WARN_UNUSED_FUNCTION = YES;
				GCC_WARN_UNUSED_VARIABLE = YES;
				MACOSX_DEPLOYMENT_TARGET = 10.13;
				MTL_ENABLE_DEBUG_INFO = INCLUDE_SOURCE;
				MTL_FAST_MATH = YES;
				ONLY_ACTIVE_ARCH = YES;
				SDKROOT = macosx;
			};
			name = Debug;
		};
		343FB89E2386621600797ABC /* Release */ = {
			isa = XCBuildConfiguration;
			buildSettings = {
				ALWAYS_SEARCH_USER_PATHS = NO;
				CLANG_ANALYZER_NONNULL = YES;
				CLANG_ANALYZER_NUMBER_OBJECT_CONVERSION = YES_AGGRESSIVE;
				CLANG_CXX_LANGUAGE_STANDARD = "gnu++14";
				CLANG_CXX_LIBRARY = "libc++";
				CLANG_ENABLE_MODULES = YES;
				CLANG_ENABLE_OBJC_ARC = YES;
				CLANG_ENABLE_OBJC_WEAK = YES;
				CLANG_WARN_BLOCK_CAPTURE_AUTORELEASING = YES;
				CLANG_WARN_BOOL_CONVERSION = YES;
				CLANG_WARN_COMMA = YES;
				CLANG_WARN_CONSTANT_CONVERSION = YES;
				CLANG_WARN_DEPRECATED_OBJC_IMPLEMENTATIONS = YES;
				CLANG_WARN_DIRECT_OBJC_ISA_USAGE = YES_ERROR;
				CLANG_WARN_DOCUMENTATION_COMMENTS = YES;
				CLANG_WARN_EMPTY_BODY = YES;
				CLANG_WARN_ENUM_CONVERSION = YES;
				CLANG_WARN_INFINITE_RECURSION = YES;
				CLANG_WARN_INT_CONVERSION = YES;
				CLANG_WARN_NON_LITERAL_NULL_CONVERSION = YES;
				CLANG_WARN_OBJC_IMPLICIT_RETAIN_SELF = YES;
				CLANG_WARN_OBJC_LITERAL_CONVERSION = YES;
				CLANG_WARN_OBJC_ROOT_CLASS = YES_ERROR;
				CLANG_WARN_RANGE_LOOP_ANALYSIS = YES;
				CLANG_WARN_STRICT_PROTOTYPES = YES;
				CLANG_WARN_SUSPICIOUS_MOVE = YES;
				CLANG_WARN_UNGUARDED_AVAILABILITY = YES_AGGRESSIVE;
				CLANG_WARN_UNREACHABLE_CODE = YES;
				CLANG_WARN__DUPLICATE_METHOD_MATCH = YES;
				CODE_SIGN_IDENTITY = "-";
				COPY_PHASE_STRIP = NO;
				DEBUG_INFORMATION_FORMAT = "dwarf-with-dsym";
				ENABLE_NS_ASSERTIONS = NO;
				ENABLE_STRICT_OBJC_MSGSEND = YES;
				GCC_C_LANGUAGE_STANDARD = gnu11;
				GCC_NO_COMMON_BLOCKS = YES;
				GCC_WARN_64_TO_32_BIT_CONVERSION = YES;
				GCC_WARN_ABOUT_RETURN_TYPE = YES_ERROR;
				GCC_WARN_UNDECLARED_SELECTOR = YES;
				GCC_WARN_UNINITIALIZED_AUTOS = YES_AGGRESSIVE;
				GCC_WARN_UNUSED_FUNCTION = YES;
				GCC_WARN_UNUSED_VARIABLE = YES;
				MACOSX_DEPLOYMENT_TARGET = 10.13;
				MTL_ENABLE_DEBUG_INFO = NO;
				MTL_FAST_MATH = YES;
				SDKROOT = macosx;
			};
			name = Release;
		};
		343FB8A02386621600797ABC /* Debug */ = {
			isa = XCBuildConfiguration;
			buildSettings = {
				ASSETCATALOG_COMPILER_APPICON_NAME = AppIcon;
				CODE_SIGN_STYLE = Automatic;
				COMBINE_HIDPI_IMAGES = YES;
				HEADER_SEARCH_PATHS = (
					../../include/common,
					../../include/mac/cocoa,
					../Code,
					../Resources,
					/opt/local/include,
				);
				INFOPLIST_FILE = Info.plist;
				LD_RUNPATH_SEARCH_PATHS = (
					"$(inherited)",
					"@executable_path/../Frameworks",
				);
				OTHER_CFLAGS = (
					"-DMAC",
					"-DLGI_COCOA",
					"-D_DEBUG",
				);
				PRODUCT_BUNDLE_IDENTIFIER = com.memecode.htmltest;
				PRODUCT_NAME = "$(TARGET_NAME)";
				VALID_ARCHS = x86_64;
			};
			name = Debug;
		};
		343FB8A12386621600797ABC /* Release */ = {
			isa = XCBuildConfiguration;
			buildSettings = {
				ASSETCATALOG_COMPILER_APPICON_NAME = AppIcon;
				CODE_SIGN_STYLE = Automatic;
				COMBINE_HIDPI_IMAGES = YES;
				HEADER_SEARCH_PATHS = (
					../../include/common,
					../../include/mac/cocoa,
					../Code,
					../Resources,
					/opt/local/include,
				);
				INFOPLIST_FILE = Info.plist;
				LD_RUNPATH_SEARCH_PATHS = (
					"$(inherited)",
					"@executable_path/../Frameworks",
				);
				OTHER_CFLAGS = (
					"-DMAC",
					"-DLGI_COCOA",
				);
				PRODUCT_BUNDLE_IDENTIFIER = com.memecode.htmltest;
				PRODUCT_NAME = "$(TARGET_NAME)";
				VALID_ARCHS = x86_64;
			};
			name = Release;
		};
/* End XCBuildConfiguration section */

/* Begin XCConfigurationList section */
		343FB8892386621400797ABC /* Build configuration list for PBXProject "HtmlTest" */ = {
			isa = XCConfigurationList;
			buildConfigurations = (
				343FB89D2386621600797ABC /* Debug */,
				343FB89E2386621600797ABC /* Release */,
			);
			defaultConfigurationIsVisible = 0;
			defaultConfigurationName = Release;
		};
		343FB89F2386621600797ABC /* Build configuration list for PBXNativeTarget "HtmlTest" */ = {
			isa = XCConfigurationList;
			buildConfigurations = (
				343FB8A02386621600797ABC /* Debug */,
				343FB8A12386621600797ABC /* Release */,
			);
			defaultConfigurationIsVisible = 0;
			defaultConfigurationName = Release;
		};
/* End XCConfigurationList section */
	};
	rootObject = 343FB8862386621400797ABC /* Project object */;
}
