<?xml version="1.0" encoding="utf-8"?>
<Project ToolsVersion="4.0" xmlns="http://schemas.microsoft.com/developer/msbuild/2003">
  <ItemGroup>
    <Filter Include="Source Files">
      <UniqueIdentifier>{7985b591-4530-4e8d-9c6d-548d0b89a19c}</UniqueIdentifier>
      <Extensions>cpp;c;cxx;rc;def;r;odl;idl;hpj;bat</Extensions>
    </Filter>
    <Filter Include="Lgi">
      <UniqueIdentifier>{a4c991b0-729e-474a-88df-86ee58479274}</UniqueIdentifier>
      <Extensions>h;hpp;hxx;hm;inl</Extensions>
    </Filter>
    <Filter Include="Resources">
      <UniqueIdentifier>{42d83401-80f5-44e4-9c26-e91423d5f214}</UniqueIdentifier>
    </Filter>
    <Filter Include="Controls">
      <UniqueIdentifier>{ca6ef51c-f1e1-4fa9-9eb1-592f10a617b0}</UniqueIdentifier>
    </Filter>
    <Filter Include="Controls\Html">
      <UniqueIdentifier>{102281d9-5fed-495e-8ce7-d4232c9afda4}</UniqueIdentifier>
    </Filter>
    <Filter Include="Controls\RichTextEdit">
      <UniqueIdentifier>{666d6b50-f5fb-48b3-8e73-d8a90741e5ee}</UniqueIdentifier>
    </Filter>
    <Filter Include="Controls\Html\Editor">
      <UniqueIdentifier>{709ef9b9-cc52-4d5a-8579-25db2a246210}</UniqueIdentifier>
    </Filter>
    <Filter Include="Controls\RichTextEdit\Emoji">
      <UniqueIdentifier>{62a1d4c6-9ce5-466d-a6a2-65e26f62c288}</UniqueIdentifier>
    </Filter>
  </ItemGroup>
  <ItemGroup>
    <ClCompile Include="Rich.cpp">
      <Filter>Source Files</Filter>
    </ClCompile>
    <ClCompile Include="..\src\common\Gdc2\Tools\GdcTools.cpp">
      <Filter>Lgi</Filter>
    </ClCompile>
    <ClCompile Include="..\src\common\Lgi\LgiMain.cpp">
      <Filter>Lgi</Filter>
    </ClCompile>
    <ClCompile Include="..\src\common\Widgets\GHtmlEdit.cpp">
      <Filter>Controls\Html\Editor</Filter>
    </ClCompile>
    <ClCompile Include="..\src\common\Text\GHtml.cpp">
      <Filter>Controls\Html</Filter>
    </ClCompile>
    <ClCompile Include="..\src\common\Text\GHtmlCommon.cpp">
      <Filter>Controls\Html</Filter>
    </ClCompile>
    <ClCompile Include="..\src\common\Text\GHtmlParser.cpp">
      <Filter>Controls\Html</Filter>
    </ClCompile>
    <ClCompile Include="..\src\common\Widgets\Editor\GRichTextEdit.cpp">
      <Filter>Controls\RichTextEdit</Filter>
    </ClCompile>
    <ClCompile Include="..\src\common\Widgets\Editor\BlockCursor.cpp">
      <Filter>Controls\RichTextEdit</Filter>
    </ClCompile>
    <ClCompile Include="..\src\common\Widgets\Editor\TextBlock.cpp">
      <Filter>Controls\RichTextEdit</Filter>
    </ClCompile>
    <ClCompile Include="..\src\common\Widgets\Editor\GRichTextEditPriv.cpp">
      <Filter>Controls\RichTextEdit</Filter>
    </ClCompile>
    <ClCompile Include="..\src\common\Text\Emoji\EmojiMap.cpp">
      <Filter>Controls\RichTextEdit\Emoji</Filter>
    </ClCompile>
    <ClCompile Include="..\src\common\Text\Emoji\EmojiTools.cpp">
      <Filter>Controls\RichTextEdit\Emoji</Filter>
    </ClCompile>
  </ItemGroup>
  <ItemGroup>
    <ClInclude Include="resource.h">
      <Filter>Lgi</Filter>
    </ClInclude>
    <ClInclude Include="..\include\common\GHtmlEdit.h">
      <Filter>Controls\Html\Editor</Filter>
    </ClInclude>
    <ClInclude Include="..\include\common\GHtmlPriv.h">
      <Filter>Controls\Html</Filter>
    </ClInclude>
    <ClInclude Include="..\include\common\GRichTextEdit.h">
      <Filter>Controls\RichTextEdit</Filter>
    </ClInclude>
    <ClInclude Include="..\src\common\Widgets\Editor\GRichTextEditPriv.h">
      <Filter>Controls\RichTextEdit</Filter>
    </ClInclude>
    <ClInclude Include="..\include\common\Emoji.h">
      <Filter>Controls\RichTextEdit\Emoji</Filter>
    </ClInclude>
  </ItemGroup>
  <ItemGroup>
    <Image Include="icon1.ico">
      <Filter>Resources</Filter>
    </Image>
  </ItemGroup>
  <ItemGroup>
    <ResourceCompile Include="Rich.rc">
      <Filter>Resources</Filter>
    </ResourceCompile>
  </ItemGroup>
</Project>