<?xml version="1.0" encoding="utf-8"?>
<Project ToolsVersion="4.0" xmlns="http://schemas.microsoft.com/developer/msbuild/2003">
  <ItemGroup>
    <Filter Include="Source Files">
      <UniqueIdentifier>{afe8cb77-9ad1-4536-bbdd-3c127e7ed08c}</UniqueIdentifier>
      <Extensions>cpp;c;cxx;rc;def;r;odl;idl;hpj;bat</Extensions>
    </Filter>
    <Filter Include="Source Files\Core">
      <UniqueIdentifier>{66a64573-871b-4499-ae26-c19e9e2a514a}</UniqueIdentifier>
    </Filter>
    <Filter Include="Source Files\Core\Libraries">
      <UniqueIdentifier>{3fc23ef0-f144-4f1f-a9b4-18d3392bb63d}</UniqueIdentifier>
    </Filter>
    <Filter Include="Source Files\Core\Mutex">
      <UniqueIdentifier>{c6cd6d73-d33c-4413-ade1-9dad78e2dc9c}</UniqueIdentifier>
    </Filter>
    <Filter Include="Source Files\Core\Drag and Drop">
      <UniqueIdentifier>{c8684fc7-2e3c-4f15-8284-9d44b044f6c6}</UniqueIdentifier>
    </Filter>
    <Filter Include="Source Files\Core\Menus">
      <UniqueIdentifier>{87b1c801-b9ce-4f6c-97ab-a8f89aee9594}</UniqueIdentifier>
    </Filter>
    <Filter Include="Source Files\Core\Resources">
      <UniqueIdentifier>{c06c25f2-2c07-4900-a517-4a6a324069e9}</UniqueIdentifier>
    </Filter>
    <Filter Include="Source Files\Core\Threads">
      <UniqueIdentifier>{2c01a737-36cf-4197-bfa1-20395060263f}</UniqueIdentifier>
    </Filter>
    <Filter Include="Source Files\Core\Variant">
      <UniqueIdentifier>{1e4cd802-8b94-4328-930e-37bfbfbedff5}</UniqueIdentifier>
    </Filter>
    <Filter Include="Source Files\Core\Stream">
      <UniqueIdentifier>{01075698-dde2-4ed0-808f-7dd54414b597}</UniqueIdentifier>
    </Filter>
    <Filter Include="Source Files\Core\DateTime">
      <UniqueIdentifier>{4a6845a8-e6ec-47d5-8f6c-aa0cfdbc68df}</UniqueIdentifier>
    </Filter>
    <Filter Include="Source Files\Core\Memory Subsystem">
      <UniqueIdentifier>{f567a76b-edd5-434d-b0d9-d51481f34845}</UniqueIdentifier>
    </Filter>
    <Filter Include="Source Files\Core\File">
      <UniqueIdentifier>{3dee0237-b01c-44e8-a730-08dc661df82f}</UniqueIdentifier>
    </Filter>
    <Filter Include="Source Files\Core\Process">
      <UniqueIdentifier>{bbaaace6-0ac7-4e76-90ae-9e5d5a0cb899}</UniqueIdentifier>
    </Filter>
    <Filter Include="Source Files\Core\Skin">
      <UniqueIdentifier>{71e7b970-a070-40a7-a99f-88c215e14e44}</UniqueIdentifier>
    </Filter>
    <Filter Include="Source Files\Widgets">
      <UniqueIdentifier>{6e115ea1-09fb-492b-82b6-428afe17fed9}</UniqueIdentifier>
    </Filter>
    <Filter Include="Source Files\Widgets\Css">
      <UniqueIdentifier>{719ef36f-419f-46f9-aef9-2f8158e4d106}</UniqueIdentifier>
    </Filter>
    <Filter Include="Source Files\Widgets\Layout">
      <UniqueIdentifier>{fb221556-3700-4dd8-ba9a-10b5d66bfe54}</UniqueIdentifier>
    </Filter>
    <Filter Include="Source Files\Widgets\Container">
      <UniqueIdentifier>{8e9f0321-56ae-4485-a338-e87d714c7f50}</UniqueIdentifier>
    </Filter>
    <Filter Include="Source Files\Widgets\Native Windows">
      <UniqueIdentifier>{c6050f41-574b-4a92-9ce5-860be2719ecf}</UniqueIdentifier>
    </Filter>
    <Filter Include="Source Files\Widgets\Xp">
      <UniqueIdentifier>{a07cd969-801e-4ec9-9394-e34912a3271d}</UniqueIdentifier>
    </Filter>
    <Filter Include="Source Files\General">
      <UniqueIdentifier>{e067fae0-ef98-4e7a-8434-6f36590ba0e6}</UniqueIdentifier>
    </Filter>
    <Filter Include="Source Files\General\Mru">
      <UniqueIdentifier>{0a3e2151-b13a-407a-8cd9-ccb20f15cacf}</UniqueIdentifier>
    </Filter>
    <Filter Include="Source Files\General\Clipboard">
      <UniqueIdentifier>{c72248a4-c2f0-43b9-950d-89d09bfddbb3}</UniqueIdentifier>
    </Filter>
    <Filter Include="Source Files\General\Hash">
      <UniqueIdentifier>{dad60202-c763-4f32-9dfb-fe7def4637ee}</UniqueIdentifier>
    </Filter>
    <Filter Include="Source Files\General\Growl">
      <UniqueIdentifier>{532dfa4a-58d3-4133-9ed6-a9fbf7f1556e}</UniqueIdentifier>
    </Filter>
    <Filter Include="Source Files\Text">
      <UniqueIdentifier>{5409aca4-2a55-4b2f-a719-d3db4e3cd7e4}</UniqueIdentifier>
    </Filter>
    <Filter Include="Source Files\Graphics">
      <UniqueIdentifier>{e3a3aadd-47ef-4723-9bcc-7db1f75a18b0}</UniqueIdentifier>
    </Filter>
    <Filter Include="Source Files\Graphics\Font">
      <UniqueIdentifier>{c4327acf-78c3-4ef1-b8bc-3aac9ea52b41}</UniqueIdentifier>
    </Filter>
    <Filter Include="Source Files\Graphics\Applicators">
      <UniqueIdentifier>{b3c906b8-595e-4641-8eec-8ad03ab13f6f}</UniqueIdentifier>
    </Filter>
    <Filter Include="Source Files\Graphics\Filters">
      <UniqueIdentifier>{baf0a65b-4a9c-4b11-850d-a957c19a22bf}</UniqueIdentifier>
    </Filter>
    <Filter Include="Source Files\Graphics\Rect/Region">
      <UniqueIdentifier>{6e349f5b-36a8-4821-9574-4040a3784204}</UniqueIdentifier>
    </Filter>
    <Filter Include="Source Files\Graphics\Surfaces">
      <UniqueIdentifier>{ddfdebae-8bcf-4224-8938-2716aba03822}</UniqueIdentifier>
    </Filter>
    <Filter Include="Source Files\Graphics\Gdi Leak">
      <UniqueIdentifier>{a126c55a-edee-489f-a852-25cbd1b433b2}</UniqueIdentifier>
    </Filter>
    <Filter Include="Source Files\Graphics\Colour Reduction">
      <UniqueIdentifier>{ab5fd4a0-3862-42fd-b4ff-d5d8b0443f53}</UniqueIdentifier>
    </Filter>
    <Filter Include="Source Files\Dialogs">
      <UniqueIdentifier>{048d5e0a-220f-4911-999d-96965eb53691}</UniqueIdentifier>
    </Filter>
    <Filter Include="Source Files\Network">
      <UniqueIdentifier>{258aef64-8cd0-4838-8131-147196656a99}</UniqueIdentifier>
    </Filter>
    <Filter Include="Header Files">
      <UniqueIdentifier>{5fe450b8-5fa9-440e-9fb0-03860b3548d0}</UniqueIdentifier>
      <Extensions>h;hpp;hxx;hm;inl</Extensions>
    </Filter>
    <Filter Include="Source Files\Network\CommsBus">
      <UniqueIdentifier>{51517e04-fa30-4233-978d-658a547f17b2}</UniqueIdentifier>
    </Filter>
  </ItemGroup>
  <ItemGroup>
    <ClCompile Include="..\src\win\Lgi\App.cpp">
      <Filter>Source Files\Core</Filter>
    </ClCompile>
    <ClCompile Include="..\src\common\Lgi\AppCommon.cpp">
      <Filter>Source Files\Core</Filter>
    </ClCompile>
    <ClCompile Include="..\src\common\Lgi\Alert.cpp">
      <Filter>Source Files\Dialogs</Filter>
    </ClCompile>
    <ClCompile Include="..\src\common\Net\Base64.cpp">
      <Filter>Source Files\General</Filter>
    </ClCompile>
    <ClCompile Include="..\src\common\Widgets\Bitmap.cpp">
      <Filter>Source Files\Widgets</Filter>
    </ClCompile>
    <ClCompile Include="..\src\common\Widgets\Button.cpp">
      <Filter>Source Files\Widgets</Filter>
    </ClCompile>
    <ClCompile Include="..\src\win\Widgets\Button_Win.cpp">
      <Filter>Source Files\Widgets\Native Windows</Filter>
    </ClCompile>
    <ClCompile Include="..\src\win\Widgets\CheckBox_Win.cpp">
      <Filter>Source Files\Widgets\Native Windows</Filter>
    </ClCompile>
    <ClCompile Include="..\src\common\Widgets\CheckBox.cpp">
      <Filter>Source Files\Widgets</Filter>
    </ClCompile>
    <ClCompile Include="..\src\common\Gdc2\Font\Charset.cpp">
      <Filter>Source Files\Text</Filter>
    </ClCompile>
    <ClCompile Include="..\src\win\Lgi\ClipBoard.cpp">
      <Filter>Source Files\General\Clipboard</Filter>
    </ClCompile>
    <ClCompile Include="..\src\common\Gdc2\Colour.cpp">
      <Filter>Source Files\Graphics</Filter>
    </ClCompile>
    <ClCompile Include="..\src\win\Widgets\Combo_Win.cpp">
      <Filter>Source Files\Widgets\Native Windows</Filter>
    </ClCompile>
    <ClCompile Include="..\src\common\General\Containers.cpp">
      <Filter>Source Files\Core\Memory Subsystem</Filter>
    </ClCompile>
    <ClCompile Include="..\src\common\Lgi\Css.cpp">
      <Filter>Source Files\Widgets\Css</Filter>
    </ClCompile>
    <ClCompile Include="..\src\common\Lgi\CssTools.cpp">
      <Filter>Source Files\Widgets\Css</Filter>
    </ClCompile>
    <ClCompile Include="..\src\common\General\DateTime.cpp">
      <Filter>Source Files\Core\DateTime</Filter>
    </ClCompile>
    <ClCompile Include="..\src\win\Widgets\Dialog_Win.cpp">
      <Filter>Source Files\Widgets\Native Windows</Filter>
    </ClCompile>
    <ClCompile Include="..\src\common\Gdc2\Font\DisplayString.cpp">
      <Filter>Source Files\Graphics\Font</Filter>
    </ClCompile>
    <ClCompile Include="..\src\win\Lgi\DragAndDrop.cpp">
      <Filter>Source Files\Core\Drag and Drop</Filter>
    </ClCompile>
    <ClCompile Include="..\src\common\Lgi\DragAndDropCommon.cpp">
      <Filter>Source Files\Core\Drag and Drop</Filter>
    </ClCompile>
    <ClCompile Include="..\src\common\Text\DocView.cpp">
      <Filter>Source Files\Core</Filter>
    </ClCompile>
    <ClCompile Include="..\src\common\Lgi\DropFiles.cpp">
      <Filter>Source Files\Core\Drag and Drop</Filter>
    </ClCompile>
    <ClCompile Include="..\src\win\Widgets\Edit_Win.cpp">
      <Filter>Source Files\Widgets\Native Windows</Filter>
    </ClCompile>
    <ClCompile Include="..\src\common\General\ExeCheck.cpp">
      <Filter>Source Files\General</Filter>
    </ClCompile>
    <ClCompile Include="..\src\win\General\File.cpp">
      <Filter>Source Files\Core\File</Filter>
    </ClCompile>
    <ClCompile Include="..\src\common\General\FileCommon.cpp">
      <Filter>Source Files\Core\File</Filter>
    </ClCompile>
    <ClCompile Include="..\src\win\Lgi\FileSelect.cpp">
      <Filter>Source Files\Dialogs</Filter>
    </ClCompile>
    <ClCompile Include="..\src\common\Gdc2\Filters\Filter.cpp">
      <Filter>Source Files\Graphics\Filters</Filter>
    </ClCompile>
    <ClCompile Include="..\src\common\Lgi\FindReplace.cpp">
      <Filter>Source Files\Dialogs</Filter>
    </ClCompile>
    <ClCompile Include="..\src\common\Gdc2\Font\Font.cpp">
      <Filter>Source Files\Graphics\Font</Filter>
    </ClCompile>
    <ClCompile Include="..\src\common\Lgi\FontSelect.cpp">
      <Filter>Source Files\Graphics\Font</Filter>
    </ClCompile>
    <ClCompile Include="..\src\common\Gdc2\Font\FontSystem.cpp">
      <Filter>Source Files\Graphics\Font</Filter>
    </ClCompile>
    <ClCompile Include="..\src\common\Gdc2\Font\FontType.cpp">
      <Filter>Source Files\Graphics\Font</Filter>
    </ClCompile>
    <ClCompile Include="..\src\win\Gdc2\Gdc2.cpp">
      <Filter>Source Files\Graphics</Filter>
    </ClCompile>
    <ClCompile Include="..\src\common\Gdc2\GdcCommon.cpp">
      <Filter>Source Files\Graphics</Filter>
    </ClCompile>
    <ClCompile Include="..\src\win\Gdc2\GdiLeak.cpp">
      <Filter>Source Files\Graphics\Gdi Leak</Filter>
    </ClCompile>
    <ClCompile Include="..\src\common\Skins\Gel\Gel.cpp">
      <Filter>Source Files\Core\Skin</Filter>
    </ClCompile>
    <ClCompile Include="..\src\win\Lgi\General.cpp">
      <Filter>Source Files\General</Filter>
    </ClCompile>
    <ClCompile Include="..\src\common\General\Growl.cpp">
      <Filter>Source Files\General\Growl</Filter>
    </ClCompile>
    <ClCompile Include="..\src\common\Lgi\GuiUtils.cpp">
      <Filter>Source Files\Graphics</Filter>
    </ClCompile>
    <ClCompile Include="..\src\common\Lgi\Input.cpp">
      <Filter>Source Files\Dialogs</Filter>
    </ClCompile>
    <ClCompile Include="..\src\win\Lgi\Layout.cpp">
      <Filter>Source Files\Core</Filter>
    </ClCompile>
    <ClCompile Include="..\src\common\Lgi\LgiCommon.cpp">
      <Filter>Source Files\General</Filter>
    </ClCompile>
    <ClCompile Include="..\src\win\Lgi\LgiException.cpp">
      <Filter>Source Files\General</Filter>
    </ClCompile>
    <ClCompile Include="..\src\common\Resource\LgiRes.cpp">
      <Filter>Source Files\Core\Resources</Filter>
    </ClCompile>
    <ClCompile Include="..\src\common\Lgi\Library.cpp">
      <Filter>Source Files\Core\Libraries</Filter>
    </ClCompile>
    <ClCompile Include="..\src\common\Lgi\LMsg.cpp">
      <Filter>Source Files\Dialogs</Filter>
    </ClCompile>
    <ClCompile Include="..\src\common\Hash\md5\md5.c">
      <Filter>Source Files\General\Hash</Filter>
    </ClCompile>
    <ClCompile Include="..\src\common\Net\MDStringToDigest.cpp">
      <Filter>Source Files\General\Hash</Filter>
    </ClCompile>
    <ClCompile Include="..\src\win\General\Mem.cpp">
      <Filter>Source Files\Core\Memory Subsystem</Filter>
    </ClCompile>
    <ClCompile Include="..\src\win\Gdc2\MemDC.cpp">
      <Filter>Source Files\Graphics\Surfaces</Filter>
    </ClCompile>
    <ClCompile Include="..\src\common\Gdc2\Alpha.cpp">
      <Filter>Source Files\Graphics\Applicators</Filter>
    </ClCompile>
    <ClCompile Include="..\src\common\Gdc2\64Bit.cpp">
      <Filter>Source Files\Graphics\Applicators</Filter>
    </ClCompile>
    <ClCompile Include="..\src\common\Gdc2\48Bit.cpp">
      <Filter>Source Files\Graphics\Applicators</Filter>
    </ClCompile>
    <ClCompile Include="..\src\common\Gdc2\32Bit.cpp">
      <Filter>Source Files\Graphics\Applicators</Filter>
    </ClCompile>
    <ClCompile Include="..\src\common\Gdc2\16Bit.cpp">
      <Filter>Source Files\Graphics\Applicators</Filter>
    </ClCompile>
    <ClCompile Include="..\src\common\Gdc2\24Bit.cpp">
      <Filter>Source Files\Graphics\Applicators</Filter>
    </ClCompile>
    <ClCompile Include="..\src\common\Gdc2\15Bit.cpp">
      <Filter>Source Files\Graphics\Applicators</Filter>
    </ClCompile>
    <ClCompile Include="..\src\common\Gdc2\8Bit.cpp">
      <Filter>Source Files\Graphics\Applicators</Filter>
    </ClCompile>
    <ClCompile Include="..\src\common\Lgi\MemStream.cpp">
      <Filter>Source Files\Core\Memory Subsystem</Filter>
    </ClCompile>
    <ClCompile Include="..\src\win\Lgi\Menu.cpp">
      <Filter>Source Files\Core\Menus</Filter>
    </ClCompile>
    <ClCompile Include="..\src\common\Lgi\MenuCommon.cpp">
      <Filter>Source Files\Core\Menus</Filter>
    </ClCompile>
    <ClCompile Include="..\src\win\INet\MibAccess.cpp">
      <Filter>Source Files\Network</Filter>
    </ClCompile>
    <ClCompile Include="..\src\common\Net\Net.cpp">
      <Filter>Source Files\Network</Filter>
    </ClCompile>
    <ClCompile Include="..\src\common\Lgi\Object.cpp">
      <Filter>Source Files\General</Filter>
    </ClCompile>
    <ClCompile Include="..\src\common\Lgi\OptionsFile.cpp">
      <Filter>Source Files\General</Filter>
    </ClCompile>
    <ClCompile Include="..\src\common\Widgets\Panel.cpp">
      <Filter>Source Files\Widgets</Filter>
    </ClCompile>
    <ClCompile Include="..\src\common\General\Password.cpp">
      <Filter>Source Files\General</Filter>
    </ClCompile>
    <ClCompile Include="..\src\common\Gdc2\Path\Path.cpp">
      <Filter>Source Files\Graphics</Filter>
    </ClCompile>
    <ClCompile Include="..\src\common\Widgets\Popup.cpp">
      <Filter>Source Files\Widgets</Filter>
    </ClCompile>
    <ClCompile Include="..\src\win\Gdc2\PrintDC.cpp">
      <Filter>Source Files\Graphics\Surfaces</Filter>
    </ClCompile>
    <ClCompile Include="..\src\win\Lgi\Printer.cpp">
      <Filter>Source Files\Core</Filter>
    </ClCompile>
    <ClCompile Include="..\src\win\Widgets\Progress_Win.cpp">
      <Filter>Source Files\Widgets\Native Windows</Filter>
    </ClCompile>
    <ClCompile Include="..\src\common\Widgets\ProgressDlg.cpp">
      <Filter>Source Files\Widgets</Filter>
    </ClCompile>
    <ClCompile Include="..\src\common\Widgets\RadioGroup.cpp">
      <Filter>Source Files\Widgets</Filter>
    </ClCompile>
    <ClCompile Include="..\src\win\Widgets\RadioGroup_Win.cpp">
      <Filter>Source Files\Widgets\Native Windows</Filter>
    </ClCompile>
    <ClCompile Include="..\src\common\Lgi\Rand.cpp">
      <Filter>Source Files\General</Filter>
    </ClCompile>
    <ClCompile Include="..\src\common\Resource\Res.cpp">
      <Filter>Source Files\Core\Resources</Filter>
    </ClCompile>
    <ClCompile Include="..\src\win\Gdc2\ScreenDC.cpp">
      <Filter>Source Files\Graphics\Surfaces</Filter>
    </ClCompile>
    <ClCompile Include="..\src\win\Lgi\ScrollBar.cpp">
      <Filter>Source Files\Widgets</Filter>
    </ClCompile>
    <ClCompile Include="..\src\common\Hash\sha1\sha1.c">
      <Filter>Source Files\General\Hash</Filter>
    </ClCompile>
    <ClCompile Include="..\src\win\General\ShowFileProp_Win.cpp">
      <Filter>Source Files\Widgets\Native Windows</Filter>
    </ClCompile>
    <ClCompile Include="..\src\win\Widgets\Slider_Win.cpp">
      <Filter>Source Files\Widgets\Native Windows</Filter>
    </ClCompile>
    <ClCompile Include="..\src\common\Widgets\StatusBar.cpp">
      <Filter>Source Files\Widgets</Filter>
    </ClCompile>
    <ClCompile Include="..\src\common\Text\String.cpp">
      <Filter>Source Files\Text</Filter>
    </ClCompile>
    <ClCompile Include="..\src\common\Gdc2\Font\StringLayout.cpp">
      <Filter>Source Files\Graphics\Font</Filter>
    </ClCompile>
    <ClCompile Include="..\src\common\Gdc2\Surface.cpp">
      <Filter>Source Files\Graphics\Surfaces</Filter>
    </ClCompile>
    <ClCompile Include="..\src\common\Widgets\TextLabel.cpp">
      <Filter>Source Files\Widgets</Filter>
    </ClCompile>
    <ClCompile Include="..\src\common\Text\TextView3.cpp">
      <Filter>Source Files\Widgets</Filter>
    </ClCompile>
    <ClCompile Include="..\src\common\Text\TextView4.cpp">
      <Filter>Source Files\Widgets</Filter>
    </ClCompile>
    <ClCompile Include="..\src\win\Lgi\Thread.cpp">
      <Filter>Source Files\Core\Threads</Filter>
    </ClCompile>
    <ClCompile Include="..\src\common\Lgi\ThreadCommon.cpp">
      <Filter>Source Files\Core\Threads</Filter>
    </ClCompile>
    <ClCompile Include="..\src\common\Lgi\ThreadEvent.cpp">
      <Filter>Source Files\Core\Threads</Filter>
    </ClCompile>
    <ClCompile Include="..\src\common\Text\Token.cpp">
      <Filter>Source Files\Text</Filter>
    </ClCompile>
    <ClCompile Include="..\src\common\Widgets\ToolBar.cpp">
      <Filter>Source Files\Widgets</Filter>
    </ClCompile>
    <ClCompile Include="..\src\common\Lgi\ToolTip.cpp">
      <Filter>Source Files\Widgets</Filter>
    </ClCompile>
    <ClCompile Include="..\src\common\Lgi\TrayIcon.cpp">
      <Filter>Source Files\Widgets</Filter>
    </ClCompile>
    <ClCompile Include="..\src\common\Gdc2\Font\TypeFace.cpp">
      <Filter>Source Files\Graphics\Font</Filter>
    </ClCompile>
    <ClCompile Include="..\src\common\Text\Unicode.cpp">
      <Filter>Source Files\Text</Filter>
    </ClCompile>
    <ClCompile Include="..\src\common\Text\UnicodeString.cpp">
      <Filter>Source Files\Text</Filter>
    </ClCompile>
    <ClCompile Include="..\src\common\Net\Uri.cpp">
      <Filter>Source Files\Network</Filter>
    </ClCompile>
    <ClCompile Include="..\src\common\Text\Utf8.cpp">
      <Filter>Source Files\Text</Filter>
    </ClCompile>
    <ClCompile Include="..\src\win\Lgi\View.cpp">
      <Filter>Source Files\Core</Filter>
    </ClCompile>
    <ClCompile Include="..\src\common\Lgi\ViewCommon.cpp">
      <Filter>Source Files\Core</Filter>
    </ClCompile>
    <ClCompile Include="..\src\win\Lgi\Window.cpp">
      <Filter>Source Files\Core</Filter>
    </ClCompile>
    <ClCompile Include="..\src\common\Lgi\WindowCommon.cpp">
      <Filter>Source Files\Core</Filter>
    </ClCompile>
    <ClCompile Include="..\src\common\Text\XmlTree.cpp">
      <Filter>Source Files\Text</Filter>
    </ClCompile>
    <ClCompile Include="..\src\common\Widgets\Tree.cpp">
      <Filter>Source Files\Widgets\Container</Filter>
    </ClCompile>
    <ClCompile Include="..\src\common\Widgets\List.cpp">
      <Filter>Source Files\Widgets\Container</Filter>
    </ClCompile>
    <ClCompile Include="..\src\common\Widgets\Box.cpp">
      <Filter>Source Files\Widgets\Layout</Filter>
    </ClCompile>
    <ClCompile Include="..\src\common\Widgets\TableLayout.cpp">
      <Filter>Source Files\Widgets\Layout</Filter>
    </ClCompile>
    <ClCompile Include="..\src\common\Widgets\Splitter.cpp">
      <Filter>Source Files\Widgets\Layout</Filter>
    </ClCompile>
    <ClCompile Include="..\src\common\Widgets\Slider.cpp">
      <Filter>Source Files\Widgets\Xp</Filter>
    </ClCompile>
    <ClCompile Include="..\src\common\Widgets\Edit.cpp">
      <Filter>Source Files\Widgets\Xp</Filter>
    </ClCompile>
    <ClCompile Include="..\src\common\Widgets\Combo.cpp">
      <Filter>Source Files\Widgets\Xp</Filter>
    </ClCompile>
    <ClCompile Include="..\src\common\Widgets\TabView.cpp">
      <Filter>Source Files\Widgets\Layout</Filter>
    </ClCompile>
    <ClCompile Include="..\src\common\Widgets\ItemContainer.cpp">
      <Filter>Source Files\Widgets\Container</Filter>
    </ClCompile>
    <ClCompile Include="..\src\common\Lgi\Mutex.cpp">
      <Filter>Source Files\Core\Mutex</Filter>
    </ClCompile>
    <ClCompile Include="..\src\common\Lgi\Stream.cpp">
      <Filter>Source Files\Core\Stream</Filter>
    </ClCompile>
    <ClCompile Include="..\src\common\Lgi\Variant.cpp">
      <Filter>Source Files\Core\Variant</Filter>
    </ClCompile>
    <ClCompile Include="..\src\common\Lgi\Mru.cpp">
      <Filter>Source Files\General\Mru</Filter>
    </ClCompile>
    <ClCompile Include="..\src\common\Gdc2\Tools\ColourReduce.cpp">
      <Filter>Source Files\Graphics\Colour Reduction</Filter>
    </ClCompile>
    <ClCompile Include="..\src\common\Gdc2\Rect.cpp">
      <Filter>Source Files\Graphics\Rect/Region</Filter>
    </ClCompile>
    <ClCompile Include="..\src\common\Lgi\ClipBoardCommon.cpp">
      <Filter>Source Files\General\Clipboard</Filter>
    </ClCompile>
    <ClCompile Include="..\src\win\Lgi\SubProcess.cpp">
      <Filter>Source Files\Core\Process</Filter>
    </ClCompile>
    <ClCompile Include="..\src\common\General\TimeZone.cpp">
      <Filter>Source Files\Core\DateTime</Filter>
    </ClCompile>
    <ClCompile Include="..\src\common\Gdc2\Tools\GdcTools.cpp">
      <Filter>Source Files\Graphics</Filter>
    </ClCompile>
    <ClCompile Include="..\src\common\Net\CommsBus.cpp">
      <Filter>Source Files\Network\CommsBus</Filter>
    </ClCompile>
    <ClCompile Include="..\src\win\Lgi\Roster.cpp">
      <Filter>Source Files\Core\Process</Filter>
    </ClCompile>
    <ClCompile Include="..\src\common\Gdc2\Filters\Gif.cpp">
      <Filter>Source Files\Graphics\Filters</Filter>
    </ClCompile>
    <ClCompile Include="..\src\common\Gdc2\Filters\Jpeg.cpp">
      <Filter>Source Files\Graphics\Filters</Filter>
    </ClCompile>
    <ClCompile Include="..\src\common\Gdc2\Filters\Png.cpp">
      <Filter>Source Files\Graphics\Filters</Filter>
    </ClCompile>
    <ClCompile Include="..\src\common\Gdc2\Filters\Svg.cpp">
      <Filter>Source Files\Graphics\Filters</Filter>
    </ClCompile>
    <ClCompile Include="..\src\common\Gdc2\Filters\Lzw.cpp">
      <Filter>Source Files\Graphics\Filters</Filter>
    </ClCompile>
    <ClCompile Include="..\src\common\Gdc2\Filters\Tiff.cpp">
      <Filter>Source Files\Graphics\Filters</Filter>
    </ClCompile>
  </ItemGroup>
  <ItemGroup>
    <ClInclude Include="..\include\lgi\common\About.h">
      <Filter>Header Files</Filter>
    </ClInclude>
    <ClInclude Include="..\include\lgi\common\AnonPipe.h">
      <Filter>Header Files</Filter>
    </ClInclude>
    <ClInclude Include="..\include\lgi\common\AudioView.h">
      <Filter>Header Files</Filter>
    </ClInclude>
    <ClInclude Include="..\include\lgi\common\AutoPtr.h">
      <Filter>Header Files</Filter>
    </ClInclude>
    <ClInclude Include="..\include\lgi\common\Bits.h">
      <Filter>Header Files</Filter>
    </ClInclude>
    <ClInclude Include="..\include\lgi\common\Browser.h">
      <Filter>Header Files</Filter>
    </ClInclude>
    <ClInclude Include="..\include\lgi\common\CairoSurface.h">
      <Filter>Header Files</Filter>
    </ClInclude>
    <ClInclude Include="..\include\lgi\common\Cancel.h">
      <Filter>Header Files</Filter>
    </ClInclude>
    <ClInclude Include="..\include\lgi\common\Capabilities.h">
      <Filter>Header Files</Filter>
    </ClInclude>
    <ClInclude Include="..\include\lgi\common\Com.h">
      <Filter>Header Files</Filter>
    </ClInclude>
    <ClInclude Include="..\include\lgi\common\Console.h">
      <Filter>Header Files</Filter>
    </ClInclude>
    <ClInclude Include="..\include\lgi\common\ControlTree.h">
      <Filter>Header Files</Filter>
    </ClInclude>
    <ClInclude Include="..\include\lgi\common\Core.h">
      <Filter>Header Files</Filter>
    </ClInclude>
    <ClInclude Include="..\include\lgi\common\Css.h">
      <Filter>Header Files</Filter>
    </ClInclude>
    <ClInclude Include="..\include\lgi\common\CssTools.h">
      <Filter>Header Files</Filter>
    </ClInclude>
    <ClInclude Include="..\include\lgi\common\CurrentTime.h">
      <Filter>Header Files</Filter>
    </ClInclude>
    <ClInclude Include="..\include\lgi\common\DataDlg.h">
      <Filter>Header Files</Filter>
    </ClInclude>
    <ClInclude Include="..\include\lgi\common\DataGrid.h">
      <Filter>Header Files</Filter>
    </ClInclude>
    <ClInclude Include="..\include\lgi\common\DateTimeCtrls.h">
      <Filter>Header Files</Filter>
    </ClInclude>
    <ClInclude Include="..\include\lgi\common\Db.h">
      <Filter>Header Files</Filter>
    </ClInclude>
    <ClInclude Include="..\include\lgi\common\DbTable.h">
      <Filter>Header Files</Filter>
    </ClInclude>
    <ClInclude Include="..\include\lgi\common\DeEscape.h">
      <Filter>Header Files</Filter>
    </ClInclude>
    <ClInclude Include="..\include\lgi\common\Dialog.h">
      <Filter>Header Files</Filter>
    </ClInclude>
    <ClInclude Include="..\include\lgi\common\DiskBTree.h">
      <Filter>Header Files</Filter>
    </ClInclude>
    <ClInclude Include="..\include\lgi\common\Dns.h">
      <Filter>Header Files</Filter>
    </ClInclude>
    <ClInclude Include="..\include\lgi\common\DocApp.h">
      <Filter>Header Files</Filter>
    </ClInclude>
    <ClInclude Include="..\include\lgi\common\Dom.h">
      <Filter>Header Files</Filter>
    </ClInclude>
    <ClInclude Include="..\include\lgi\common\DomFields.h">
      <Filter>Header Files</Filter>
    </ClInclude>
    <ClInclude Include="..\include\lgi\common\DrawListSurface.h">
      <Filter>Header Files</Filter>
    </ClInclude>
    <ClInclude Include="..\include\lgi\common\Emoji.h">
      <Filter>Header Files</Filter>
    </ClInclude>
    <ClInclude Include="..\include\lgi\common\EmojiFont.h">
      <Filter>Header Files</Filter>
    </ClInclude>
    <ClInclude Include="..\include\lgi\common\Error.h">
      <Filter>Header Files</Filter>
    </ClInclude>
    <ClInclude Include="..\include\lgi\common\EventTargetThread.h">
      <Filter>Header Files</Filter>
    </ClInclude>
    <ClInclude Include="..\include\lgi\common\FfmpegFile.h">
      <Filter>Header Files</Filter>
    </ClInclude>
    <ClInclude Include="..\include\lgi\common\FileAssoc.h">
      <Filter>Header Files</Filter>
    </ClInclude>
    <ClInclude Include="..\include\lgi\common\FileTransferProgress.h">
      <Filter>Header Files</Filter>
    </ClInclude>
    <ClInclude Include="..\include\lgi\common\FilterUi.h">
      <Filter>Header Files</Filter>
    </ClInclude>
    <ClInclude Include="..\include\lgi\common\FindInFiles.h">
      <Filter>Header Files</Filter>
    </ClInclude>
    <ClInclude Include="..\include\lgi\common\Ftp.h">
      <Filter>Header Files</Filter>
    </ClInclude>
    <ClInclude Include="..\include\lgi\common\Graph.h">
      <Filter>Header Files</Filter>
    </ClInclude>
    <ClInclude Include="..\include\lgi\common\HashDom.h">
      <Filter>Header Files</Filter>
    </ClInclude>
    <ClInclude Include="..\include\lgi\common\HashTable.h">
      <Filter>Header Files</Filter>
    </ClInclude>
    <ClInclude Include="..\include\lgi\common\HashTbl_Depr.h">
      <Filter>Header Files</Filter>
    </ClInclude>
    <ClInclude Include="..\include\lgi\common\Homoglyphs.h">
      <Filter>Header Files</Filter>
    </ClInclude>
    <ClInclude Include="..\include\lgi\common\Html.h">
      <Filter>Header Files</Filter>
    </ClInclude>
    <ClInclude Include="..\include\lgi\common\Html2.h">
      <Filter>Header Files</Filter>
    </ClInclude>
    <ClInclude Include="..\include\lgi\common\HtmlCommon.h">
      <Filter>Header Files</Filter>
    </ClInclude>
    <ClInclude Include="..\include\lgi\common\HtmlEdit.h">
      <Filter>Header Files</Filter>
    </ClInclude>
    <ClInclude Include="..\include\lgi\common\HtmlParser.h">
      <Filter>Header Files</Filter>
    </ClInclude>
    <ClInclude Include="..\include\lgi\common\Http.h">
      <Filter>Header Files</Filter>
    </ClInclude>
    <ClInclude Include="..\include\lgi\common\HttpTools.h">
      <Filter>Header Files</Filter>
    </ClInclude>
    <ClInclude Include="..\include\lgi\common\HttpUi.h">
      <Filter>Header Files</Filter>
    </ClInclude>
    <ClInclude Include="..\include\lgi\common\Icc.h">
      <Filter>Header Files</Filter>
    </ClInclude>
    <ClInclude Include="..\include\lgi\common\ImageComparison.h">
      <Filter>Header Files</Filter>
    </ClInclude>
    <ClInclude Include="..\include\lgi\common\ImageList.h">
      <Filter>Header Files</Filter>
    </ClInclude>
    <ClInclude Include="..\include\lgi\common\Jpeg.h">
      <Filter>Header Files</Filter>
    </ClInclude>
    <ClInclude Include="..\include\lgi\common\Json.h">
      <Filter>Header Files</Filter>
    </ClInclude>
    <ClInclude Include="..\include\lgi\common\Ldap.h">
      <Filter>Header Files</Filter>
    </ClInclude>
    <ClInclude Include="..\include\lgi\common\LdapServer.h">
      <Filter>Header Files</Filter>
    </ClInclude>
    <ClInclude Include="..\include\lgi\common\Levenshtein.h">
      <Filter>Header Files</Filter>
    </ClInclude>
    <ClInclude Include="..\include\lgi\common\LexCpp.h">
      <Filter>Header Files</Filter>
    </ClInclude>
    <ClInclude Include="..\include\lgi\common\Lgi.h">
      <Filter>Header Files</Filter>
    </ClInclude>
    <ClInclude Include="..\include\lgi\common\LgiCommon.h">
      <Filter>Header Files</Filter>
    </ClInclude>
    <ClInclude Include="..\include\lgi\common\LgiConfig.h">
      <Filter>Header Files</Filter>
    </ClInclude>
    <ClInclude Include="..\include\lgi\common\LgiDefs.h">
      <Filter>Header Files</Filter>
    </ClInclude>
    <ClInclude Include="..\include\lgi\common\LgiInc.h">
      <Filter>Header Files</Filter>
    </ClInclude>
    <ClInclude Include="..\include\lgi\common\LgiInterfaces.h">
      <Filter>Header Files</Filter>
    </ClInclude>
    <ClInclude Include="..\include\lgi\common\LgiMsgs.h">
      <Filter>Header Files</Filter>
    </ClInclude>
    <ClInclude Include="..\include\lgi\common\LgiNetInc.h">
      <Filter>Header Files</Filter>
    </ClInclude>
    <ClInclude Include="..\include\lgi\common\QuickSort.h">
      <Filter>Header Files</Filter>
    </ClInclude>
    <ClInclude Include="..\include\lgi\common\LgiUiBase.h">
      <Filter>Header Files</Filter>
    </ClInclude>
    <ClInclude Include="..\include\lgi\common\LMallocArray.h">
      <Filter>Header Files</Filter>
    </ClInclude>
    <ClInclude Include="..\include\lgi\common\Log.h">
      <Filter>Header Files</Filter>
    </ClInclude>
    <ClInclude Include="..\include\lgi\common\Lzw.h">
      <Filter>Header Files</Filter>
    </ClInclude>
    <ClInclude Include="..\include\lgi\common\Mail.h">
      <Filter>Header Files</Filter>
    </ClInclude>
    <ClInclude Include="..\include\lgi\common\Map.h">
      <Filter>Header Files</Filter>
    </ClInclude>
    <ClInclude Include="..\include\lgi\common\Matrix.h">
      <Filter>Header Files</Filter>
    </ClInclude>
    <ClInclude Include="..\include\lgi\common\Mdi.h">
      <Filter>Header Files</Filter>
    </ClInclude>
    <ClInclude Include="..\include\lgi\common\MemoryPool.h">
      <Filter>Header Files</Filter>
    </ClInclude>
    <ClInclude Include="..\include\lgi\common\Midi.h">
      <Filter>Header Files</Filter>
    </ClInclude>
    <ClInclude Include="..\include\lgi\common\Mime.h">
      <Filter>Header Files</Filter>
    </ClInclude>
    <ClInclude Include="..\include\lgi\common\MonthView.h">
      <Filter>Header Files</Filter>
    </ClInclude>
    <ClInclude Include="..\include\lgi\common\Notifications.h">
      <Filter>Header Files</Filter>
    </ClInclude>
    <ClInclude Include="..\include\lgi\common\OAuth2.h">
      <Filter>Header Files</Filter>
    </ClInclude>
    <ClInclude Include="..\include\lgi\common\OpenGL.h">
      <Filter>Header Files</Filter>
    </ClInclude>
    <ClInclude Include="..\include\lgi\common\OpenSSLSocket.h">
      <Filter>Header Files</Filter>
    </ClInclude>
    <ClInclude Include="..\include\lgi\common\Palette.h">
      <Filter>Header Files</Filter>
    </ClInclude>
    <ClInclude Include="..\include\lgi\common\ParseCpp.h">
      <Filter>Header Files</Filter>
    </ClInclude>
    <ClInclude Include="..\include\lgi\common\ParsePart.h">
      <Filter>Header Files</Filter>
    </ClInclude>
    <ClInclude Include="..\include\lgi\common\Permissions.h">
      <Filter>Header Files</Filter>
    </ClInclude>
    <ClInclude Include="..\include\lgi\common\PixelRops.h">
      <Filter>Header Files</Filter>
    </ClInclude>
    <ClInclude Include="..\include\lgi\common\Point.h">
      <Filter>Header Files</Filter>
    </ClInclude>
    <ClInclude Include="..\include\lgi\common\Process.h">
      <Filter>Header Files</Filter>
    </ClInclude>
    <ClInclude Include="..\include\lgi\common\Profile.h">
      <Filter>Header Files</Filter>
    </ClInclude>
    <ClInclude Include="..\include\lgi\common\Progress.h">
      <Filter>Header Files</Filter>
    </ClInclude>
    <ClInclude Include="..\include\lgi\common\ProgressStatusPane.h">
      <Filter>Header Files</Filter>
    </ClInclude>
    <ClInclude Include="..\include\lgi\common\ProgressView.h">
      <Filter>Header Files</Filter>
    </ClInclude>
    <ClInclude Include="..\include\lgi\common\Properties.h">
      <Filter>Header Files</Filter>
    </ClInclude>
    <ClInclude Include="..\include\lgi\common\Range.h">
      <Filter>Header Files</Filter>
    </ClInclude>
    <ClInclude Include="..\include\lgi\common\Ranges.h">
      <Filter>Header Files</Filter>
    </ClInclude>
    <ClInclude Include="..\include\lgi\common\RefCount.h">
      <Filter>Header Files</Filter>
    </ClInclude>
    <ClInclude Include="..\include\lgi\common\Message.h">
      <Filter>Header Files</Filter>
    </ClInclude>
    <ClInclude Include="..\include\lgi\common\RegionClipDC.h">
      <Filter>Header Files</Filter>
    </ClInclude>
    <ClInclude Include="..\include\lgi\common\RegKey.h">
      <Filter>Header Files</Filter>
    </ClInclude>
    <ClInclude Include="..\include\lgi\common\RichTextEdit.h">
      <Filter>Header Files</Filter>
    </ClInclude>
    <ClInclude Include="..\include\lgi\common\Rops.h">
      <Filter>Header Files</Filter>
    </ClInclude>
    <ClInclude Include="..\include\lgi\common\RtfHtml.h">
      <Filter>Header Files</Filter>
    </ClInclude>
    <ClInclude Include="..\include\lgi\common\Scp.h">
      <Filter>Header Files</Filter>
    </ClInclude>
    <ClInclude Include="..\include\lgi\common\Scripting.h">
      <Filter>Header Files</Filter>
    </ClInclude>
    <ClInclude Include="..\include\lgi\common\SegmentTree.h">
      <Filter>Header Files</Filter>
    </ClInclude>
    <ClInclude Include="..\include\lgi\common\Serialize.h">
      <Filter>Header Files</Filter>
    </ClInclude>
    <ClInclude Include="..\include\lgi\common\SharedMemory.h">
      <Filter>Header Files</Filter>
    </ClInclude>
    <ClInclude Include="..\include\lgi\common\Smb.h">
      <Filter>Header Files</Filter>
    </ClInclude>
    <ClInclude Include="..\include\lgi\common\SoftwareUpdate.h">
      <Filter>Header Files</Filter>
    </ClInclude>
    <ClInclude Include="..\include\lgi\common\SpellCheck.h">
      <Filter>Header Files</Filter>
    </ClInclude>
    <ClInclude Include="..\include\lgi\common\Ssh.h">
      <Filter>Header Files</Filter>
    </ClInclude>
    <ClInclude Include="..\include\lgi\common\Stat.h">
      <Filter>Header Files</Filter>
    </ClInclude>
    <ClInclude Include="..\include\lgi\common\Store.h">
      <Filter>Header Files</Filter>
    </ClInclude>
    <ClInclude Include="..\include\lgi\common\Store2.h">
      <Filter>Header Files</Filter>
    </ClInclude>
    <ClInclude Include="..\include\lgi\common\Store3.h">
      <Filter>Header Files</Filter>
    </ClInclude>
    <ClInclude Include="..\include\lgi\common\Store3Defs.h">
      <Filter>Header Files</Filter>
    </ClInclude>
    <ClInclude Include="..\include\lgi\common\Store3MimeTree.h">
      <Filter>Header Files</Filter>
    </ClInclude>
    <ClInclude Include="..\include\lgi\common\StoreCommon.h">
      <Filter>Header Files</Filter>
    </ClInclude>
    <ClInclude Include="..\include\lgi\common\StoreConvert1To2.h">
      <Filter>Header Files</Filter>
    </ClInclude>
    <ClInclude Include="..\include\lgi\common\StreamConcat.h">
      <Filter>Header Files</Filter>
    </ClInclude>
    <ClInclude Include="..\include\lgi\common\StringClass.h">
      <Filter>Header Files</Filter>
    </ClInclude>
    <ClInclude Include="..\include\lgi\common\StructuredIo.h">
      <Filter>Header Files</Filter>
    </ClInclude>
    <ClInclude Include="..\include\lgi\common\StructuredLog.h">
      <Filter>Header Files</Filter>
    </ClInclude>
    <ClInclude Include="..\include\lgi\common\TableDb.h">
      <Filter>Header Files</Filter>
    </ClInclude>
    <ClInclude Include="..\include\lgi\common\Tag.h">
      <Filter>Header Files</Filter>
    </ClInclude>
    <ClInclude Include="..\include\lgi\common\TarFile.h">
      <Filter>Header Files</Filter>
    </ClInclude>
    <ClInclude Include="..\include\lgi\common\Telnet.h">
      <Filter>Header Files</Filter>
    </ClInclude>
    <ClInclude Include="..\include\lgi\common\Text.h">
      <Filter>Header Files</Filter>
    </ClInclude>
    <ClInclude Include="..\include\lgi\common\TextConvert.h">
      <Filter>Header Files</Filter>
    </ClInclude>
    <ClInclude Include="..\include\lgi\common\TextFile.h">
      <Filter>Header Files</Filter>
    </ClInclude>
    <ClInclude Include="..\include\lgi\common\TextLog.h">
      <Filter>Header Files</Filter>
    </ClInclude>
    <ClInclude Include="..\include\lgi\common\Tnef.h">
      <Filter>Header Files</Filter>
    </ClInclude>
    <ClInclude Include="..\include\lgi\common\ToolTabBar.h">
      <Filter>Header Files</Filter>
    </ClInclude>
    <ClInclude Include="..\include\lgi\common\Undo.h">
      <Filter>Header Files</Filter>
    </ClInclude>
    <ClInclude Include="..\include\lgi\common\UnrolledList.h">
      <Filter>Header Files</Filter>
    </ClInclude>
    <ClInclude Include="..\include\lgi\common\vCard-vCal.h">
      <Filter>Header Files</Filter>
    </ClInclude>
    <ClInclude Include="..\include\lgi\common\WebDav.h">
      <Filter>Header Files</Filter>
    </ClInclude>
    <ClInclude Include="..\include\lgi\common\WebSocket.h">
      <Filter>Header Files</Filter>
    </ClInclude>
    <ClInclude Include="..\include\lgi\common\Widgets.h">
      <Filter>Header Files</Filter>
    </ClInclude>
    <ClInclude Include="..\include\lgi\common\WordStore.h">
      <Filter>Header Files</Filter>
    </ClInclude>
    <ClInclude Include="..\include\lgi\common\YearView.h">
      <Filter>Header Files</Filter>
    </ClInclude>
    <ClInclude Include="..\include\lgi\common\ZipFile.h">
      <Filter>Header Files</Filter>
    </ClInclude>
    <ClInclude Include="..\include\lgi\common\ZipLibrary.h">
      <Filter>Header Files</Filter>
    </ClInclude>
    <ClInclude Include="..\include\lgi\common\ZlibWrapper.h">
      <Filter>Header Files</Filter>
    </ClInclude>
    <ClInclude Include="..\include\lgi\common\ZoomView.h">
      <Filter>Header Files</Filter>
    </ClInclude>
    <ClInclude Include="..\include\lgi\common\TextView4.h">
      <Filter>Source Files\Widgets</Filter>
    </ClInclude>
    <ClInclude Include="..\include\lgi\common\TextView3.h">
      <Filter>Source Files\Widgets</Filter>
    </ClInclude>
    <ClInclude Include="..\include\lgi\common\Bitmap.h">
      <Filter>Source Files\Widgets</Filter>
    </ClInclude>
    <ClInclude Include="..\include\lgi\common\Button.h">
      <Filter>Source Files\Widgets</Filter>
    </ClInclude>
    <ClInclude Include="..\include\lgi\common\CheckBox.h">
      <Filter>Source Files\Widgets</Filter>
    </ClInclude>
    <ClInclude Include="..\include\lgi\common\Panel.h">
      <Filter>Source Files\Widgets</Filter>
    </ClInclude>
    <ClInclude Include="..\include\lgi\common\Popup.h">
      <Filter>Source Files\Widgets</Filter>
    </ClInclude>
    <ClInclude Include="..\include\lgi\common\PopupList.h">
      <Filter>Source Files\Widgets</Filter>
    </ClInclude>
    <ClInclude Include="..\include\lgi\common\ProgressDlg.h">
      <Filter>Source Files\Widgets</Filter>
    </ClInclude>
    <ClInclude Include="..\include\lgi\common\RadioGroup.h">
      <Filter>Source Files\Widgets</Filter>
    </ClInclude>
    <ClInclude Include="..\include\lgi\common\ScrollBar.h">
      <Filter>Source Files\Widgets</Filter>
    </ClInclude>
    <ClInclude Include="..\include\lgi\common\StatusBar.h">
      <Filter>Source Files\Widgets</Filter>
    </ClInclude>
    <ClInclude Include="..\include\lgi\common\TextLabel.h">
      <Filter>Source Files\Widgets</Filter>
    </ClInclude>
    <ClInclude Include="..\include\lgi\common\ToolBar.h">
      <Filter>Source Files\Widgets</Filter>
    </ClInclude>
    <ClInclude Include="..\include\lgi\common\ToolTip.h">
      <Filter>Source Files\Widgets</Filter>
    </ClInclude>
    <ClInclude Include="..\include\lgi\common\TrayIcon.h">
      <Filter>Source Files\Widgets</Filter>
    </ClInclude>
    <ClInclude Include="..\include\lgi\common\Tree.h">
      <Filter>Source Files\Widgets\Container</Filter>
    </ClInclude>
    <ClInclude Include="..\include\lgi\common\ListItemRadioBtn.h">
      <Filter>Source Files\Widgets\Container</Filter>
    </ClInclude>
    <ClInclude Include="..\include\lgi\common\ListItemCheckBox.h">
      <Filter>Source Files\Widgets\Container</Filter>
    </ClInclude>
    <ClInclude Include="..\include\lgi\common\List.h">
      <Filter>Source Files\Widgets\Container</Filter>
    </ClInclude>
    <ClInclude Include="..\include\lgi\common\Box.h">
      <Filter>Source Files\Widgets\Layout</Filter>
    </ClInclude>
    <ClInclude Include="..\include\lgi\common\TableLayout.h">
      <Filter>Source Files\Widgets\Layout</Filter>
    </ClInclude>
    <ClInclude Include="..\include\lgi\common\Splitter.h">
      <Filter>Source Files\Widgets\Layout</Filter>
    </ClInclude>
    <ClInclude Include="..\include\lgi\common\Slider.h">
      <Filter>Source Files\Widgets\Xp</Filter>
    </ClInclude>
    <ClInclude Include="..\include\lgi\common\Edit.h">
      <Filter>Source Files\Widgets\Xp</Filter>
    </ClInclude>
    <ClInclude Include="..\include\lgi\common\Combo.h">
      <Filter>Source Files\Widgets\Xp</Filter>
    </ClInclude>
    <ClInclude Include="..\include\lgi\common\TabView.h">
      <Filter>Source Files\Widgets\Layout</Filter>
    </ClInclude>
    <ClInclude Include="..\include\lgi\common\Charset.h">
      <Filter>Source Files\Text</Filter>
    </ClInclude>
    <ClInclude Include="..\include\lgi\common\LgiString.h">
      <Filter>Source Files\Text</Filter>
    </ClInclude>
    <ClInclude Include="..\include\lgi\common\Token.h">
      <Filter>Source Files\Text</Filter>
    </ClInclude>
    <ClInclude Include="..\include\lgi\common\Unicode.h">
      <Filter>Source Files\Text</Filter>
    </ClInclude>
    <ClInclude Include="..\include\lgi\common\UnicodeString.h">
      <Filter>Source Files\Text</Filter>
    </ClInclude>
    <ClInclude Include="..\include\lgi\common\XmlTree.h">
      <Filter>Source Files\Text</Filter>
    </ClInclude>
    <ClInclude Include="..\include\lgi\common\XmlTreeUi.h">
      <Filter>Source Files\Text</Filter>
    </ClInclude>
    <ClInclude Include="..\src\win\INet\MibAccess.h">
      <Filter>Source Files\Network</Filter>
    </ClInclude>
    <ClInclude Include="..\include\lgi\common\Net.h">
      <Filter>Source Files\Network</Filter>
    </ClInclude>
    <ClInclude Include="..\include\lgi\common\Uri.h">
      <Filter>Source Files\Network</Filter>
    </ClInclude>
    <ClInclude Include="..\include\lgi\common\App.h">
      <Filter>Source Files\Core</Filter>
    </ClInclude>
    <ClInclude Include="..\include\lgi\common\DocView.h">
      <Filter>Source Files\Core</Filter>
    </ClInclude>
    <ClInclude Include="..\include\lgi\common\ItemContainer.h">
      <Filter>Source Files\Widgets\Container</Filter>
    </ClInclude>
    <ClInclude Include="..\include\lgi\common\Layout.h">
      <Filter>Source Files\Core</Filter>
    </ClInclude>
    <ClInclude Include="..\include\lgi\common\Printer.h">
      <Filter>Source Files\Core</Filter>
    </ClInclude>
    <ClInclude Include="..\include\lgi\common\View.h">
      <Filter>Source Files\Core</Filter>
    </ClInclude>
    <ClInclude Include="..\include\lgi\common\Window.h">
      <Filter>Source Files\Core</Filter>
    </ClInclude>
    <ClInclude Include="..\include\lgi\common\DateTime.h">
      <Filter>Source Files\Core\DateTime</Filter>
    </ClInclude>
    <ClInclude Include="..\include\lgi\common\DragAndDrop.h">
      <Filter>Source Files\Core\Drag and Drop</Filter>
    </ClInclude>
    <ClInclude Include="..\include\lgi\common\DropFiles.h">
      <Filter>Source Files\Core\Drag and Drop</Filter>
    </ClInclude>
    <ClInclude Include="..\include\lgi\common\File.h">
      <Filter>Source Files\Core\File</Filter>
    </ClInclude>
    <ClInclude Include="..\include\lgi\common\Library.h">
      <Filter>Source Files\Core\Libraries</Filter>
    </ClInclude>
    <ClInclude Include="..\include\lgi\common\LibraryUtils.h">
      <Filter>Source Files\Core\Libraries</Filter>
    </ClInclude>
    <ClInclude Include="..\include\lgi\common\Containers.h">
      <Filter>Source Files\Core\Memory Subsystem</Filter>
    </ClInclude>
    <ClInclude Include="..\include\lgi\common\Mem.h">
      <Filter>Source Files\Core\Memory Subsystem</Filter>
    </ClInclude>
    <ClInclude Include="..\include\lgi\common\Menu.h">
      <Filter>Source Files\Core\Menus</Filter>
    </ClInclude>
    <ClInclude Include="..\include\lgi\common\MenuImpl.h">
      <Filter>Source Files\Core\Menus</Filter>
    </ClInclude>
    <ClInclude Include="..\include\lgi\common\Mutex.h">
      <Filter>Source Files\Core\Mutex</Filter>
    </ClInclude>
    <ClInclude Include="..\include\lgi\common\SubProcess.h">
      <Filter>Source Files\Core\Process</Filter>
    </ClInclude>
    <ClInclude Include="..\include\lgi\common\LgiRes.h">
      <Filter>Source Files\Core\Resources</Filter>
    </ClInclude>
    <ClInclude Include="..\include\lgi\common\Res.h">
      <Filter>Source Files\Core\Resources</Filter>
    </ClInclude>
    <ClInclude Include="..\include\lgi\common\SkinEngine.h">
      <Filter>Source Files\Core\Skin</Filter>
    </ClInclude>
    <ClInclude Include="..\include\lgi\common\SkinGel.h">
      <Filter>Source Files\Core\Skin</Filter>
    </ClInclude>
    <ClInclude Include="..\include\lgi\common\Stream.h">
      <Filter>Source Files\Core\Stream</Filter>
    </ClInclude>
    <ClInclude Include="..\include\lgi\common\Thread.h">
      <Filter>Source Files\Core\Threads</Filter>
    </ClInclude>
    <ClInclude Include="..\include\lgi\common\ThreadEvent.h">
      <Filter>Source Files\Core\Threads</Filter>
    </ClInclude>
    <ClInclude Include="..\include\lgi\common\Variant.h">
      <Filter>Source Files\Core\Variant</Filter>
    </ClInclude>
    <ClInclude Include="..\include\lgi\common\LgiClasses.h">
      <Filter>Source Files\Core</Filter>
    </ClInclude>
    <ClInclude Include="..\include\lgi\common\FileSelect.h">
      <Filter>Source Files\Dialogs</Filter>
    </ClInclude>
    <ClInclude Include="..\include\lgi\common\FindReplaceDlg.h">
      <Filter>Source Files\Dialogs</Filter>
    </ClInclude>
    <ClInclude Include="..\include\lgi\common\Input.h">
      <Filter>Source Files\Dialogs</Filter>
    </ClInclude>
    <ClInclude Include="..\include\lgi\common\ClipBoard.h">
      <Filter>Source Files\General\Clipboard</Filter>
    </ClInclude>
    <ClInclude Include="..\include\lgi\common\Growl.h">
      <Filter>Source Files\General\Growl</Filter>
    </ClInclude>
    <ClInclude Include="..\src\common\Hash\md5\md5.h">
      <Filter>Source Files\General\Hash</Filter>
    </ClInclude>
    <ClInclude Include="..\src\common\Hash\sha1\sha1.h">
      <Filter>Source Files\General\Hash</Filter>
    </ClInclude>
    <ClInclude Include="..\include\lgi\common\Mru.h">
      <Filter>Source Files\General\Mru</Filter>
    </ClInclude>
    <ClInclude Include="..\include\lgi\common\Base64.h">
      <Filter>Source Files\General</Filter>
    </ClInclude>
    <ClInclude Include="..\include\lgi\common\OptionsFile.h">
      <Filter>Source Files\General</Filter>
    </ClInclude>
    <ClInclude Include="..\include\lgi\common\Password.h">
      <Filter>Source Files\General</Filter>
    </ClInclude>
    <ClInclude Include="..\include\lgi\common\Filter.h">
      <Filter>Source Files\Graphics\Filters</Filter>
    </ClInclude>
    <ClInclude Include="..\include\lgi\common\DisplayString.h">
      <Filter>Source Files\Graphics\Font</Filter>
    </ClInclude>
    <ClInclude Include="..\include\lgi\common\Font.h">
      <Filter>Source Files\Graphics\Font</Filter>
    </ClInclude>
    <ClInclude Include="..\include\lgi\common\FontCache.h">
      <Filter>Source Files\Graphics\Font</Filter>
    </ClInclude>
    <ClInclude Include="..\include\lgi\common\FontSelect.h">
      <Filter>Source Files\Graphics\Font</Filter>
    </ClInclude>
    <ClInclude Include="..\include\lgi\common\StringLayout.h">
      <Filter>Source Files\Graphics\Font</Filter>
    </ClInclude>
    <ClInclude Include="..\include\lgi\common\Rect.h">
      <Filter>Source Files\Graphics\Rect/Region</Filter>
    </ClInclude>
    <ClInclude Include="..\include\lgi\common\RectF.h">
      <Filter>Source Files\Graphics\Rect/Region</Filter>
    </ClInclude>
    <ClInclude Include="..\include\lgi\common\Colour.h">
      <Filter>Source Files\Graphics</Filter>
    </ClInclude>
    <ClInclude Include="..\include\lgi\common\ColourSpace.h">
      <Filter>Source Files\Graphics</Filter>
    </ClInclude>
    <ClInclude Include="..\include\lgi\common\Gdc2.h">
      <Filter>Source Files\Graphics</Filter>
    </ClInclude>
    <ClInclude Include="..\include\lgi\common\GdcTools.h">
      <Filter>Source Files\Graphics</Filter>
    </ClInclude>
    <ClInclude Include="..\include\lgi\common\GdiLeak.h">
      <Filter>Source Files\Graphics\Gdi Leak</Filter>
    </ClInclude>
    <ClInclude Include="..\include\lgi\common\Path.h">
      <Filter>Source Files\Graphics</Filter>
    </ClInclude>
    <ClInclude Include="..\include\lgi\common\Array.h">
      <Filter>Source Files\Core\Memory Subsystem</Filter>
    </ClInclude>
    <ClInclude Include="..\include\lgi\win\LgiOsDefs.h">
      <Filter>Header Files</Filter>
    </ClInclude>
    <ClInclude Include="..\include\lgi\common\CommsBus.h">
      <Filter>Source Files\Network\CommsBus</Filter>
    </ClInclude>
    <ClInclude Include="..\include\lgi\common\Roster.h">
      <Filter>Source Files\Core\Process</Filter>
    </ClInclude>
  </ItemGroup>
  <ItemGroup>
    <Natvis Include="..\src\win\Lgi.natvis">
      <Filter>Source Files</Filter>
    </Natvis>
  </ItemGroup>
</Project>