Microsoft Visual Studio Solution File, Format Version 12.00
# Visual Studio Version 2022
VisualStudioVersion = 16.0.32510.428
MinimumVisualStudioVersion = 10.0.40219.1
Project("{8BC9CEB8-8B4A-11D0-8D11-00A0C91BC942}") = "PingGraph", "PingGraph_vs22.vcxproj", "{28000ACC-67F6-4A82-B779-A24F065FACF4}"
EndProject
Project("{8BC9CEB8-8B4A-11D0-8D11-00A0C91BC942}") = "Lgi", "..\..\..\win\Lgi_vs22.vcxproj", "{95DF9CA4-6D37-4A85-A648-80C2712E0DA1}"
EndProject
Global
	GlobalSection(SolutionConfigurationPlatforms) = preSolution
		Debug|x64 = Debug|x64
		Release|x64 = Release|x64
		ReleaseNoOptimize|x64 = ReleaseNoOptimize|x64
	EndGlobalSection
	GlobalSection(ProjectConfigurationPlatforms) = postSolution
		{28000ACC-67F6-4A82-B779-A24F065FACF4}.Debug|x64.ActiveCfg = Debug|x64
		{28000ACC-67F6-4A82-B779-A24F065FACF4}.Debug|x64.Build.0 = Debug|x64
		{28000ACC-67F6-4A82-B779-A24F065FACF4}.Release|x64.ActiveCfg = Release|x64
		{28000ACC-67F6-4A82-B779-A24F065FACF4}.Release|x64.Build.0 = Release|x64
		{28000ACC-67F6-4A82-B779-A24F065FACF4}.ReleaseNoOptimize|x64.ActiveCfg = Release|x64
		{28000ACC-67F6-4A82-B779-A24F065FACF4}.ReleaseNoOptimize|x64.Build.0 = Release|x64
		{95DF9CA4-6D37-4A85-A648-80C2712E0DA1}.Debug|x64.ActiveCfg = Debug|x64
		{95DF9CA4-6D37-4A85-A648-80C2712E0DA1}.Debug|x64.Build.0 = Debug|x64
		{95DF9CA4-6D37-4A85-A648-80C2712E0DA1}.Release|x64.ActiveCfg = Release|x64
		{95DF9CA4-6D37-4A85-A648-80C2712E0DA1}.Release|x64.Build.0 = Release|x64
		{95DF9CA4-6D37-4A85-A648-80C2712E0DA1}.ReleaseNoOptimize|x64.ActiveCfg = ReleaseNoOptimize|x64
		{95DF9CA4-6D37-4A85-A648-80C2712E0DA1}.ReleaseNoOptimize|x64.Build.0 = ReleaseNoOptimize|x64
	EndGlobalSection
	GlobalSection(SolutionProperties) = preSolution
		HideSolutionNode = FALSE
	EndGlobalSection
	GlobalSection(ExtensibilityGlobals) = postSolution
		SolutionGuid = {8AFA015A-9E85-49DE-AE76-A301113E41D7}
	EndGlobalSection
EndGlobal
